
Microsoft Visual Studio Solution File, Format Version 12.00
Project("{2150E333-8FDC-42A3-9474-1A3956D46DE8}") = "SolutionItems", "SolutionItems", "{43B5B312-B2BE-42F0-B981-0BDAE6499177}"
	ProjectSection(SolutionItems) = preProject
		.gitignore = .gitignore
		.editorconfig = .editorconfig
		.globalconfig = .globalconfig
		azure-pipelines.yml = azure-pipelines.yml
	EndProjectSection
EndProject
Project("{2150E333-8FDC-42A3-9474-1A3956D46DE8}") = "Document", "Document", "{37C84772-74FE-4A8A-8C5A-528040202EBD}"
EndProject
Project("{2150E333-8FDC-42A3-9474-1A3956D46DE8}") = "Utils", "Utils", "{A68E61C6-5EE5-4D53-ADCA-51B667BFA9F3}"
EndProject
Project("{2150E333-8FDC-42A3-9474-1A3956D46DE8}") = "Host", "Host", "{93832915-FE03-4814-AE17-A9EF5848A82F}"
EndProject
Project("{FAE04EC0-301F-11D3-BF4B-00C04F79EFBC}") = "GuardsService", "Utils\GuardsService\GuardsService.csproj", "{D95496D8-08A2-4AA4-A020-AF9DB150FA6B}"
EndProject
Project("{FAE04EC0-301F-11D3-BF4B-00C04F79EFBC}") = "RestApi", "Host\RestApi\RestApi.csproj", "{BAD10416-7A8C-4443-BF4E-C0E6E3F65916}"
EndProject
Project("{FAE04EC0-301F-11D3-BF4B-00C04F79EFBC}") = "GuardsService.Exceptions", "Utils\GuardsService.Exceptions\GuardsService.Exceptions.csproj", "{1079F6F8-0CF8-436B-817B-0B32A9318791}"
EndProject
Project("{FAE04EC0-301F-11D3-BF4B-00C04F79EFBC}") = "GuardsService.Interfaces", "Utils\GuardsService.Interfaces\GuardsService.Interfaces.csproj", "{AE39BF10-5007-4E4E-AA87-34697E2C2842}"
EndProject
Project("{2150E333-8FDC-42A3-9474-1A3956D46DE8}") = "Services", "Services", "{F0AAEAB9-3293-43E2-AD50-7EAD0FEDBC60}"
EndProject
Project("{2150E333-8FDC-42A3-9474-1A3956D46DE8}") = "Client", "Client", "{100CBD13-1C4F-4743-8776-A596E8E7D4BA}"
EndProject
Project("{FAE04EC0-301F-11D3-BF4B-00C04F79EFBC}") = "Sdk.Core", "Client\Sdk.Core\Sdk.Core.csproj", "{DCD95EDA-2FA2-433D-9DC5-3C802941F692}"
EndProject
Project("{FAE04EC0-301F-11D3-BF4B-00C04F79EFBC}") = "Sdk.Core.Exceptions", "Client\Sdk.Core.Exceptions\Sdk.Core.Exceptions.csproj", "{6A09CBB8-26F3-4192-AE9F-384D996ADB47}"
EndProject
Project("{FAE04EC0-301F-11D3-BF4B-00C04F79EFBC}") = "Sdk.Core.Tests.Int", "Client\Sdk.Core.Tests.Int\Sdk.Core.Tests.Int.csproj", "{F3C00757-E616-448E-80D1-438AC1B5A1CD}"
EndProject
Project("{FAE04EC0-301F-11D3-BF4B-00C04F79EFBC}") = "Sdk.Core.Interfaces", "Client\Sdk.Core.Interfaces\Sdk.Core.Interfaces.csproj", "{C8ED42B5-C8D2-4E32-B098-9BD25980E1DC}"
EndProject
Project("{FAE04EC0-301F-11D3-BF4B-00C04F79EFBC}") = "Sdk.Core.Model.Interfaces", "Client\Sdk.Core.Model.Interfaces\Sdk.Core.Model.Interfaces.csproj", "{0AAA98D2-3FFC-47E4-B926-2A4D751336F7}"
EndProject
Project("{FAE04EC0-301F-11D3-BF4B-00C04F79EFBC}") = "Sdk.Core.Tests.Unit", "Client\Sdk.Core.Tests.Unit\Sdk.Core.Tests.Unit.csproj", "{F5399C56-52B7-48C7-B7B1-FC32DA299A9C}"
EndProject
Project("{FAE04EC0-301F-11D3-BF4B-00C04F79EFBC}") = "Api", "Services\Document\Api\Api.csproj", "{6F1EE7C2-C59D-4CE4-9275-270108F68419}"
EndProject
Project("{FAE04EC0-301F-11D3-BF4B-00C04F79EFBC}") = "CacheService", "Services\Document\CacheService\CacheService.csproj", "{438E242F-9A31-4300-83F9-2EB8A79A4CEC}"
EndProject
Project("{FAE04EC0-301F-11D3-BF4B-00C04F79EFBC}") = "CacheService.Exceptions", "Services\Document\CacheService.Exceptions\CacheService.Exceptions.csproj", "{0889482D-2DD5-4A98-8FA4-DBE9B295C8F9}"
EndProject
Project("{FAE04EC0-301F-11D3-BF4B-00C04F79EFBC}") = "CacheService.Interfaces", "Services\Document\CacheService.Interfaces\CacheService.Interfaces.csproj", "{0016DE11-B2B3-40A5-9D2B-4F7B69B58C96}"
EndProject
Project("{FAE04EC0-301F-11D3-BF4B-00C04F79EFBC}") = "CacheService.Tests.Int", "Services\Document\CacheService.Tests.Int\CacheService.Tests.Int.csproj", "{F6C0B5C0-91F8-4293-924F-DD3F113CDDDB}"
EndProject
Project("{FAE04EC0-301F-11D3-BF4B-00C04F79EFBC}") = "CacheService.Tests.Unit", "Services\Document\CacheService.Tests.Unit\CacheService.Tests.Unit.csproj", "{06D02169-7BDB-45B5-BAA9-51D71CC358EF}"
EndProject
Project("{FAE04EC0-301F-11D3-BF4B-00C04F79EFBC}") = "Controllers", "Services\Document\Controllers\Controllers.csproj", "{8ECDC0C9-7056-40BA-B32F-CE0B0D906989}"
EndProject
Project("{FAE04EC0-301F-11D3-BF4B-00C04F79EFBC}") = "Controllers.ViewModels", "Services\Document\Controllers.ViewModels\Controllers.ViewModels.csproj", "{58920360-B887-434C-A755-6618DD79875F}"
EndProject
Project("{FAE04EC0-301F-11D3-BF4B-00C04F79EFBC}") = "Ctx", "Services\Document\Ctx\Ctx.csproj", "{B8DC7E93-1650-4774-BB53-E5D1CF7E47C7}"
EndProject
Project("{FAE04EC0-301F-11D3-BF4B-00C04F79EFBC}") = "Dtos", "Services\Document\Dtos\Dtos.csproj", "{95BAC05B-6AFD-4D4E-A259-4E94ED3E6D86}"
EndProject
Project("{FAE04EC0-301F-11D3-BF4B-00C04F79EFBC}") = "Dtos.Tests.Unit", "Services\Document\Dtos.Tests.Unit\Dtos.Tests.Unit.csproj", "{039609EF-6706-4A49-8DFB-0683AC9C75E9}"
EndProject
Project("{FAE04EC0-301F-11D3-BF4B-00C04F79EFBC}") = "Entities", "Services\Document\Entities\Entities.csproj", "{64A70BA8-D88C-434F-ACB2-328A19D78E33}"
EndProject
Project("{FAE04EC0-301F-11D3-BF4B-00C04F79EFBC}") = "Entities.Tests.Unit", "Services\Document\Entities.Tests.Unit\Entities.Tests.Unit.csproj", "{C1F409EE-1A95-4466-B347-12D36CBCFCA0}"
EndProject
Project("{FAE04EC0-301F-11D3-BF4B-00C04F79EFBC}") = "Mappers", "Services\Document\Mappers\Mappers.csproj", "{D1497DDE-8AE1-4FC2-BAB0-25BF9C756A9E}"
EndProject
Project("{FAE04EC0-301F-11D3-BF4B-00C04F79EFBC}") = "Mappers.Exceptions", "Services\Document\Mappers.Exceptions\Mappers.Exceptions.csproj", "{8005DEDD-5253-4B56-9173-B22B240CC8F2}"
EndProject
Project("{FAE04EC0-301F-11D3-BF4B-00C04F79EFBC}") = "Mappers.Interfaces", "Services\Document\Mappers.Interfaces\Mappers.Interfaces.csproj", "{57B82E5C-4ADB-4E01-8A18-3B451510B561}"
EndProject
Project("{FAE04EC0-301F-11D3-BF4B-00C04F79EFBC}") = "Mappers.Tests.Unit", "Services\Document\Mappers.Tests.Unit\Mappers.Tests.Unit.csproj", "{04E5C810-9D16-44AF-BBF6-C3D4291DF4EE}"
EndProject
Project("{FAE04EC0-301F-11D3-BF4B-00C04F79EFBC}") = "Reposiory.Exceptions", "Services\Document\Reposiory.Exceptions\Reposiory.Exceptions.csproj", "{53B85F8B-0DB9-4991-9087-9B921BF76BEB}"
EndProject
Project("{FAE04EC0-301F-11D3-BF4B-00C04F79EFBC}") = "Repository", "Services\Document\Repository\Repository.csproj", "{C0D54A3C-C64D-4C54-89FE-C3C9498CD085}"
EndProject
Project("{FAE04EC0-301F-11D3-BF4B-00C04F79EFBC}") = "Repository.Interfaces", "Services\Document\Repository.Interfaces\Repository.Interfaces.csproj", "{9157C865-5F6C-4A7A-B580-A630D4A82747}"
EndProject
Project("{FAE04EC0-301F-11D3-BF4B-00C04F79EFBC}") = "Repository.Tests.Int", "Services\Document\Repository.Tests.Int\Repository.Tests.Int.csproj", "{574EF022-13ED-464D-B9F7-C5DF6F36904F}"
EndProject
Project("{FAE04EC0-301F-11D3-BF4B-00C04F79EFBC}") = "Repository.Tests.Unit", "Services\Document\Repository.Tests.Unit\Repository.Tests.Unit.csproj", "{822279B6-F32D-4EC1-8DE9-8B97979BFC26}"
EndProject
Project("{FAE04EC0-301F-11D3-BF4B-00C04F79EFBC}") = "Sdk", "Services\Document\Sdk\Sdk.csproj", "{855BB0C1-03B5-4CEF-94B2-48861E2A6C1D}"
EndProject
Project("{FAE04EC0-301F-11D3-BF4B-00C04F79EFBC}") = "Sdk.Exceptions", "Services\Document\Sdk.Exceptions\Sdk.Exceptions.csproj", "{451F6D5C-E2C5-4459-A071-6E18216CA7EA}"
EndProject
Project("{FAE04EC0-301F-11D3-BF4B-00C04F79EFBC}") = "Sdk.Interfaces", "Services\Document\Sdk.Interfaces\Sdk.Interfaces.csproj", "{6E42D738-03F9-43E6-BBDF-2281BCEF909B}"
EndProject
Project("{FAE04EC0-301F-11D3-BF4B-00C04F79EFBC}") = "Sdk.Models", "Services\Document\Sdk.Models\Sdk.Models.csproj", "{C8447239-1FD8-4697-A4D0-06FB2A8CB026}"
EndProject
Project("{FAE04EC0-301F-11D3-BF4B-00C04F79EFBC}") = "Sdk.Models.Tests.Unit", "Services\Document\Sdk.Models.Tests.Unit\Sdk.Models.Tests.Unit.csproj", "{5CD6B445-7DAD-436E-91C5-8E1DF6A74760}"
EndProject
Project("{FAE04EC0-301F-11D3-BF4B-00C04F79EFBC}") = "Sdk.Tests.Int", "Services\Document\Sdk.Tests.Int\Sdk.Tests.Int.csproj", "{077173BA-F55D-40F8-8E7B-7287AD5DC065}"
EndProject
Project("{FAE04EC0-301F-11D3-BF4B-00C04F79EFBC}") = "Sdk.Tests.Unit", "Services\Document\Sdk.Tests.Unit\Sdk.Tests.Unit.csproj", "{578A1C9E-F40A-404A-94AD-1917E4DB1AF3}"
EndProject
Project("{FAE04EC0-301F-11D3-BF4B-00C04F79EFBC}") = "Service", "Services\Document\Service\Service.csproj", "{0CA84505-3E3F-46F0-AD08-80AA5BF7656D}"
EndProject
Project("{FAE04EC0-301F-11D3-BF4B-00C04F79EFBC}") = "Service.ExceptionFilters", "Services\Document\Service.ExceptionFilters\Service.ExceptionFilters.csproj", "{2788E65A-DF2F-4706-BE15-8DBC37818D4C}"
EndProject
Project("{FAE04EC0-301F-11D3-BF4B-00C04F79EFBC}") = "Service.Exceptions", "Services\Document\Service.Exceptions\Service.Exceptions.csproj", "{73EAE1FE-0CE6-4C50-9A8D-2AA0F932C782}"
EndProject
Project("{FAE04EC0-301F-11D3-BF4B-00C04F79EFBC}") = "Service.Interfaces", "Services\Document\Service.Interfaces\Service.Interfaces.csproj", "{E09CA441-6B69-4C5D-B2A2-6FB6CDEB8B1D}"
EndProject
Project("{FAE04EC0-301F-11D3-BF4B-00C04F79EFBC}") = "Service.Tests.Int", "Services\Document\Service.Tests.Int\Service.Tests.Int.csproj", "{377B75A5-B731-4962-8B02-99D383CE6CE6}"
EndProject
Project("{FAE04EC0-301F-11D3-BF4B-00C04F79EFBC}") = "Service.Tests.Unit", "Services\Document\Service.Tests.Unit\Service.Tests.Unit.csproj", "{AEFFC93A-BD01-445A-84EF-6689FC63E6CB}"
EndProject
Project("{FAE04EC0-301F-11D3-BF4B-00C04F79EFBC}") = "Tests.Datasets", "Services\Document\Tests.Datasets\Tests.Datasets.csproj", "{08112000-839D-4287-A9A1-F92F794051CA}"
EndProject
Project("{FAE04EC0-301F-11D3-BF4B-00C04F79EFBC}") = "Tests.E2E", "Services\Document\Tests.E2E\Tests.E2E.csproj", "{CB89E404-3465-4828-94FB-1A616AC1F13F}"
EndProject
Project("{FAE04EC0-301F-11D3-BF4B-00C04F79EFBC}") = "ValidatorService", "Services\Document\ValidatorService\ValidatorService.csproj", "{378FABB3-5200-402E-A176-8336C115E790}"
EndProject
Global
	GlobalSection(SolutionConfigurationPlatforms) = preSolution
		Debug|Any CPU = Debug|Any CPU
		Release|Any CPU = Release|Any CPU
	EndGlobalSection
	GlobalSection(ProjectConfigurationPlatforms) = postSolution
		{D95496D8-08A2-4AA4-A020-AF9DB150FA6B}.Debug|Any CPU.ActiveCfg = Debug|Any CPU
		{D95496D8-08A2-4AA4-A020-AF9DB150FA6B}.Debug|Any CPU.Build.0 = Debug|Any CPU
		{D95496D8-08A2-4AA4-A020-AF9DB150FA6B}.Release|Any CPU.ActiveCfg = Release|Any CPU
		{D95496D8-08A2-4AA4-A020-AF9DB150FA6B}.Release|Any CPU.Build.0 = Release|Any CPU
		{BAD10416-7A8C-4443-BF4E-C0E6E3F65916}.Debug|Any CPU.ActiveCfg = Debug|Any CPU
		{BAD10416-7A8C-4443-BF4E-C0E6E3F65916}.Debug|Any CPU.Build.0 = Debug|Any CPU
		{BAD10416-7A8C-4443-BF4E-C0E6E3F65916}.Release|Any CPU.ActiveCfg = Release|Any CPU
		{BAD10416-7A8C-4443-BF4E-C0E6E3F65916}.Release|Any CPU.Build.0 = Release|Any CPU
		{1079F6F8-0CF8-436B-817B-0B32A9318791}.Debug|Any CPU.ActiveCfg = Debug|Any CPU
		{1079F6F8-0CF8-436B-817B-0B32A9318791}.Debug|Any CPU.Build.0 = Debug|Any CPU
		{1079F6F8-0CF8-436B-817B-0B32A9318791}.Release|Any CPU.ActiveCfg = Release|Any CPU
		{1079F6F8-0CF8-436B-817B-0B32A9318791}.Release|Any CPU.Build.0 = Release|Any CPU
		{AE39BF10-5007-4E4E-AA87-34697E2C2842}.Debug|Any CPU.ActiveCfg = Debug|Any CPU
		{AE39BF10-5007-4E4E-AA87-34697E2C2842}.Debug|Any CPU.Build.0 = Debug|Any CPU
		{AE39BF10-5007-4E4E-AA87-34697E2C2842}.Release|Any CPU.ActiveCfg = Release|Any CPU
		{AE39BF10-5007-4E4E-AA87-34697E2C2842}.Release|Any CPU.Build.0 = Release|Any CPU
		{DCD95EDA-2FA2-433D-9DC5-3C802941F692}.Debug|Any CPU.ActiveCfg = Debug|Any CPU
		{DCD95EDA-2FA2-433D-9DC5-3C802941F692}.Debug|Any CPU.Build.0 = Debug|Any CPU
		{DCD95EDA-2FA2-433D-9DC5-3C802941F692}.Release|Any CPU.ActiveCfg = Release|Any CPU
		{DCD95EDA-2FA2-433D-9DC5-3C802941F692}.Release|Any CPU.Build.0 = Release|Any CPU
		{6A09CBB8-26F3-4192-AE9F-384D996ADB47}.Debug|Any CPU.ActiveCfg = Debug|Any CPU
		{6A09CBB8-26F3-4192-AE9F-384D996ADB47}.Debug|Any CPU.Build.0 = Debug|Any CPU
		{6A09CBB8-26F3-4192-AE9F-384D996ADB47}.Release|Any CPU.ActiveCfg = Release|Any CPU
		{6A09CBB8-26F3-4192-AE9F-384D996ADB47}.Release|Any CPU.Build.0 = Release|Any CPU
		{F3C00757-E616-448E-80D1-438AC1B5A1CD}.Debug|Any CPU.ActiveCfg = Debug|Any CPU
		{F3C00757-E616-448E-80D1-438AC1B5A1CD}.Debug|Any CPU.Build.0 = Debug|Any CPU
		{F3C00757-E616-448E-80D1-438AC1B5A1CD}.Release|Any CPU.ActiveCfg = Release|Any CPU
		{F3C00757-E616-448E-80D1-438AC1B5A1CD}.Release|Any CPU.Build.0 = Release|Any CPU
		{C8ED42B5-C8D2-4E32-B098-9BD25980E1DC}.Debug|Any CPU.ActiveCfg = Debug|Any CPU
		{C8ED42B5-C8D2-4E32-B098-9BD25980E1DC}.Debug|Any CPU.Build.0 = Debug|Any CPU
		{C8ED42B5-C8D2-4E32-B098-9BD25980E1DC}.Release|Any CPU.ActiveCfg = Release|Any CPU
		{C8ED42B5-C8D2-4E32-B098-9BD25980E1DC}.Release|Any CPU.Build.0 = Release|Any CPU
		{0AAA98D2-3FFC-47E4-B926-2A4D751336F7}.Debug|Any CPU.ActiveCfg = Debug|Any CPU
		{0AAA98D2-3FFC-47E4-B926-2A4D751336F7}.Debug|Any CPU.Build.0 = Debug|Any CPU
		{0AAA98D2-3FFC-47E4-B926-2A4D751336F7}.Release|Any CPU.ActiveCfg = Release|Any CPU
		{0AAA98D2-3FFC-47E4-B926-2A4D751336F7}.Release|Any CPU.Build.0 = Release|Any CPU
		{F5399C56-52B7-48C7-B7B1-FC32DA299A9C}.Debug|Any CPU.ActiveCfg = Debug|Any CPU
		{F5399C56-52B7-48C7-B7B1-FC32DA299A9C}.Debug|Any CPU.Build.0 = Debug|Any CPU
		{F5399C56-52B7-48C7-B7B1-FC32DA299A9C}.Release|Any CPU.ActiveCfg = Release|Any CPU
		{F5399C56-52B7-48C7-B7B1-FC32DA299A9C}.Release|Any CPU.Build.0 = Release|Any CPU
		{6F1EE7C2-C59D-4CE4-9275-270108F68419}.Debug|Any CPU.ActiveCfg = Debug|Any CPU
		{6F1EE7C2-C59D-4CE4-9275-270108F68419}.Debug|Any CPU.Build.0 = Debug|Any CPU
		{6F1EE7C2-C59D-4CE4-9275-270108F68419}.Release|Any CPU.ActiveCfg = Release|Any CPU
		{6F1EE7C2-C59D-4CE4-9275-270108F68419}.Release|Any CPU.Build.0 = Release|Any CPU
		{438E242F-9A31-4300-83F9-2EB8A79A4CEC}.Debug|Any CPU.ActiveCfg = Debug|Any CPU
		{438E242F-9A31-4300-83F9-2EB8A79A4CEC}.Debug|Any CPU.Build.0 = Debug|Any CPU
		{438E242F-9A31-4300-83F9-2EB8A79A4CEC}.Release|Any CPU.ActiveCfg = Release|Any CPU
		{438E242F-9A31-4300-83F9-2EB8A79A4CEC}.Release|Any CPU.Build.0 = Release|Any CPU
		{0889482D-2DD5-4A98-8FA4-DBE9B295C8F9}.Debug|Any CPU.ActiveCfg = Debug|Any CPU
		{0889482D-2DD5-4A98-8FA4-DBE9B295C8F9}.Debug|Any CPU.Build.0 = Debug|Any CPU
		{0889482D-2DD5-4A98-8FA4-DBE9B295C8F9}.Release|Any CPU.ActiveCfg = Release|Any CPU
		{0889482D-2DD5-4A98-8FA4-DBE9B295C8F9}.Release|Any CPU.Build.0 = Release|Any CPU
		{0016DE11-B2B3-40A5-9D2B-4F7B69B58C96}.Debug|Any CPU.ActiveCfg = Debug|Any CPU
		{0016DE11-B2B3-40A5-9D2B-4F7B69B58C96}.Debug|Any CPU.Build.0 = Debug|Any CPU
		{0016DE11-B2B3-40A5-9D2B-4F7B69B58C96}.Release|Any CPU.ActiveCfg = Release|Any CPU
		{0016DE11-B2B3-40A5-9D2B-4F7B69B58C96}.Release|Any CPU.Build.0 = Release|Any CPU
		{F6C0B5C0-91F8-4293-924F-DD3F113CDDDB}.Debug|Any CPU.ActiveCfg = Debug|Any CPU
		{F6C0B5C0-91F8-4293-924F-DD3F113CDDDB}.Debug|Any CPU.Build.0 = Debug|Any CPU
		{F6C0B5C0-91F8-4293-924F-DD3F113CDDDB}.Release|Any CPU.ActiveCfg = Release|Any CPU
		{F6C0B5C0-91F8-4293-924F-DD3F113CDDDB}.Release|Any CPU.Build.0 = Release|Any CPU
		{06D02169-7BDB-45B5-BAA9-51D71CC358EF}.Debug|Any CPU.ActiveCfg = Debug|Any CPU
		{06D02169-7BDB-45B5-BAA9-51D71CC358EF}.Debug|Any CPU.Build.0 = Debug|Any CPU
		{06D02169-7BDB-45B5-BAA9-51D71CC358EF}.Release|Any CPU.ActiveCfg = Release|Any CPU
		{06D02169-7BDB-45B5-BAA9-51D71CC358EF}.Release|Any CPU.Build.0 = Release|Any CPU
		{8ECDC0C9-7056-40BA-B32F-CE0B0D906989}.Debug|Any CPU.ActiveCfg = Debug|Any CPU
		{8ECDC0C9-7056-40BA-B32F-CE0B0D906989}.Debug|Any CPU.Build.0 = Debug|Any CPU
		{8ECDC0C9-7056-40BA-B32F-CE0B0D906989}.Release|Any CPU.ActiveCfg = Release|Any CPU
		{8ECDC0C9-7056-40BA-B32F-CE0B0D906989}.Release|Any CPU.Build.0 = Release|Any CPU
		{58920360-B887-434C-A755-6618DD79875F}.Debug|Any CPU.ActiveCfg = Debug|Any CPU
		{58920360-B887-434C-A755-6618DD79875F}.Debug|Any CPU.Build.0 = Debug|Any CPU
		{58920360-B887-434C-A755-6618DD79875F}.Release|Any CPU.ActiveCfg = Release|Any CPU
		{58920360-B887-434C-A755-6618DD79875F}.Release|Any CPU.Build.0 = Release|Any CPU
		{B8DC7E93-1650-4774-BB53-E5D1CF7E47C7}.Debug|Any CPU.ActiveCfg = Debug|Any CPU
		{B8DC7E93-1650-4774-BB53-E5D1CF7E47C7}.Debug|Any CPU.Build.0 = Debug|Any CPU
		{B8DC7E93-1650-4774-BB53-E5D1CF7E47C7}.Release|Any CPU.ActiveCfg = Release|Any CPU
		{B8DC7E93-1650-4774-BB53-E5D1CF7E47C7}.Release|Any CPU.Build.0 = Release|Any CPU
		{95BAC05B-6AFD-4D4E-A259-4E94ED3E6D86}.Debug|Any CPU.ActiveCfg = Debug|Any CPU
		{95BAC05B-6AFD-4D4E-A259-4E94ED3E6D86}.Debug|Any CPU.Build.0 = Debug|Any CPU
		{95BAC05B-6AFD-4D4E-A259-4E94ED3E6D86}.Release|Any CPU.ActiveCfg = Release|Any CPU
		{95BAC05B-6AFD-4D4E-A259-4E94ED3E6D86}.Release|Any CPU.Build.0 = Release|Any CPU
		{039609EF-6706-4A49-8DFB-0683AC9C75E9}.Debug|Any CPU.ActiveCfg = Debug|Any CPU
		{039609EF-6706-4A49-8DFB-0683AC9C75E9}.Debug|Any CPU.Build.0 = Debug|Any CPU
		{039609EF-6706-4A49-8DFB-0683AC9C75E9}.Release|Any CPU.ActiveCfg = Release|Any CPU
		{039609EF-6706-4A49-8DFB-0683AC9C75E9}.Release|Any CPU.Build.0 = Release|Any CPU
		{64A70BA8-D88C-434F-ACB2-328A19D78E33}.Debug|Any CPU.ActiveCfg = Debug|Any CPU
		{64A70BA8-D88C-434F-ACB2-328A19D78E33}.Debug|Any CPU.Build.0 = Debug|Any CPU
		{64A70BA8-D88C-434F-ACB2-328A19D78E33}.Release|Any CPU.ActiveCfg = Release|Any CPU
		{64A70BA8-D88C-434F-ACB2-328A19D78E33}.Release|Any CPU.Build.0 = Release|Any CPU
		{C1F409EE-1A95-4466-B347-12D36CBCFCA0}.Debug|Any CPU.ActiveCfg = Debug|Any CPU
		{C1F409EE-1A95-4466-B347-12D36CBCFCA0}.Debug|Any CPU.Build.0 = Debug|Any CPU
		{C1F409EE-1A95-4466-B347-12D36CBCFCA0}.Release|Any CPU.ActiveCfg = Release|Any CPU
		{C1F409EE-1A95-4466-B347-12D36CBCFCA0}.Release|Any CPU.Build.0 = Release|Any CPU
		{D1497DDE-8AE1-4FC2-BAB0-25BF9C756A9E}.Debug|Any CPU.ActiveCfg = Debug|Any CPU
		{D1497DDE-8AE1-4FC2-BAB0-25BF9C756A9E}.Debug|Any CPU.Build.0 = Debug|Any CPU
		{D1497DDE-8AE1-4FC2-BAB0-25BF9C756A9E}.Release|Any CPU.ActiveCfg = Release|Any CPU
		{D1497DDE-8AE1-4FC2-BAB0-25BF9C756A9E}.Release|Any CPU.Build.0 = Release|Any CPU
		{8005DEDD-5253-4B56-9173-B22B240CC8F2}.Debug|Any CPU.ActiveCfg = Debug|Any CPU
		{8005DEDD-5253-4B56-9173-B22B240CC8F2}.Debug|Any CPU.Build.0 = Debug|Any CPU
		{8005DEDD-5253-4B56-9173-B22B240CC8F2}.Release|Any CPU.ActiveCfg = Release|Any CPU
		{8005DEDD-5253-4B56-9173-B22B240CC8F2}.Release|Any CPU.Build.0 = Release|Any CPU
		{57B82E5C-4ADB-4E01-8A18-3B451510B561}.Debug|Any CPU.ActiveCfg = Debug|Any CPU
		{57B82E5C-4ADB-4E01-8A18-3B451510B561}.Debug|Any CPU.Build.0 = Debug|Any CPU
		{57B82E5C-4ADB-4E01-8A18-3B451510B561}.Release|Any CPU.ActiveCfg = Release|Any CPU
		{57B82E5C-4ADB-4E01-8A18-3B451510B561}.Release|Any CPU.Build.0 = Release|Any CPU
		{04E5C810-9D16-44AF-BBF6-C3D4291DF4EE}.Debug|Any CPU.ActiveCfg = Debug|Any CPU
		{04E5C810-9D16-44AF-BBF6-C3D4291DF4EE}.Debug|Any CPU.Build.0 = Debug|Any CPU
		{04E5C810-9D16-44AF-BBF6-C3D4291DF4EE}.Release|Any CPU.ActiveCfg = Release|Any CPU
		{04E5C810-9D16-44AF-BBF6-C3D4291DF4EE}.Release|Any CPU.Build.0 = Release|Any CPU
		{53B85F8B-0DB9-4991-9087-9B921BF76BEB}.Debug|Any CPU.ActiveCfg = Debug|Any CPU
		{53B85F8B-0DB9-4991-9087-9B921BF76BEB}.Debug|Any CPU.Build.0 = Debug|Any CPU
		{53B85F8B-0DB9-4991-9087-9B921BF76BEB}.Release|Any CPU.ActiveCfg = Release|Any CPU
		{53B85F8B-0DB9-4991-9087-9B921BF76BEB}.Release|Any CPU.Build.0 = Release|Any CPU
		{C0D54A3C-C64D-4C54-89FE-C3C9498CD085}.Debug|Any CPU.ActiveCfg = Debug|Any CPU
		{C0D54A3C-C64D-4C54-89FE-C3C9498CD085}.Debug|Any CPU.Build.0 = Debug|Any CPU
		{C0D54A3C-C64D-4C54-89FE-C3C9498CD085}.Release|Any CPU.ActiveCfg = Release|Any CPU
		{C0D54A3C-C64D-4C54-89FE-C3C9498CD085}.Release|Any CPU.Build.0 = Release|Any CPU
		{9157C865-5F6C-4A7A-B580-A630D4A82747}.Debug|Any CPU.ActiveCfg = Debug|Any CPU
		{9157C865-5F6C-4A7A-B580-A630D4A82747}.Debug|Any CPU.Build.0 = Debug|Any CPU
		{9157C865-5F6C-4A7A-B580-A630D4A82747}.Release|Any CPU.ActiveCfg = Release|Any CPU
		{9157C865-5F6C-4A7A-B580-A630D4A82747}.Release|Any CPU.Build.0 = Release|Any CPU
		{574EF022-13ED-464D-B9F7-C5DF6F36904F}.Debug|Any CPU.ActiveCfg = Debug|Any CPU
		{574EF022-13ED-464D-B9F7-C5DF6F36904F}.Debug|Any CPU.Build.0 = Debug|Any CPU
		{574EF022-13ED-464D-B9F7-C5DF6F36904F}.Release|Any CPU.ActiveCfg = Release|Any CPU
		{574EF022-13ED-464D-B9F7-C5DF6F36904F}.Release|Any CPU.Build.0 = Release|Any CPU
		{822279B6-F32D-4EC1-8DE9-8B97979BFC26}.Debug|Any CPU.ActiveCfg = Debug|Any CPU
		{822279B6-F32D-4EC1-8DE9-8B97979BFC26}.Debug|Any CPU.Build.0 = Debug|Any CPU
		{822279B6-F32D-4EC1-8DE9-8B97979BFC26}.Release|Any CPU.ActiveCfg = Release|Any CPU
		{822279B6-F32D-4EC1-8DE9-8B97979BFC26}.Release|Any CPU.Build.0 = Release|Any CPU
		{855BB0C1-03B5-4CEF-94B2-48861E2A6C1D}.Debug|Any CPU.ActiveCfg = Debug|Any CPU
		{855BB0C1-03B5-4CEF-94B2-48861E2A6C1D}.Debug|Any CPU.Build.0 = Debug|Any CPU
		{855BB0C1-03B5-4CEF-94B2-48861E2A6C1D}.Release|Any CPU.ActiveCfg = Release|Any CPU
		{855BB0C1-03B5-4CEF-94B2-48861E2A6C1D}.Release|Any CPU.Build.0 = Release|Any CPU
		{451F6D5C-E2C5-4459-A071-6E18216CA7EA}.Debug|Any CPU.ActiveCfg = Debug|Any CPU
		{451F6D5C-E2C5-4459-A071-6E18216CA7EA}.Debug|Any CPU.Build.0 = Debug|Any CPU
		{451F6D5C-E2C5-4459-A071-6E18216CA7EA}.Release|Any CPU.ActiveCfg = Release|Any CPU
		{451F6D5C-E2C5-4459-A071-6E18216CA7EA}.Release|Any CPU.Build.0 = Release|Any CPU
		{6E42D738-03F9-43E6-BBDF-2281BCEF909B}.Debug|Any CPU.ActiveCfg = Debug|Any CPU
		{6E42D738-03F9-43E6-BBDF-2281BCEF909B}.Debug|Any CPU.Build.0 = Debug|Any CPU
		{6E42D738-03F9-43E6-BBDF-2281BCEF909B}.Release|Any CPU.ActiveCfg = Release|Any CPU
		{6E42D738-03F9-43E6-BBDF-2281BCEF909B}.Release|Any CPU.Build.0 = Release|Any CPU
		{C8447239-1FD8-4697-A4D0-06FB2A8CB026}.Debug|Any CPU.ActiveCfg = Debug|Any CPU
		{C8447239-1FD8-4697-A4D0-06FB2A8CB026}.Debug|Any CPU.Build.0 = Debug|Any CPU
		{C8447239-1FD8-4697-A4D0-06FB2A8CB026}.Release|Any CPU.ActiveCfg = Release|Any CPU
		{C8447239-1FD8-4697-A4D0-06FB2A8CB026}.Release|Any CPU.Build.0 = Release|Any CPU
		{5CD6B445-7DAD-436E-91C5-8E1DF6A74760}.Debug|Any CPU.ActiveCfg = Debug|Any CPU
		{5CD6B445-7DAD-436E-91C5-8E1DF6A74760}.Debug|Any CPU.Build.0 = Debug|Any CPU
		{5CD6B445-7DAD-436E-91C5-8E1DF6A74760}.Release|Any CPU.ActiveCfg = Release|Any CPU
		{5CD6B445-7DAD-436E-91C5-8E1DF6A74760}.Release|Any CPU.Build.0 = Release|Any CPU
		{077173BA-F55D-40F8-8E7B-7287AD5DC065}.Debug|Any CPU.ActiveCfg = Debug|Any CPU
		{077173BA-F55D-40F8-8E7B-7287AD5DC065}.Debug|Any CPU.Build.0 = Debug|Any CPU
		{077173BA-F55D-40F8-8E7B-7287AD5DC065}.Release|Any CPU.ActiveCfg = Release|Any CPU
		{077173BA-F55D-40F8-8E7B-7287AD5DC065}.Release|Any CPU.Build.0 = Release|Any CPU
		{578A1C9E-F40A-404A-94AD-1917E4DB1AF3}.Debug|Any CPU.ActiveCfg = Debug|Any CPU
		{578A1C9E-F40A-404A-94AD-1917E4DB1AF3}.Debug|Any CPU.Build.0 = Debug|Any CPU
		{578A1C9E-F40A-404A-94AD-1917E4DB1AF3}.Release|Any CPU.ActiveCfg = Release|Any CPU
		{578A1C9E-F40A-404A-94AD-1917E4DB1AF3}.Release|Any CPU.Build.0 = Release|Any CPU
		{0CA84505-3E3F-46F0-AD08-80AA5BF7656D}.Debug|Any CPU.ActiveCfg = Debug|Any CPU
		{0CA84505-3E3F-46F0-AD08-80AA5BF7656D}.Debug|Any CPU.Build.0 = Debug|Any CPU
		{0CA84505-3E3F-46F0-AD08-80AA5BF7656D}.Release|Any CPU.ActiveCfg = Release|Any CPU
		{0CA84505-3E3F-46F0-AD08-80AA5BF7656D}.Release|Any CPU.Build.0 = Release|Any CPU
		{2788E65A-DF2F-4706-BE15-8DBC37818D4C}.Debug|Any CPU.ActiveCfg = Debug|Any CPU
		{2788E65A-DF2F-4706-BE15-8DBC37818D4C}.Debug|Any CPU.Build.0 = Debug|Any CPU
		{2788E65A-DF2F-4706-BE15-8DBC37818D4C}.Release|Any CPU.ActiveCfg = Release|Any CPU
		{2788E65A-DF2F-4706-BE15-8DBC37818D4C}.Release|Any CPU.Build.0 = Release|Any CPU
		{73EAE1FE-0CE6-4C50-9A8D-2AA0F932C782}.Debug|Any CPU.ActiveCfg = Debug|Any CPU
		{73EAE1FE-0CE6-4C50-9A8D-2AA0F932C782}.Debug|Any CPU.Build.0 = Debug|Any CPU
		{73EAE1FE-0CE6-4C50-9A8D-2AA0F932C782}.Release|Any CPU.ActiveCfg = Release|Any CPU
		{73EAE1FE-0CE6-4C50-9A8D-2AA0F932C782}.Release|Any CPU.Build.0 = Release|Any CPU
		{E09CA441-6B69-4C5D-B2A2-6FB6CDEB8B1D}.Debug|Any CPU.ActiveCfg = Debug|Any CPU
		{E09CA441-6B69-4C5D-B2A2-6FB6CDEB8B1D}.Debug|Any CPU.Build.0 = Debug|Any CPU
		{E09CA441-6B69-4C5D-B2A2-6FB6CDEB8B1D}.Release|Any CPU.ActiveCfg = Release|Any CPU
		{E09CA441-6B69-4C5D-B2A2-6FB6CDEB8B1D}.Release|Any CPU.Build.0 = Release|Any CPU
		{377B75A5-B731-4962-8B02-99D383CE6CE6}.Debug|Any CPU.ActiveCfg = Debug|Any CPU
		{377B75A5-B731-4962-8B02-99D383CE6CE6}.Debug|Any CPU.Build.0 = Debug|Any CPU
		{377B75A5-B731-4962-8B02-99D383CE6CE6}.Release|Any CPU.ActiveCfg = Release|Any CPU
		{377B75A5-B731-4962-8B02-99D383CE6CE6}.Release|Any CPU.Build.0 = Release|Any CPU
		{AEFFC93A-BD01-445A-84EF-6689FC63E6CB}.Debug|Any CPU.ActiveCfg = Debug|Any CPU
		{AEFFC93A-BD01-445A-84EF-6689FC63E6CB}.Debug|Any CPU.Build.0 = Debug|Any CPU
		{AEFFC93A-BD01-445A-84EF-6689FC63E6CB}.Release|Any CPU.ActiveCfg = Release|Any CPU
		{AEFFC93A-BD01-445A-84EF-6689FC63E6CB}.Release|Any CPU.Build.0 = Release|Any CPU
		{08112000-839D-4287-A9A1-F92F794051CA}.Debug|Any CPU.ActiveCfg = Debug|Any CPU
		{08112000-839D-4287-A9A1-F92F794051CA}.Debug|Any CPU.Build.0 = Debug|Any CPU
		{08112000-839D-4287-A9A1-F92F794051CA}.Release|Any CPU.ActiveCfg = Release|Any CPU
		{08112000-839D-4287-A9A1-F92F794051CA}.Release|Any CPU.Build.0 = Release|Any CPU
		{CB89E404-3465-4828-94FB-1A616AC1F13F}.Debug|Any CPU.ActiveCfg = Debug|Any CPU
		{CB89E404-3465-4828-94FB-1A616AC1F13F}.Debug|Any CPU.Build.0 = Debug|Any CPU
		{CB89E404-3465-4828-94FB-1A616AC1F13F}.Release|Any CPU.ActiveCfg = Release|Any CPU
		{CB89E404-3465-4828-94FB-1A616AC1F13F}.Release|Any CPU.Build.0 = Release|Any CPU
		{378FABB3-5200-402E-A176-8336C115E790}.Debug|Any CPU.ActiveCfg = Debug|Any CPU
		{378FABB3-5200-402E-A176-8336C115E790}.Debug|Any CPU.Build.0 = Debug|Any CPU
		{378FABB3-5200-402E-A176-8336C115E790}.Release|Any CPU.ActiveCfg = Release|Any CPU
		{378FABB3-5200-402E-A176-8336C115E790}.Release|Any CPU.Build.0 = Release|Any CPU
	EndGlobalSection
	GlobalSection(NestedProjects) = preSolution
		{D95496D8-08A2-4AA4-A020-AF9DB150FA6B} = {A68E61C6-5EE5-4D53-ADCA-51B667BFA9F3}
		{BAD10416-7A8C-4443-BF4E-C0E6E3F65916} = {93832915-FE03-4814-AE17-A9EF5848A82F}
		{1079F6F8-0CF8-436B-817B-0B32A9318791} = {A68E61C6-5EE5-4D53-ADCA-51B667BFA9F3}
		{AE39BF10-5007-4E4E-AA87-34697E2C2842} = {A68E61C6-5EE5-4D53-ADCA-51B667BFA9F3}
		{37C84772-74FE-4A8A-8C5A-528040202EBD} = {F0AAEAB9-3293-43E2-AD50-7EAD0FEDBC60}
		{DCD95EDA-2FA2-433D-9DC5-3C802941F692} = {100CBD13-1C4F-4743-8776-A596E8E7D4BA}
		{6A09CBB8-26F3-4192-AE9F-384D996ADB47} = {100CBD13-1C4F-4743-8776-A596E8E7D4BA}
		{F3C00757-E616-448E-80D1-438AC1B5A1CD} = {100CBD13-1C4F-4743-8776-A596E8E7D4BA}
		{C8ED42B5-C8D2-4E32-B098-9BD25980E1DC} = {100CBD13-1C4F-4743-8776-A596E8E7D4BA}
		{0AAA98D2-3FFC-47E4-B926-2A4D751336F7} = {100CBD13-1C4F-4743-8776-A596E8E7D4BA}
		{F5399C56-52B7-48C7-B7B1-FC32DA299A9C} = {100CBD13-1C4F-4743-8776-A596E8E7D4BA}
		{6F1EE7C2-C59D-4CE4-9275-270108F68419} = {37C84772-74FE-4A8A-8C5A-528040202EBD}
		{438E242F-9A31-4300-83F9-2EB8A79A4CEC} = {37C84772-74FE-4A8A-8C5A-528040202EBD}
		{0889482D-2DD5-4A98-8FA4-DBE9B295C8F9} = {37C84772-74FE-4A8A-8C5A-528040202EBD}
		{0016DE11-B2B3-40A5-9D2B-4F7B69B58C96} = {37C84772-74FE-4A8A-8C5A-528040202EBD}
		{F6C0B5C0-91F8-4293-924F-DD3F113CDDDB} = {37C84772-74FE-4A8A-8C5A-528040202EBD}
		{06D02169-7BDB-45B5-BAA9-51D71CC358EF} = {37C84772-74FE-4A8A-8C5A-528040202EBD}
		{8ECDC0C9-7056-40BA-B32F-CE0B0D906989} = {37C84772-74FE-4A8A-8C5A-528040202EBD}
		{58920360-B887-434C-A755-6618DD79875F} = {37C84772-74FE-4A8A-8C5A-528040202EBD}
		{B8DC7E93-1650-4774-BB53-E5D1CF7E47C7} = {37C84772-74FE-4A8A-8C5A-528040202EBD}
		{95BAC05B-6AFD-4D4E-A259-4E94ED3E6D86} = {37C84772-74FE-4A8A-8C5A-528040202EBD}
		{039609EF-6706-4A49-8DFB-0683AC9C75E9} = {37C84772-74FE-4A8A-8C5A-528040202EBD}
		{64A70BA8-D88C-434F-ACB2-328A19D78E33} = {37C84772-74FE-4A8A-8C5A-528040202EBD}
		{C1F409EE-1A95-4466-B347-12D36CBCFCA0} = {37C84772-74FE-4A8A-8C5A-528040202EBD}
		{D1497DDE-8AE1-4FC2-BAB0-25BF9C756A9E} = {37C84772-74FE-4A8A-8C5A-528040202EBD}
		{8005DEDD-5253-4B56-9173-B22B240CC8F2} = {37C84772-74FE-4A8A-8C5A-528040202EBD}
		{57B82E5C-4ADB-4E01-8A18-3B451510B561} = {37C84772-74FE-4A8A-8C5A-528040202EBD}
		{04E5C810-9D16-44AF-BBF6-C3D4291DF4EE} = {37C84772-74FE-4A8A-8C5A-528040202EBD}
		{53B85F8B-0DB9-4991-9087-9B921BF76BEB} = {37C84772-74FE-4A8A-8C5A-528040202EBD}
		{C0D54A3C-C64D-4C54-89FE-C3C9498CD085} = {37C84772-74FE-4A8A-8C5A-528040202EBD}
		{9157C865-5F6C-4A7A-B580-A630D4A82747} = {37C84772-74FE-4A8A-8C5A-528040202EBD}
		{574EF022-13ED-464D-B9F7-C5DF6F36904F} = {37C84772-74FE-4A8A-8C5A-528040202EBD}
		{822279B6-F32D-4EC1-8DE9-8B97979BFC26} = {37C84772-74FE-4A8A-8C5A-528040202EBD}
		{855BB0C1-03B5-4CEF-94B2-48861E2A6C1D} = {37C84772-74FE-4A8A-8C5A-528040202EBD}
		{451F6D5C-E2C5-4459-A071-6E18216CA7EA} = {37C84772-74FE-4A8A-8C5A-528040202EBD}
		{6E42D738-03F9-43E6-BBDF-2281BCEF909B} = {37C84772-74FE-4A8A-8C5A-528040202EBD}
		{C8447239-1FD8-4697-A4D0-06FB2A8CB026} = {37C84772-74FE-4A8A-8C5A-528040202EBD}
		{5CD6B445-7DAD-436E-91C5-8E1DF6A74760} = {37C84772-74FE-4A8A-8C5A-528040202EBD}
		{077173BA-F55D-40F8-8E7B-7287AD5DC065} = {37C84772-74FE-4A8A-8C5A-528040202EBD}
		{578A1C9E-F40A-404A-94AD-1917E4DB1AF3} = {37C84772-74FE-4A8A-8C5A-528040202EBD}
		{0CA84505-3E3F-46F0-AD08-80AA5BF7656D} = {37C84772-74FE-4A8A-8C5A-528040202EBD}
		{2788E65A-DF2F-4706-BE15-8DBC37818D4C} = {37C84772-74FE-4A8A-8C5A-528040202EBD}
		{73EAE1FE-0CE6-4C50-9A8D-2AA0F932C782} = {37C84772-74FE-4A8A-8C5A-528040202EBD}
		{E09CA441-6B69-4C5D-B2A2-6FB6CDEB8B1D} = {37C84772-74FE-4A8A-8C5A-528040202EBD}
		{377B75A5-B731-4962-8B02-99D383CE6CE6} = {37C84772-74FE-4A8A-8C5A-528040202EBD}
		{AEFFC93A-BD01-445A-84EF-6689FC63E6CB} = {37C84772-74FE-4A8A-8C5A-528040202EBD}
		{08112000-839D-4287-A9A1-F92F794051CA} = {37C84772-74FE-4A8A-8C5A-528040202EBD}
		{CB89E404-3465-4828-94FB-1A616AC1F13F} = {37C84772-74FE-4A8A-8C5A-528040202EBD}
		{378FABB3-5200-402E-A176-8336C115E790} = {37C84772-74FE-4A8A-8C5A-528040202EBD}
	EndGlobalSection
EndGlobal
