
Microsoft Visual Studio Solution File, Format Version 12.00
Project("{2150E333-8FDC-42A3-9474-1A3956D46DE8}") = "SolutionItems", "SolutionItems", "{43B5B312-B2BE-42F0-B981-0BDAE6499177}"
	ProjectSection(SolutionItems) = preProject
		.gitignore = .gitignore
		.editorconfig = .editorconfig
		.globalconfig = .globalconfig
		azure-pipelines.yml = azure-pipelines.yml
	EndProjectSection
EndProject
Project("{2150E333-8FDC-42A3-9474-1A3956D46DE8}") = "SourceFormats", "SourceFormats", "{37C84772-74FE-4A8A-8C5A-528040202EBD}"
EndProject
Project("{2150E333-8FDC-42A3-9474-1A3956D46DE8}") = "Utils", "Utils", "{A68E61C6-5EE5-4D53-ADCA-51B667BFA9F3}"
EndProject
Project("{2150E333-8FDC-42A3-9474-1A3956D46DE8}") = "Host", "Host", "{93832915-FE03-4814-AE17-A9EF5848A82F}"
EndProject
Project("{FAE04EC0-301F-11D3-BF4B-00C04F79EFBC}") = "Api", "SourceFormats\Api\Api.csproj", "{E5435A2E-9B93-4F3C-80A6-49FCB4D1A1CB}"
EndProject
Project("{FAE04EC0-301F-11D3-BF4B-00C04F79EFBC}") = "SourceFormatsCacheService.Exceptions", "SourceFormats\SourceFormatsCacheService.Exceptions\SourceFormatsCacheService.Exceptions.csproj", "{512B0081-6653-4217-AD3B-536C0A9E86B3}"
EndProject
Project("{FAE04EC0-301F-11D3-BF4B-00C04F79EFBC}") = "Controllers", "SourceFormats\Controllers\Controllers.csproj", "{27063FD5-6C79-4C1E-B3A9-ABDBBFB80018}"
EndProject
Project("{FAE04EC0-301F-11D3-BF4B-00C04F79EFBC}") = "Ctx", "SourceFormats\Ctx\Ctx.csproj", "{D658D09A-A4AF-46EA-B4E3-089FBDA414AE}"
EndProject
Project("{FAE04EC0-301F-11D3-BF4B-00C04F79EFBC}") = "Dtos", "SourceFormats\Dtos\Dtos.csproj", "{2959339F-6E76-4526-95C7-BD26C88DC63E}"
EndProject
Project("{FAE04EC0-301F-11D3-BF4B-00C04F79EFBC}") = "Dtos.Unit.Tests", "SourceFormats\Dtos.Unit.Tests\Dtos.Unit.Tests.csproj", "{524ED778-39AD-44A0-9E03-12DCD6CBA5D7}"
EndProject
Project("{FAE04EC0-301F-11D3-BF4B-00C04F79EFBC}") = "Entities", "SourceFormats\Entities\Entities.csproj", "{2499B6BA-A664-44F7-A6AF-E9606B25E2EE}"
EndProject
Project("{FAE04EC0-301F-11D3-BF4B-00C04F79EFBC}") = "Entities.Unit.Tests", "SourceFormats\Entities.Unit.Tests\Entities.Unit.Tests.csproj", "{DD043F8D-BDFC-4BD5-9893-3D2CBB4FFF20}"
EndProject
Project("{FAE04EC0-301F-11D3-BF4B-00C04F79EFBC}") = "Mappers", "SourceFormats\Mappers\Mappers.csproj", "{5D57F30E-A378-4341-9959-55674EE12C74}"
EndProject
Project("{FAE04EC0-301F-11D3-BF4B-00C04F79EFBC}") = "Mappers.Exceptions", "SourceFormats\Mappers.Exceptions\Mappers.Exceptions.csproj", "{F06087C8-93B4-4E72-9F7D-BB7F9C025B06}"
EndProject
Project("{FAE04EC0-301F-11D3-BF4B-00C04F79EFBC}") = "Mappers.Interfaces", "SourceFormats\Mappers.Interfaces\Mappers.Interfaces.csproj", "{6ECB335F-41A0-4DBC-ACFD-BD84EC73E303}"
EndProject
Project("{FAE04EC0-301F-11D3-BF4B-00C04F79EFBC}") = "Mappers.Unit.Tests", "SourceFormats\Mappers.Unit.Tests\Mappers.Unit.Tests.csproj", "{AEF72B83-4B8D-4311-B77C-7EA04FE83098}"
EndProject
Project("{FAE04EC0-301F-11D3-BF4B-00C04F79EFBC}") = "SourceFormatsReposiory.Exceptions", "SourceFormats\SourceFormatsReposiory.Exceptions\SourceFormatsReposiory.Exceptions.csproj", "{9490FCF4-D084-4C51-9FDC-920552DA0E7D}"
EndProject
Project("{FAE04EC0-301F-11D3-BF4B-00C04F79EFBC}") = "SourceFormatsRepository", "SourceFormats\SourceFormatsRepository\SourceFormatsRepository.csproj", "{840C09AB-F7C6-4F37-A433-E0533C00D2BF}"
EndProject
Project("{FAE04EC0-301F-11D3-BF4B-00C04F79EFBC}") = "Repository.Int.Tests", "SourceFormats\Repository.Int.Tests\Repository.Int.Tests.csproj", "{70C1A530-3AB0-47D8-958D-05B66E04E1C6}"
EndProject
Project("{FAE04EC0-301F-11D3-BF4B-00C04F79EFBC}") = "Repository.Interfaces", "SourceFormats\Repository.Interfaces\Repository.Interfaces.csproj", "{5AA7BE01-6266-4EE4-A7A7-0614B154D141}"
EndProject
Project("{FAE04EC0-301F-11D3-BF4B-00C04F79EFBC}") = "Repository.Unit.Tests", "SourceFormats\Repository.Unit.Tests\Repository.Unit.Tests.csproj", "{8C6E071A-40A8-48D3-8F91-1DC7727E9CAF}"
EndProject
Project("{FAE04EC0-301F-11D3-BF4B-00C04F79EFBC}") = "SourceFormatsCacheService", "SourceFormats\SourceFormatsCacheService\SourceFormatsCacheService.csproj", "{8352C9B2-DF66-4E65-9D22-0904B62FCB91}"
EndProject
Project("{FAE04EC0-301F-11D3-BF4B-00C04F79EFBC}") = "SourceFormatsCacheService.Int.Tests", "SourceFormats\SourceFormatsCacheService.Int.Tests\SourceFormatsCacheService.Int.Tests.csproj", "{6B29FF86-642F-402A-ABD4-11FCAE9E34A2}"
EndProject
Project("{FAE04EC0-301F-11D3-BF4B-00C04F79EFBC}") = "SourceFormatsCacheService.Interfaces", "SourceFormats\SourceFormatsCacheService.Interfaces\SourceFormatsCacheService.Interfaces.csproj", "{9BC76E1D-9F65-42BF-85FF-F7C13D6DA8C5}"
EndProject
Project("{FAE04EC0-301F-11D3-BF4B-00C04F79EFBC}") = "SourceFormatsCacheService.Unit.Tests", "SourceFormats\SourceFormatsCacheService.Unit.Tests\SourceFormatsCacheService.Unit.Tests.csproj", "{8368FC87-0689-4559-A5FC-6990BAC3C07C}"
EndProject
Project("{FAE04EC0-301F-11D3-BF4B-00C04F79EFBC}") = "SourceFormatsService", "SourceFormats\SourceFormatsService\SourceFormatsService.csproj", "{FD845A22-1A36-44B7-8565-B8949F04335F}"
EndProject
Project("{FAE04EC0-301F-11D3-BF4B-00C04F79EFBC}") = "SourceFormatsService.Exceptions", "SourceFormats\SourceFormatsService.Exceptions\SourceFormatsService.Exceptions.csproj", "{B7843A12-40BC-4FC6-A719-1DE49DD1034B}"
EndProject
Project("{FAE04EC0-301F-11D3-BF4B-00C04F79EFBC}") = "SourceFormatsService.Int.Tests", "SourceFormats\SourceFormatsService.Int.Tests\SourceFormatsService.Int.Tests.csproj", "{AEF88FA0-BC52-4F9C-AA6E-45464FDA2969}"
EndProject
Project("{FAE04EC0-301F-11D3-BF4B-00C04F79EFBC}") = "SourceFormatsService.Interfaces", "SourceFormats\SourceFormatsService.Interfaces\SourceFormatsService.Interfaces.csproj", "{A7089F63-51D3-47B2-9090-D11D5C33E38C}"
EndProject
Project("{FAE04EC0-301F-11D3-BF4B-00C04F79EFBC}") = "SourceFormatsService.Unit.Tests", "SourceFormats\SourceFormatsService.Unit.Tests\SourceFormatsService.Unit.Tests.csproj", "{2CD8898B-11AD-49BF-B0CC-E341B4D30DA4}"
EndProject
Project("{FAE04EC0-301F-11D3-BF4B-00C04F79EFBC}") = "ValidatorService", "SourceFormats\ValidatorService\ValidatorService.csproj", "{49185BA1-3142-42FB-94A3-88A9B149448C}"
EndProject
Project("{FAE04EC0-301F-11D3-BF4B-00C04F79EFBC}") = "GuardsService", "Utils\GuardsService\GuardsService.csproj", "{D95496D8-08A2-4AA4-A020-AF9DB150FA6B}"
EndProject
Project("{FAE04EC0-301F-11D3-BF4B-00C04F79EFBC}") = "Sdk", "SourceFormats\Sdk\Sdk.csproj", "{384216F2-DE6C-47CC-A089-8470852BF48C}"
EndProject
Project("{FAE04EC0-301F-11D3-BF4B-00C04F79EFBC}") = "Sdk.Unit.Tests", "SourceFormats\Sdk.Unit.Tests\Sdk.Unit.Tests.csproj", "{F1E264F7-EEB6-4847-928A-A1E0797E8791}"
EndProject
Project("{FAE04EC0-301F-11D3-BF4B-00C04F79EFBC}") = "Sdk.Int.Tests", "SourceFormats\Sdk.Int.Tests\Sdk.Int.Tests.csproj", "{914AB8E0-359F-40A2-A943-CA7BD7E0DF7D}"
EndProject
Project("{FAE04EC0-301F-11D3-BF4B-00C04F79EFBC}") = "Sdk.Interfaces", "SourceFormats\Sdk.Interfaces\Sdk.Interfaces.csproj", "{FACBBE65-160B-43D4-B468-D91B82E89E07}"
EndProject
Project("{FAE04EC0-301F-11D3-BF4B-00C04F79EFBC}") = "Sdk.Exceptions", "SourceFormats\Sdk.Exceptions\Sdk.Exceptions.csproj", "{E3D2052B-F701-4D9F-BA10-B2B42390EA4E}"
EndProject
Project("{FAE04EC0-301F-11D3-BF4B-00C04F79EFBC}") = "Guards", "Utils\Guards\Guards.csproj", "{7BB8B42D-E3B7-4721-AE77-8373C3F178E7}"
EndProject
Project("{FAE04EC0-301F-11D3-BF4B-00C04F79EFBC}") = "Sdk.Models", "SourceFormats\Sdk.Models\Sdk.Models.csproj", "{BF7DE0BF-3EB8-464B-9F67-E8FB53F1329B}"
EndProject
Project("{FAE04EC0-301F-11D3-BF4B-00C04F79EFBC}") = "Sdk.Models.Unit.Tests", "SourceFormats\Sdk.Models.Unit.Tests\Sdk.Models.Unit.Tests.csproj", "{B30726FA-49FF-4027-A7D2-ECC368AF775D}"
EndProject
Project("{2150E333-8FDC-42A3-9474-1A3956D46DE8}") = "Sdk.Core", "Sdk.Core", "{B0E7186B-EB85-49CA-A04B-C7B527676923}"
EndProject
Project("{FAE04EC0-301F-11D3-BF4B-00C04F79EFBC}") = "Sdk.Core", "Sdk.Core\Sdk.Core\Sdk.Core.csproj", "{BC587E40-78D7-4F97-A3A7-8051E0630FF5}"
EndProject
Project("{FAE04EC0-301F-11D3-BF4B-00C04F79EFBC}") = "Sdk.Core.Exceptions", "Sdk.Core\Sdk.Core.Exceptions\Sdk.Core.Exceptions.csproj", "{BC9BD350-ED04-4031-B34F-FE3CBB6812EE}"
EndProject
Project("{FAE04EC0-301F-11D3-BF4B-00C04F79EFBC}") = "Sdk.Core.Int.Tests", "Sdk.Core\Sdk.Core.Int.Tests\Sdk.Core.Int.Tests.csproj", "{0AB126BD-387C-445F-ADAB-CF3026AEED5C}"
EndProject
Project("{FAE04EC0-301F-11D3-BF4B-00C04F79EFBC}") = "Sdk.Core.Interfaces", "Sdk.Core\Sdk.Core.Interfaces\Sdk.Core.Interfaces.csproj", "{F1110341-2F97-421D-B6C5-D18EE47B5D9F}"
EndProject
Project("{FAE04EC0-301F-11D3-BF4B-00C04F79EFBC}") = "Sdk.Core.Unit.Tests", "Sdk.Core\Sdk.Core.Unit.Tests\Sdk.Core.Unit.Tests.csproj", "{EFB069F5-C312-4483-A70C-F480D75184CC}"
EndProject
Project("{FAE04EC0-301F-11D3-BF4B-00C04F79EFBC}") = "Sdk.Core.Model.Interfaces", "Sdk.Core\Sdk.Core.Model.Interfaces\Sdk.Core.Model.Interfaces.csproj", "{AA8CB579-5BC4-4D7E-AA39-67D9556AD9A6}"
EndProject
Project("{FAE04EC0-301F-11D3-BF4B-00C04F79EFBC}") = "QA.Datasets", "SourceFormats\QA.Datasets\QA.Datasets.csproj", "{5B3B7C2C-B6F9-40EE-80F7-77C5D03892D7}"
EndProject
Project("{FAE04EC0-301F-11D3-BF4B-00C04F79EFBC}") = "E2E", "SourceFormats\E2E\E2E.csproj", "{31D43021-281A-4C53-B308-03C92715C034}"
EndProject
Project("{FAE04EC0-301F-11D3-BF4B-00C04F79EFBC}") = "RestApi", "Host\RestApi\RestApi.csproj", "{BAD10416-7A8C-4443-BF4E-C0E6E3F65916}"
EndProject
Project("{FAE04EC0-301F-11D3-BF4B-00C04F79EFBC}") = "Controllers.ViewModels", "SourceFormats\Controllers.ViewModels\Controllers.ViewModels.csproj", "{5FE1733A-AE9F-494B-AD2E-C0DA7419C2F4}"
EndProject
Global
	GlobalSection(SolutionConfigurationPlatforms) = preSolution
		Debug|Any CPU = Debug|Any CPU
		Release|Any CPU = Release|Any CPU
	EndGlobalSection
	GlobalSection(ProjectConfigurationPlatforms) = postSolution
		{E5435A2E-9B93-4F3C-80A6-49FCB4D1A1CB}.Debug|Any CPU.ActiveCfg = Debug|Any CPU
		{E5435A2E-9B93-4F3C-80A6-49FCB4D1A1CB}.Debug|Any CPU.Build.0 = Debug|Any CPU
		{E5435A2E-9B93-4F3C-80A6-49FCB4D1A1CB}.Release|Any CPU.ActiveCfg = Release|Any CPU
		{E5435A2E-9B93-4F3C-80A6-49FCB4D1A1CB}.Release|Any CPU.Build.0 = Release|Any CPU
		{512B0081-6653-4217-AD3B-536C0A9E86B3}.Debug|Any CPU.ActiveCfg = Debug|Any CPU
		{512B0081-6653-4217-AD3B-536C0A9E86B3}.Debug|Any CPU.Build.0 = Debug|Any CPU
		{512B0081-6653-4217-AD3B-536C0A9E86B3}.Release|Any CPU.ActiveCfg = Release|Any CPU
		{512B0081-6653-4217-AD3B-536C0A9E86B3}.Release|Any CPU.Build.0 = Release|Any CPU
		{27063FD5-6C79-4C1E-B3A9-ABDBBFB80018}.Debug|Any CPU.ActiveCfg = Debug|Any CPU
		{27063FD5-6C79-4C1E-B3A9-ABDBBFB80018}.Debug|Any CPU.Build.0 = Debug|Any CPU
		{27063FD5-6C79-4C1E-B3A9-ABDBBFB80018}.Release|Any CPU.ActiveCfg = Release|Any CPU
		{27063FD5-6C79-4C1E-B3A9-ABDBBFB80018}.Release|Any CPU.Build.0 = Release|Any CPU
		{D658D09A-A4AF-46EA-B4E3-089FBDA414AE}.Debug|Any CPU.ActiveCfg = Debug|Any CPU
		{D658D09A-A4AF-46EA-B4E3-089FBDA414AE}.Debug|Any CPU.Build.0 = Debug|Any CPU
		{D658D09A-A4AF-46EA-B4E3-089FBDA414AE}.Release|Any CPU.ActiveCfg = Release|Any CPU
		{D658D09A-A4AF-46EA-B4E3-089FBDA414AE}.Release|Any CPU.Build.0 = Release|Any CPU
		{2959339F-6E76-4526-95C7-BD26C88DC63E}.Debug|Any CPU.ActiveCfg = Debug|Any CPU
		{2959339F-6E76-4526-95C7-BD26C88DC63E}.Debug|Any CPU.Build.0 = Debug|Any CPU
		{2959339F-6E76-4526-95C7-BD26C88DC63E}.Release|Any CPU.ActiveCfg = Release|Any CPU
		{2959339F-6E76-4526-95C7-BD26C88DC63E}.Release|Any CPU.Build.0 = Release|Any CPU
		{524ED778-39AD-44A0-9E03-12DCD6CBA5D7}.Debug|Any CPU.ActiveCfg = Debug|Any CPU
		{524ED778-39AD-44A0-9E03-12DCD6CBA5D7}.Debug|Any CPU.Build.0 = Debug|Any CPU
		{524ED778-39AD-44A0-9E03-12DCD6CBA5D7}.Release|Any CPU.ActiveCfg = Release|Any CPU
		{524ED778-39AD-44A0-9E03-12DCD6CBA5D7}.Release|Any CPU.Build.0 = Release|Any CPU
		{2499B6BA-A664-44F7-A6AF-E9606B25E2EE}.Debug|Any CPU.ActiveCfg = Debug|Any CPU
		{2499B6BA-A664-44F7-A6AF-E9606B25E2EE}.Debug|Any CPU.Build.0 = Debug|Any CPU
		{2499B6BA-A664-44F7-A6AF-E9606B25E2EE}.Release|Any CPU.ActiveCfg = Release|Any CPU
		{2499B6BA-A664-44F7-A6AF-E9606B25E2EE}.Release|Any CPU.Build.0 = Release|Any CPU
		{DD043F8D-BDFC-4BD5-9893-3D2CBB4FFF20}.Debug|Any CPU.ActiveCfg = Debug|Any CPU
		{DD043F8D-BDFC-4BD5-9893-3D2CBB4FFF20}.Debug|Any CPU.Build.0 = Debug|Any CPU
		{DD043F8D-BDFC-4BD5-9893-3D2CBB4FFF20}.Release|Any CPU.ActiveCfg = Release|Any CPU
		{DD043F8D-BDFC-4BD5-9893-3D2CBB4FFF20}.Release|Any CPU.Build.0 = Release|Any CPU
		{5D57F30E-A378-4341-9959-55674EE12C74}.Debug|Any CPU.ActiveCfg = Debug|Any CPU
		{5D57F30E-A378-4341-9959-55674EE12C74}.Debug|Any CPU.Build.0 = Debug|Any CPU
		{5D57F30E-A378-4341-9959-55674EE12C74}.Release|Any CPU.ActiveCfg = Release|Any CPU
		{5D57F30E-A378-4341-9959-55674EE12C74}.Release|Any CPU.Build.0 = Release|Any CPU
		{F06087C8-93B4-4E72-9F7D-BB7F9C025B06}.Debug|Any CPU.ActiveCfg = Debug|Any CPU
		{F06087C8-93B4-4E72-9F7D-BB7F9C025B06}.Debug|Any CPU.Build.0 = Debug|Any CPU
		{F06087C8-93B4-4E72-9F7D-BB7F9C025B06}.Release|Any CPU.ActiveCfg = Release|Any CPU
		{F06087C8-93B4-4E72-9F7D-BB7F9C025B06}.Release|Any CPU.Build.0 = Release|Any CPU
		{6ECB335F-41A0-4DBC-ACFD-BD84EC73E303}.Debug|Any CPU.ActiveCfg = Debug|Any CPU
		{6ECB335F-41A0-4DBC-ACFD-BD84EC73E303}.Debug|Any CPU.Build.0 = Debug|Any CPU
		{6ECB335F-41A0-4DBC-ACFD-BD84EC73E303}.Release|Any CPU.ActiveCfg = Release|Any CPU
		{6ECB335F-41A0-4DBC-ACFD-BD84EC73E303}.Release|Any CPU.Build.0 = Release|Any CPU
		{AEF72B83-4B8D-4311-B77C-7EA04FE83098}.Debug|Any CPU.ActiveCfg = Debug|Any CPU
		{AEF72B83-4B8D-4311-B77C-7EA04FE83098}.Debug|Any CPU.Build.0 = Debug|Any CPU
		{AEF72B83-4B8D-4311-B77C-7EA04FE83098}.Release|Any CPU.ActiveCfg = Release|Any CPU
		{AEF72B83-4B8D-4311-B77C-7EA04FE83098}.Release|Any CPU.Build.0 = Release|Any CPU
		{9490FCF4-D084-4C51-9FDC-920552DA0E7D}.Debug|Any CPU.ActiveCfg = Debug|Any CPU
		{9490FCF4-D084-4C51-9FDC-920552DA0E7D}.Debug|Any CPU.Build.0 = Debug|Any CPU
		{9490FCF4-D084-4C51-9FDC-920552DA0E7D}.Release|Any CPU.ActiveCfg = Release|Any CPU
		{9490FCF4-D084-4C51-9FDC-920552DA0E7D}.Release|Any CPU.Build.0 = Release|Any CPU
		{840C09AB-F7C6-4F37-A433-E0533C00D2BF}.Debug|Any CPU.ActiveCfg = Debug|Any CPU
		{840C09AB-F7C6-4F37-A433-E0533C00D2BF}.Debug|Any CPU.Build.0 = Debug|Any CPU
		{840C09AB-F7C6-4F37-A433-E0533C00D2BF}.Release|Any CPU.ActiveCfg = Release|Any CPU
		{840C09AB-F7C6-4F37-A433-E0533C00D2BF}.Release|Any CPU.Build.0 = Release|Any CPU
		{70C1A530-3AB0-47D8-958D-05B66E04E1C6}.Debug|Any CPU.ActiveCfg = Debug|Any CPU
		{70C1A530-3AB0-47D8-958D-05B66E04E1C6}.Debug|Any CPU.Build.0 = Debug|Any CPU
		{70C1A530-3AB0-47D8-958D-05B66E04E1C6}.Release|Any CPU.ActiveCfg = Release|Any CPU
		{70C1A530-3AB0-47D8-958D-05B66E04E1C6}.Release|Any CPU.Build.0 = Release|Any CPU
		{5AA7BE01-6266-4EE4-A7A7-0614B154D141}.Debug|Any CPU.ActiveCfg = Debug|Any CPU
		{5AA7BE01-6266-4EE4-A7A7-0614B154D141}.Debug|Any CPU.Build.0 = Debug|Any CPU
		{5AA7BE01-6266-4EE4-A7A7-0614B154D141}.Release|Any CPU.ActiveCfg = Release|Any CPU
		{5AA7BE01-6266-4EE4-A7A7-0614B154D141}.Release|Any CPU.Build.0 = Release|Any CPU
		{8C6E071A-40A8-48D3-8F91-1DC7727E9CAF}.Debug|Any CPU.ActiveCfg = Debug|Any CPU
		{8C6E071A-40A8-48D3-8F91-1DC7727E9CAF}.Debug|Any CPU.Build.0 = Debug|Any CPU
		{8C6E071A-40A8-48D3-8F91-1DC7727E9CAF}.Release|Any CPU.ActiveCfg = Release|Any CPU
		{8C6E071A-40A8-48D3-8F91-1DC7727E9CAF}.Release|Any CPU.Build.0 = Release|Any CPU
		{8352C9B2-DF66-4E65-9D22-0904B62FCB91}.Debug|Any CPU.ActiveCfg = Debug|Any CPU
		{8352C9B2-DF66-4E65-9D22-0904B62FCB91}.Debug|Any CPU.Build.0 = Debug|Any CPU
		{8352C9B2-DF66-4E65-9D22-0904B62FCB91}.Release|Any CPU.ActiveCfg = Release|Any CPU
		{8352C9B2-DF66-4E65-9D22-0904B62FCB91}.Release|Any CPU.Build.0 = Release|Any CPU
		{6B29FF86-642F-402A-ABD4-11FCAE9E34A2}.Debug|Any CPU.ActiveCfg = Debug|Any CPU
		{6B29FF86-642F-402A-ABD4-11FCAE9E34A2}.Debug|Any CPU.Build.0 = Debug|Any CPU
		{6B29FF86-642F-402A-ABD4-11FCAE9E34A2}.Release|Any CPU.ActiveCfg = Release|Any CPU
		{6B29FF86-642F-402A-ABD4-11FCAE9E34A2}.Release|Any CPU.Build.0 = Release|Any CPU
		{9BC76E1D-9F65-42BF-85FF-F7C13D6DA8C5}.Debug|Any CPU.ActiveCfg = Debug|Any CPU
		{9BC76E1D-9F65-42BF-85FF-F7C13D6DA8C5}.Debug|Any CPU.Build.0 = Debug|Any CPU
		{9BC76E1D-9F65-42BF-85FF-F7C13D6DA8C5}.Release|Any CPU.ActiveCfg = Release|Any CPU
		{9BC76E1D-9F65-42BF-85FF-F7C13D6DA8C5}.Release|Any CPU.Build.0 = Release|Any CPU
		{8368FC87-0689-4559-A5FC-6990BAC3C07C}.Debug|Any CPU.ActiveCfg = Debug|Any CPU
		{8368FC87-0689-4559-A5FC-6990BAC3C07C}.Debug|Any CPU.Build.0 = Debug|Any CPU
		{8368FC87-0689-4559-A5FC-6990BAC3C07C}.Release|Any CPU.ActiveCfg = Release|Any CPU
		{8368FC87-0689-4559-A5FC-6990BAC3C07C}.Release|Any CPU.Build.0 = Release|Any CPU
		{FD845A22-1A36-44B7-8565-B8949F04335F}.Debug|Any CPU.ActiveCfg = Debug|Any CPU
		{FD845A22-1A36-44B7-8565-B8949F04335F}.Debug|Any CPU.Build.0 = Debug|Any CPU
		{FD845A22-1A36-44B7-8565-B8949F04335F}.Release|Any CPU.ActiveCfg = Release|Any CPU
		{FD845A22-1A36-44B7-8565-B8949F04335F}.Release|Any CPU.Build.0 = Release|Any CPU
		{B7843A12-40BC-4FC6-A719-1DE49DD1034B}.Debug|Any CPU.ActiveCfg = Debug|Any CPU
		{B7843A12-40BC-4FC6-A719-1DE49DD1034B}.Debug|Any CPU.Build.0 = Debug|Any CPU
		{B7843A12-40BC-4FC6-A719-1DE49DD1034B}.Release|Any CPU.ActiveCfg = Release|Any CPU
		{B7843A12-40BC-4FC6-A719-1DE49DD1034B}.Release|Any CPU.Build.0 = Release|Any CPU
		{AEF88FA0-BC52-4F9C-AA6E-45464FDA2969}.Debug|Any CPU.ActiveCfg = Debug|Any CPU
		{AEF88FA0-BC52-4F9C-AA6E-45464FDA2969}.Debug|Any CPU.Build.0 = Debug|Any CPU
		{AEF88FA0-BC52-4F9C-AA6E-45464FDA2969}.Release|Any CPU.ActiveCfg = Release|Any CPU
		{AEF88FA0-BC52-4F9C-AA6E-45464FDA2969}.Release|Any CPU.Build.0 = Release|Any CPU
		{A7089F63-51D3-47B2-9090-D11D5C33E38C}.Debug|Any CPU.ActiveCfg = Debug|Any CPU
		{A7089F63-51D3-47B2-9090-D11D5C33E38C}.Debug|Any CPU.Build.0 = Debug|Any CPU
		{A7089F63-51D3-47B2-9090-D11D5C33E38C}.Release|Any CPU.ActiveCfg = Release|Any CPU
		{A7089F63-51D3-47B2-9090-D11D5C33E38C}.Release|Any CPU.Build.0 = Release|Any CPU
		{2CD8898B-11AD-49BF-B0CC-E341B4D30DA4}.Debug|Any CPU.ActiveCfg = Debug|Any CPU
		{2CD8898B-11AD-49BF-B0CC-E341B4D30DA4}.Debug|Any CPU.Build.0 = Debug|Any CPU
		{2CD8898B-11AD-49BF-B0CC-E341B4D30DA4}.Release|Any CPU.ActiveCfg = Release|Any CPU
		{2CD8898B-11AD-49BF-B0CC-E341B4D30DA4}.Release|Any CPU.Build.0 = Release|Any CPU
		{49185BA1-3142-42FB-94A3-88A9B149448C}.Debug|Any CPU.ActiveCfg = Debug|Any CPU
		{49185BA1-3142-42FB-94A3-88A9B149448C}.Debug|Any CPU.Build.0 = Debug|Any CPU
		{49185BA1-3142-42FB-94A3-88A9B149448C}.Release|Any CPU.ActiveCfg = Release|Any CPU
		{49185BA1-3142-42FB-94A3-88A9B149448C}.Release|Any CPU.Build.0 = Release|Any CPU
		{D95496D8-08A2-4AA4-A020-AF9DB150FA6B}.Debug|Any CPU.ActiveCfg = Debug|Any CPU
		{D95496D8-08A2-4AA4-A020-AF9DB150FA6B}.Debug|Any CPU.Build.0 = Debug|Any CPU
		{D95496D8-08A2-4AA4-A020-AF9DB150FA6B}.Release|Any CPU.ActiveCfg = Release|Any CPU
		{D95496D8-08A2-4AA4-A020-AF9DB150FA6B}.Release|Any CPU.Build.0 = Release|Any CPU
		{384216F2-DE6C-47CC-A089-8470852BF48C}.Debug|Any CPU.ActiveCfg = Debug|Any CPU
		{384216F2-DE6C-47CC-A089-8470852BF48C}.Debug|Any CPU.Build.0 = Debug|Any CPU
		{384216F2-DE6C-47CC-A089-8470852BF48C}.Release|Any CPU.ActiveCfg = Release|Any CPU
		{384216F2-DE6C-47CC-A089-8470852BF48C}.Release|Any CPU.Build.0 = Release|Any CPU
		{F1E264F7-EEB6-4847-928A-A1E0797E8791}.Debug|Any CPU.ActiveCfg = Debug|Any CPU
		{F1E264F7-EEB6-4847-928A-A1E0797E8791}.Debug|Any CPU.Build.0 = Debug|Any CPU
		{F1E264F7-EEB6-4847-928A-A1E0797E8791}.Release|Any CPU.ActiveCfg = Release|Any CPU
		{F1E264F7-EEB6-4847-928A-A1E0797E8791}.Release|Any CPU.Build.0 = Release|Any CPU
		{914AB8E0-359F-40A2-A943-CA7BD7E0DF7D}.Debug|Any CPU.ActiveCfg = Debug|Any CPU
		{914AB8E0-359F-40A2-A943-CA7BD7E0DF7D}.Debug|Any CPU.Build.0 = Debug|Any CPU
		{914AB8E0-359F-40A2-A943-CA7BD7E0DF7D}.Release|Any CPU.ActiveCfg = Release|Any CPU
		{914AB8E0-359F-40A2-A943-CA7BD7E0DF7D}.Release|Any CPU.Build.0 = Release|Any CPU
		{FACBBE65-160B-43D4-B468-D91B82E89E07}.Debug|Any CPU.ActiveCfg = Debug|Any CPU
		{FACBBE65-160B-43D4-B468-D91B82E89E07}.Debug|Any CPU.Build.0 = Debug|Any CPU
		{FACBBE65-160B-43D4-B468-D91B82E89E07}.Release|Any CPU.ActiveCfg = Release|Any CPU
		{FACBBE65-160B-43D4-B468-D91B82E89E07}.Release|Any CPU.Build.0 = Release|Any CPU
		{E3D2052B-F701-4D9F-BA10-B2B42390EA4E}.Debug|Any CPU.ActiveCfg = Debug|Any CPU
		{E3D2052B-F701-4D9F-BA10-B2B42390EA4E}.Debug|Any CPU.Build.0 = Debug|Any CPU
		{E3D2052B-F701-4D9F-BA10-B2B42390EA4E}.Release|Any CPU.ActiveCfg = Release|Any CPU
		{E3D2052B-F701-4D9F-BA10-B2B42390EA4E}.Release|Any CPU.Build.0 = Release|Any CPU
		{7BB8B42D-E3B7-4721-AE77-8373C3F178E7}.Debug|Any CPU.ActiveCfg = Debug|Any CPU
		{7BB8B42D-E3B7-4721-AE77-8373C3F178E7}.Debug|Any CPU.Build.0 = Debug|Any CPU
		{7BB8B42D-E3B7-4721-AE77-8373C3F178E7}.Release|Any CPU.ActiveCfg = Release|Any CPU
		{7BB8B42D-E3B7-4721-AE77-8373C3F178E7}.Release|Any CPU.Build.0 = Release|Any CPU
		{BF7DE0BF-3EB8-464B-9F67-E8FB53F1329B}.Debug|Any CPU.ActiveCfg = Debug|Any CPU
		{BF7DE0BF-3EB8-464B-9F67-E8FB53F1329B}.Debug|Any CPU.Build.0 = Debug|Any CPU
		{BF7DE0BF-3EB8-464B-9F67-E8FB53F1329B}.Release|Any CPU.ActiveCfg = Release|Any CPU
		{BF7DE0BF-3EB8-464B-9F67-E8FB53F1329B}.Release|Any CPU.Build.0 = Release|Any CPU
		{B30726FA-49FF-4027-A7D2-ECC368AF775D}.Debug|Any CPU.ActiveCfg = Debug|Any CPU
		{B30726FA-49FF-4027-A7D2-ECC368AF775D}.Debug|Any CPU.Build.0 = Debug|Any CPU
		{B30726FA-49FF-4027-A7D2-ECC368AF775D}.Release|Any CPU.ActiveCfg = Release|Any CPU
		{B30726FA-49FF-4027-A7D2-ECC368AF775D}.Release|Any CPU.Build.0 = Release|Any CPU
		{BC587E40-78D7-4F97-A3A7-8051E0630FF5}.Debug|Any CPU.ActiveCfg = Debug|Any CPU
		{BC587E40-78D7-4F97-A3A7-8051E0630FF5}.Debug|Any CPU.Build.0 = Debug|Any CPU
		{BC587E40-78D7-4F97-A3A7-8051E0630FF5}.Release|Any CPU.ActiveCfg = Release|Any CPU
		{BC587E40-78D7-4F97-A3A7-8051E0630FF5}.Release|Any CPU.Build.0 = Release|Any CPU
		{BC9BD350-ED04-4031-B34F-FE3CBB6812EE}.Debug|Any CPU.ActiveCfg = Debug|Any CPU
		{BC9BD350-ED04-4031-B34F-FE3CBB6812EE}.Debug|Any CPU.Build.0 = Debug|Any CPU
		{BC9BD350-ED04-4031-B34F-FE3CBB6812EE}.Release|Any CPU.ActiveCfg = Release|Any CPU
		{BC9BD350-ED04-4031-B34F-FE3CBB6812EE}.Release|Any CPU.Build.0 = Release|Any CPU
		{0AB126BD-387C-445F-ADAB-CF3026AEED5C}.Debug|Any CPU.ActiveCfg = Debug|Any CPU
		{0AB126BD-387C-445F-ADAB-CF3026AEED5C}.Debug|Any CPU.Build.0 = Debug|Any CPU
		{0AB126BD-387C-445F-ADAB-CF3026AEED5C}.Release|Any CPU.ActiveCfg = Release|Any CPU
		{0AB126BD-387C-445F-ADAB-CF3026AEED5C}.Release|Any CPU.Build.0 = Release|Any CPU
		{F1110341-2F97-421D-B6C5-D18EE47B5D9F}.Debug|Any CPU.ActiveCfg = Debug|Any CPU
		{F1110341-2F97-421D-B6C5-D18EE47B5D9F}.Debug|Any CPU.Build.0 = Debug|Any CPU
		{F1110341-2F97-421D-B6C5-D18EE47B5D9F}.Release|Any CPU.ActiveCfg = Release|Any CPU
		{F1110341-2F97-421D-B6C5-D18EE47B5D9F}.Release|Any CPU.Build.0 = Release|Any CPU
		{EFB069F5-C312-4483-A70C-F480D75184CC}.Debug|Any CPU.ActiveCfg = Debug|Any CPU
		{EFB069F5-C312-4483-A70C-F480D75184CC}.Debug|Any CPU.Build.0 = Debug|Any CPU
		{EFB069F5-C312-4483-A70C-F480D75184CC}.Release|Any CPU.ActiveCfg = Release|Any CPU
		{EFB069F5-C312-4483-A70C-F480D75184CC}.Release|Any CPU.Build.0 = Release|Any CPU
		{AA8CB579-5BC4-4D7E-AA39-67D9556AD9A6}.Debug|Any CPU.ActiveCfg = Debug|Any CPU
		{AA8CB579-5BC4-4D7E-AA39-67D9556AD9A6}.Debug|Any CPU.Build.0 = Debug|Any CPU
		{AA8CB579-5BC4-4D7E-AA39-67D9556AD9A6}.Release|Any CPU.ActiveCfg = Release|Any CPU
		{AA8CB579-5BC4-4D7E-AA39-67D9556AD9A6}.Release|Any CPU.Build.0 = Release|Any CPU
		{5B3B7C2C-B6F9-40EE-80F7-77C5D03892D7}.Debug|Any CPU.ActiveCfg = Debug|Any CPU
		{5B3B7C2C-B6F9-40EE-80F7-77C5D03892D7}.Debug|Any CPU.Build.0 = Debug|Any CPU
		{5B3B7C2C-B6F9-40EE-80F7-77C5D03892D7}.Release|Any CPU.ActiveCfg = Release|Any CPU
		{5B3B7C2C-B6F9-40EE-80F7-77C5D03892D7}.Release|Any CPU.Build.0 = Release|Any CPU
		{31D43021-281A-4C53-B308-03C92715C034}.Debug|Any CPU.ActiveCfg = Debug|Any CPU
		{31D43021-281A-4C53-B308-03C92715C034}.Debug|Any CPU.Build.0 = Debug|Any CPU
		{31D43021-281A-4C53-B308-03C92715C034}.Release|Any CPU.ActiveCfg = Release|Any CPU
		{31D43021-281A-4C53-B308-03C92715C034}.Release|Any CPU.Build.0 = Release|Any CPU
		{BAD10416-7A8C-4443-BF4E-C0E6E3F65916}.Debug|Any CPU.ActiveCfg = Debug|Any CPU
		{BAD10416-7A8C-4443-BF4E-C0E6E3F65916}.Debug|Any CPU.Build.0 = Debug|Any CPU
		{BAD10416-7A8C-4443-BF4E-C0E6E3F65916}.Release|Any CPU.ActiveCfg = Release|Any CPU
		{BAD10416-7A8C-4443-BF4E-C0E6E3F65916}.Release|Any CPU.Build.0 = Release|Any CPU
		{5FE1733A-AE9F-494B-AD2E-C0DA7419C2F4}.Debug|Any CPU.ActiveCfg = Debug|Any CPU
		{5FE1733A-AE9F-494B-AD2E-C0DA7419C2F4}.Debug|Any CPU.Build.0 = Debug|Any CPU
		{5FE1733A-AE9F-494B-AD2E-C0DA7419C2F4}.Release|Any CPU.ActiveCfg = Release|Any CPU
		{5FE1733A-AE9F-494B-AD2E-C0DA7419C2F4}.Release|Any CPU.Build.0 = Release|Any CPU
	EndGlobalSection
	GlobalSection(NestedProjects) = preSolution
		{E5435A2E-9B93-4F3C-80A6-49FCB4D1A1CB} = {37C84772-74FE-4A8A-8C5A-528040202EBD}
		{512B0081-6653-4217-AD3B-536C0A9E86B3} = {37C84772-74FE-4A8A-8C5A-528040202EBD}
		{27063FD5-6C79-4C1E-B3A9-ABDBBFB80018} = {37C84772-74FE-4A8A-8C5A-528040202EBD}
		{D658D09A-A4AF-46EA-B4E3-089FBDA414AE} = {37C84772-74FE-4A8A-8C5A-528040202EBD}
		{2959339F-6E76-4526-95C7-BD26C88DC63E} = {37C84772-74FE-4A8A-8C5A-528040202EBD}
		{524ED778-39AD-44A0-9E03-12DCD6CBA5D7} = {37C84772-74FE-4A8A-8C5A-528040202EBD}
		{2499B6BA-A664-44F7-A6AF-E9606B25E2EE} = {37C84772-74FE-4A8A-8C5A-528040202EBD}
		{DD043F8D-BDFC-4BD5-9893-3D2CBB4FFF20} = {37C84772-74FE-4A8A-8C5A-528040202EBD}
		{5D57F30E-A378-4341-9959-55674EE12C74} = {37C84772-74FE-4A8A-8C5A-528040202EBD}
		{F06087C8-93B4-4E72-9F7D-BB7F9C025B06} = {37C84772-74FE-4A8A-8C5A-528040202EBD}
		{6ECB335F-41A0-4DBC-ACFD-BD84EC73E303} = {37C84772-74FE-4A8A-8C5A-528040202EBD}
		{AEF72B83-4B8D-4311-B77C-7EA04FE83098} = {37C84772-74FE-4A8A-8C5A-528040202EBD}
		{9490FCF4-D084-4C51-9FDC-920552DA0E7D} = {37C84772-74FE-4A8A-8C5A-528040202EBD}
		{840C09AB-F7C6-4F37-A433-E0533C00D2BF} = {37C84772-74FE-4A8A-8C5A-528040202EBD}
		{70C1A530-3AB0-47D8-958D-05B66E04E1C6} = {37C84772-74FE-4A8A-8C5A-528040202EBD}
		{5AA7BE01-6266-4EE4-A7A7-0614B154D141} = {37C84772-74FE-4A8A-8C5A-528040202EBD}
		{8C6E071A-40A8-48D3-8F91-1DC7727E9CAF} = {37C84772-74FE-4A8A-8C5A-528040202EBD}
		{8352C9B2-DF66-4E65-9D22-0904B62FCB91} = {37C84772-74FE-4A8A-8C5A-528040202EBD}
		{6B29FF86-642F-402A-ABD4-11FCAE9E34A2} = {37C84772-74FE-4A8A-8C5A-528040202EBD}
		{9BC76E1D-9F65-42BF-85FF-F7C13D6DA8C5} = {37C84772-74FE-4A8A-8C5A-528040202EBD}
		{8368FC87-0689-4559-A5FC-6990BAC3C07C} = {37C84772-74FE-4A8A-8C5A-528040202EBD}
		{FD845A22-1A36-44B7-8565-B8949F04335F} = {37C84772-74FE-4A8A-8C5A-528040202EBD}
		{B7843A12-40BC-4FC6-A719-1DE49DD1034B} = {37C84772-74FE-4A8A-8C5A-528040202EBD}
		{AEF88FA0-BC52-4F9C-AA6E-45464FDA2969} = {37C84772-74FE-4A8A-8C5A-528040202EBD}
		{A7089F63-51D3-47B2-9090-D11D5C33E38C} = {37C84772-74FE-4A8A-8C5A-528040202EBD}
		{2CD8898B-11AD-49BF-B0CC-E341B4D30DA4} = {37C84772-74FE-4A8A-8C5A-528040202EBD}
		{49185BA1-3142-42FB-94A3-88A9B149448C} = {37C84772-74FE-4A8A-8C5A-528040202EBD}
		{D95496D8-08A2-4AA4-A020-AF9DB150FA6B} = {A68E61C6-5EE5-4D53-ADCA-51B667BFA9F3}
		{384216F2-DE6C-47CC-A089-8470852BF48C} = {37C84772-74FE-4A8A-8C5A-528040202EBD}
		{F1E264F7-EEB6-4847-928A-A1E0797E8791} = {37C84772-74FE-4A8A-8C5A-528040202EBD}
		{914AB8E0-359F-40A2-A943-CA7BD7E0DF7D} = {37C84772-74FE-4A8A-8C5A-528040202EBD}
		{FACBBE65-160B-43D4-B468-D91B82E89E07} = {37C84772-74FE-4A8A-8C5A-528040202EBD}
		{E3D2052B-F701-4D9F-BA10-B2B42390EA4E} = {37C84772-74FE-4A8A-8C5A-528040202EBD}
		{7BB8B42D-E3B7-4721-AE77-8373C3F178E7} = {A68E61C6-5EE5-4D53-ADCA-51B667BFA9F3}
		{BF7DE0BF-3EB8-464B-9F67-E8FB53F1329B} = {37C84772-74FE-4A8A-8C5A-528040202EBD}
		{B30726FA-49FF-4027-A7D2-ECC368AF775D} = {37C84772-74FE-4A8A-8C5A-528040202EBD}
		{BC587E40-78D7-4F97-A3A7-8051E0630FF5} = {B0E7186B-EB85-49CA-A04B-C7B527676923}
		{BC9BD350-ED04-4031-B34F-FE3CBB6812EE} = {B0E7186B-EB85-49CA-A04B-C7B527676923}
		{0AB126BD-387C-445F-ADAB-CF3026AEED5C} = {B0E7186B-EB85-49CA-A04B-C7B527676923}
		{F1110341-2F97-421D-B6C5-D18EE47B5D9F} = {B0E7186B-EB85-49CA-A04B-C7B527676923}
		{EFB069F5-C312-4483-A70C-F480D75184CC} = {B0E7186B-EB85-49CA-A04B-C7B527676923}
		{AA8CB579-5BC4-4D7E-AA39-67D9556AD9A6} = {B0E7186B-EB85-49CA-A04B-C7B527676923}
		{5B3B7C2C-B6F9-40EE-80F7-77C5D03892D7} = {37C84772-74FE-4A8A-8C5A-528040202EBD}
		{31D43021-281A-4C53-B308-03C92715C034} = {37C84772-74FE-4A8A-8C5A-528040202EBD}
		{BAD10416-7A8C-4443-BF4E-C0E6E3F65916} = {93832915-FE03-4814-AE17-A9EF5848A82F}
		{5FE1733A-AE9F-494B-AD2E-C0DA7419C2F4} = {37C84772-74FE-4A8A-8C5A-528040202EBD}
	EndGlobalSection
EndGlobal
