
Microsoft Visual Studio Solution File, Format Version 12.00
Project("{FAE04EC0-301F-11D3-BF4B-00C04F79EFBC}") = "Entities", "Entities\Entities.csproj", "{5ABE9D23-26D7-4FD2-9C0D-09F5CA76FC9D}"
EndProject
Project("{FAE04EC0-301F-11D3-BF4B-00C04F79EFBC}") = "Repository", "Repository\Repository.csproj", "{EFDD4B03-DB06-4F17-9AF7-3B8EB81231DC}"
EndProject
Project("{FAE04EC0-301F-11D3-BF4B-00C04F79EFBC}") = "Repository.Interfaces", "Repository.Interfaces\Repository.Interfaces.csproj", "{CD42E2E0-EBDA-4986-9336-2CAEB9B6D260}"
EndProject
Project("{FAE04EC0-301F-11D3-BF4B-00C04F79EFBC}") = "Reposiory.Exceptions", "Reposiory.Exceptions\Reposiory.Exceptions.csproj", "{02166680-B4B1-4A16-B98E-D247DFA38421}"
EndProject
Project("{FAE04EC0-301F-11D3-BF4B-00C04F79EFBC}") = "DatabaseService.Unit.Tests", "DatabaseService.Unit.Tests\DatabaseService.Unit.Tests.csproj", "{9456C6A1-E599-439E-8F7E-9CB8D80B2ED8}"
EndProject
Project("{FAE04EC0-301F-11D3-BF4B-00C04F79EFBC}") = "Repository.Int.Tests", "Repository.Int.Tests\Repository.Int.Tests.csproj", "{9590A3D0-558F-4205-AC3D-FF25BF06A335}"
EndProject
Project("{FAE04EC0-301F-11D3-BF4B-00C04F79EFBC}") = "Model.Unit.Tests", "Model.Unit.Tests\Model.Unit.Tests.csproj", "{1397B1EE-337C-4830-B50F-E6BFCAB04AE5}"
EndProject
Project("{FAE04EC0-301F-11D3-BF4B-00C04F79EFBC}") = "Mappers", "Mappers\Mappers.csproj", "{CB41DD6A-80C3-409D-8052-F2BFE69D26DC}"
EndProject
Project("{FAE04EC0-301F-11D3-BF4B-00C04F79EFBC}") = "Entities.Unit.Tests", "Entities.Unit.Tests\Entities.Unit.Tests.csproj", "{EB6BD738-7055-41A4-8572-ACE4C42C1DD0}"
EndProject
Project("{FAE04EC0-301F-11D3-BF4B-00C04F79EFBC}") = "Dtos.Unit.Tests", "Dtos.Unit.Tests\Dtos.Unit.Tests.csproj", "{D53DEFE4-23CC-4483-9DA7-4F1D0078A619}"
EndProject
Project("{FAE04EC0-301F-11D3-BF4B-00C04F79EFBC}") = "Dtos", "Dtos\Dtos.csproj", "{FDF2EB98-6CC9-4B91-B51B-858BB4609777}"
EndProject
Project("{2150E333-8FDC-42A3-9474-1A3956D46DE8}") = "SolutionItems", "SolutionItems", "{43B5B312-B2BE-42F0-B981-0BDAE6499177}"
	ProjectSection(SolutionItems) = preProject
		.gitignore = .gitignore
	EndProjectSection
EndProject
Project("{2150E333-8FDC-42A3-9474-1A3956D46DE8}") = "SourceFormats", "SourceFormats", "{37C84772-74FE-4A8A-8C5A-528040202EBD}"
EndProject
Project("{FAE04EC0-301F-11D3-BF4B-00C04F79EFBC}") = "Ctx", "Ctx\Ctx.csproj", "{1F42D2B6-2980-4C92-8CC9-38E8135E9748}"
EndProject
Project("{FAE04EC0-301F-11D3-BF4B-00C04F79EFBC}") = "ValidatorService", "ValidatorService\ValidatorService.csproj", "{24456D2A-3543-4F5C-A57A-C279F02FFB85}"
EndProject
Project("{2150E333-8FDC-42A3-9474-1A3956D46DE8}") = "Utils", "Utils", "{A68E61C6-5EE5-4D53-ADCA-51B667BFA9F3}"
EndProject
Project("{FAE04EC0-301F-11D3-BF4B-00C04F79EFBC}") = "Guards", "Guards\Guards.csproj", "{2D9C0013-8E7E-409C-881C-6581C4D24605}"
EndProject
Global
	GlobalSection(SolutionConfigurationPlatforms) = preSolution
		Debug|Any CPU = Debug|Any CPU
		Release|Any CPU = Release|Any CPU
	EndGlobalSection
	GlobalSection(ProjectConfigurationPlatforms) = postSolution
		{5ABE9D23-26D7-4FD2-9C0D-09F5CA76FC9D}.Debug|Any CPU.ActiveCfg = Debug|Any CPU
		{5ABE9D23-26D7-4FD2-9C0D-09F5CA76FC9D}.Debug|Any CPU.Build.0 = Debug|Any CPU
		{5ABE9D23-26D7-4FD2-9C0D-09F5CA76FC9D}.Release|Any CPU.ActiveCfg = Release|Any CPU
		{5ABE9D23-26D7-4FD2-9C0D-09F5CA76FC9D}.Release|Any CPU.Build.0 = Release|Any CPU
		{EFDD4B03-DB06-4F17-9AF7-3B8EB81231DC}.Debug|Any CPU.ActiveCfg = Debug|Any CPU
		{EFDD4B03-DB06-4F17-9AF7-3B8EB81231DC}.Debug|Any CPU.Build.0 = Debug|Any CPU
		{EFDD4B03-DB06-4F17-9AF7-3B8EB81231DC}.Release|Any CPU.ActiveCfg = Release|Any CPU
		{EFDD4B03-DB06-4F17-9AF7-3B8EB81231DC}.Release|Any CPU.Build.0 = Release|Any CPU
		{CD42E2E0-EBDA-4986-9336-2CAEB9B6D260}.Debug|Any CPU.ActiveCfg = Debug|Any CPU
		{CD42E2E0-EBDA-4986-9336-2CAEB9B6D260}.Debug|Any CPU.Build.0 = Debug|Any CPU
		{CD42E2E0-EBDA-4986-9336-2CAEB9B6D260}.Release|Any CPU.ActiveCfg = Release|Any CPU
		{CD42E2E0-EBDA-4986-9336-2CAEB9B6D260}.Release|Any CPU.Build.0 = Release|Any CPU
		{02166680-B4B1-4A16-B98E-D247DFA38421}.Debug|Any CPU.ActiveCfg = Debug|Any CPU
		{02166680-B4B1-4A16-B98E-D247DFA38421}.Debug|Any CPU.Build.0 = Debug|Any CPU
		{02166680-B4B1-4A16-B98E-D247DFA38421}.Release|Any CPU.ActiveCfg = Release|Any CPU
		{02166680-B4B1-4A16-B98E-D247DFA38421}.Release|Any CPU.Build.0 = Release|Any CPU
		{9456C6A1-E599-439E-8F7E-9CB8D80B2ED8}.Debug|Any CPU.ActiveCfg = Debug|Any CPU
		{9456C6A1-E599-439E-8F7E-9CB8D80B2ED8}.Debug|Any CPU.Build.0 = Debug|Any CPU
		{9456C6A1-E599-439E-8F7E-9CB8D80B2ED8}.Release|Any CPU.ActiveCfg = Release|Any CPU
		{9456C6A1-E599-439E-8F7E-9CB8D80B2ED8}.Release|Any CPU.Build.0 = Release|Any CPU
		{9590A3D0-558F-4205-AC3D-FF25BF06A335}.Debug|Any CPU.ActiveCfg = Debug|Any CPU
		{9590A3D0-558F-4205-AC3D-FF25BF06A335}.Debug|Any CPU.Build.0 = Debug|Any CPU
		{9590A3D0-558F-4205-AC3D-FF25BF06A335}.Release|Any CPU.ActiveCfg = Release|Any CPU
		{9590A3D0-558F-4205-AC3D-FF25BF06A335}.Release|Any CPU.Build.0 = Release|Any CPU
		{1397B1EE-337C-4830-B50F-E6BFCAB04AE5}.Debug|Any CPU.ActiveCfg = Debug|Any CPU
		{1397B1EE-337C-4830-B50F-E6BFCAB04AE5}.Debug|Any CPU.Build.0 = Debug|Any CPU
		{1397B1EE-337C-4830-B50F-E6BFCAB04AE5}.Release|Any CPU.ActiveCfg = Release|Any CPU
		{1397B1EE-337C-4830-B50F-E6BFCAB04AE5}.Release|Any CPU.Build.0 = Release|Any CPU
		{CB41DD6A-80C3-409D-8052-F2BFE69D26DC}.Debug|Any CPU.ActiveCfg = Debug|Any CPU
		{CB41DD6A-80C3-409D-8052-F2BFE69D26DC}.Debug|Any CPU.Build.0 = Debug|Any CPU
		{CB41DD6A-80C3-409D-8052-F2BFE69D26DC}.Release|Any CPU.ActiveCfg = Release|Any CPU
		{CB41DD6A-80C3-409D-8052-F2BFE69D26DC}.Release|Any CPU.Build.0 = Release|Any CPU
		{EB6BD738-7055-41A4-8572-ACE4C42C1DD0}.Debug|Any CPU.ActiveCfg = Debug|Any CPU
		{EB6BD738-7055-41A4-8572-ACE4C42C1DD0}.Debug|Any CPU.Build.0 = Debug|Any CPU
		{EB6BD738-7055-41A4-8572-ACE4C42C1DD0}.Release|Any CPU.ActiveCfg = Release|Any CPU
		{EB6BD738-7055-41A4-8572-ACE4C42C1DD0}.Release|Any CPU.Build.0 = Release|Any CPU
		{D53DEFE4-23CC-4483-9DA7-4F1D0078A619}.Debug|Any CPU.ActiveCfg = Debug|Any CPU
		{D53DEFE4-23CC-4483-9DA7-4F1D0078A619}.Debug|Any CPU.Build.0 = Debug|Any CPU
		{D53DEFE4-23CC-4483-9DA7-4F1D0078A619}.Release|Any CPU.ActiveCfg = Release|Any CPU
		{D53DEFE4-23CC-4483-9DA7-4F1D0078A619}.Release|Any CPU.Build.0 = Release|Any CPU
		{FDF2EB98-6CC9-4B91-B51B-858BB4609777}.Debug|Any CPU.ActiveCfg = Debug|Any CPU
		{FDF2EB98-6CC9-4B91-B51B-858BB4609777}.Debug|Any CPU.Build.0 = Debug|Any CPU
		{FDF2EB98-6CC9-4B91-B51B-858BB4609777}.Release|Any CPU.ActiveCfg = Release|Any CPU
		{FDF2EB98-6CC9-4B91-B51B-858BB4609777}.Release|Any CPU.Build.0 = Release|Any CPU
		{1F42D2B6-2980-4C92-8CC9-38E8135E9748}.Debug|Any CPU.ActiveCfg = Debug|Any CPU
		{1F42D2B6-2980-4C92-8CC9-38E8135E9748}.Debug|Any CPU.Build.0 = Debug|Any CPU
		{1F42D2B6-2980-4C92-8CC9-38E8135E9748}.Release|Any CPU.ActiveCfg = Release|Any CPU
		{1F42D2B6-2980-4C92-8CC9-38E8135E9748}.Release|Any CPU.Build.0 = Release|Any CPU
		{24456D2A-3543-4F5C-A57A-C279F02FFB85}.Debug|Any CPU.ActiveCfg = Debug|Any CPU
		{24456D2A-3543-4F5C-A57A-C279F02FFB85}.Debug|Any CPU.Build.0 = Debug|Any CPU
		{24456D2A-3543-4F5C-A57A-C279F02FFB85}.Release|Any CPU.ActiveCfg = Release|Any CPU
		{24456D2A-3543-4F5C-A57A-C279F02FFB85}.Release|Any CPU.Build.0 = Release|Any CPU
		{2D9C0013-8E7E-409C-881C-6581C4D24605}.Debug|Any CPU.ActiveCfg = Debug|Any CPU
		{2D9C0013-8E7E-409C-881C-6581C4D24605}.Debug|Any CPU.Build.0 = Debug|Any CPU
		{2D9C0013-8E7E-409C-881C-6581C4D24605}.Release|Any CPU.ActiveCfg = Release|Any CPU
		{2D9C0013-8E7E-409C-881C-6581C4D24605}.Release|Any CPU.Build.0 = Release|Any CPU
	EndGlobalSection
	GlobalSection(NestedProjects) = preSolution
		{EFDD4B03-DB06-4F17-9AF7-3B8EB81231DC} = {37C84772-74FE-4A8A-8C5A-528040202EBD}
		{02166680-B4B1-4A16-B98E-D247DFA38421} = {37C84772-74FE-4A8A-8C5A-528040202EBD}
		{9590A3D0-558F-4205-AC3D-FF25BF06A335} = {37C84772-74FE-4A8A-8C5A-528040202EBD}
		{CD42E2E0-EBDA-4986-9336-2CAEB9B6D260} = {37C84772-74FE-4A8A-8C5A-528040202EBD}
		{9456C6A1-E599-439E-8F7E-9CB8D80B2ED8} = {37C84772-74FE-4A8A-8C5A-528040202EBD}
		{FDF2EB98-6CC9-4B91-B51B-858BB4609777} = {37C84772-74FE-4A8A-8C5A-528040202EBD}
		{D53DEFE4-23CC-4483-9DA7-4F1D0078A619} = {37C84772-74FE-4A8A-8C5A-528040202EBD}
		{CB41DD6A-80C3-409D-8052-F2BFE69D26DC} = {37C84772-74FE-4A8A-8C5A-528040202EBD}
		{EB6BD738-7055-41A4-8572-ACE4C42C1DD0} = {37C84772-74FE-4A8A-8C5A-528040202EBD}
		{5ABE9D23-26D7-4FD2-9C0D-09F5CA76FC9D} = {37C84772-74FE-4A8A-8C5A-528040202EBD}
		{1397B1EE-337C-4830-B50F-E6BFCAB04AE5} = {37C84772-74FE-4A8A-8C5A-528040202EBD}
		{1F42D2B6-2980-4C92-8CC9-38E8135E9748} = {37C84772-74FE-4A8A-8C5A-528040202EBD}
		{24456D2A-3543-4F5C-A57A-C279F02FFB85} = {37C84772-74FE-4A8A-8C5A-528040202EBD}
		{2D9C0013-8E7E-409C-881C-6581C4D24605} = {A68E61C6-5EE5-4D53-ADCA-51B667BFA9F3}
	EndGlobalSection
EndGlobal
