
Microsoft Visual Studio Solution File, Format Version 12.00
Project("{FAE04EC0-301F-11D3-BF4B-00C04F79EFBC}") = "Entities", "Entities\Entities.csproj", "{5ABE9D23-26D7-4FD2-9C0D-09F5CA76FC9D}"
EndProject
Project("{FAE04EC0-301F-11D3-BF4B-00C04F79EFBC}") = "Repository", "Repository\Repository.csproj", "{EFDD4B03-DB06-4F17-9AF7-3B8EB81231DC}"
EndProject
Project("{FAE04EC0-301F-11D3-BF4B-00C04F79EFBC}") = "Repository.Interfaces", "Repository.Interfaces\Repository.Interfaces.csproj", "{CD42E2E0-EBDA-4986-9336-2CAEB9B6D260}"
EndProject
Project("{FAE04EC0-301F-11D3-BF4B-00C04F79EFBC}") = "Reposiory.Exceptions", "Reposiory.Exceptions\Reposiory.Exceptions.csproj", "{02166680-B4B1-4A16-B98E-D247DFA38421}"
EndProject
Project("{FAE04EC0-301F-11D3-BF4B-00C04F79EFBC}") = "Repository.Int.Tests", "Repository.Int.Tests\Repository.Int.Tests.csproj", "{9590A3D0-558F-4205-AC3D-FF25BF06A335}"
EndProject
Project("{FAE04EC0-301F-11D3-BF4B-00C04F79EFBC}") = "Mappers", "Mappers\Mappers.csproj", "{CB41DD6A-80C3-409D-8052-F2BFE69D26DC}"
EndProject
Project("{FAE04EC0-301F-11D3-BF4B-00C04F79EFBC}") = "Entities.Unit.Tests", "Entities.Unit.Tests\Entities.Unit.Tests.csproj", "{EB6BD738-7055-41A4-8572-ACE4C42C1DD0}"
EndProject
Project("{FAE04EC0-301F-11D3-BF4B-00C04F79EFBC}") = "Dtos.Unit.Tests", "Dtos.Unit.Tests\Dtos.Unit.Tests.csproj", "{D53DEFE4-23CC-4483-9DA7-4F1D0078A619}"
EndProject
Project("{FAE04EC0-301F-11D3-BF4B-00C04F79EFBC}") = "Dtos", "Dtos\Dtos.csproj", "{FDF2EB98-6CC9-4B91-B51B-858BB4609777}"
EndProject
Project("{2150E333-8FDC-42A3-9474-1A3956D46DE8}") = "SolutionItems", "SolutionItems", "{43B5B312-B2BE-42F0-B981-0BDAE6499177}"
	ProjectSection(SolutionItems) = preProject
		.gitignore = .gitignore
		.editorconfig = .editorconfig
		.globalconfig = .globalconfig
	EndProjectSection
EndProject
Project("{2150E333-8FDC-42A3-9474-1A3956D46DE8}") = "SourceFormats", "SourceFormats", "{37C84772-74FE-4A8A-8C5A-528040202EBD}"
EndProject
Project("{FAE04EC0-301F-11D3-BF4B-00C04F79EFBC}") = "Ctx", "Ctx\Ctx.csproj", "{1F42D2B6-2980-4C92-8CC9-38E8135E9748}"
EndProject
Project("{FAE04EC0-301F-11D3-BF4B-00C04F79EFBC}") = "ValidatorService", "ValidatorService\ValidatorService.csproj", "{24456D2A-3543-4F5C-A57A-C279F02FFB85}"
EndProject
Project("{2150E333-8FDC-42A3-9474-1A3956D46DE8}") = "Utils", "Utils", "{A68E61C6-5EE5-4D53-ADCA-51B667BFA9F3}"
EndProject
Project("{FAE04EC0-301F-11D3-BF4B-00C04F79EFBC}") = "Guards", "Guards\Guards.csproj", "{2D9C0013-8E7E-409C-881C-6581C4D24605}"
EndProject
Project("{FAE04EC0-301F-11D3-BF4B-00C04F79EFBC}") = "Repository.Unit.Tests", "Repository.Unit.Tests\Repository.Unit.Tests.csproj", "{DC1A18A5-EC00-49E5-9E89-32B26BE642A6}"
EndProject
Project("{FAE04EC0-301F-11D3-BF4B-00C04F79EFBC}") = "SourceFormatsService", "SourceFormatsService\SourceFormatsService.csproj", "{3892AA03-4AAF-4281-8130-B78CCB446886}"
EndProject
Project("{FAE04EC0-301F-11D3-BF4B-00C04F79EFBC}") = "SourceFormatsService.Exceptions", "SourceFormatsService.Exceptions\SourceFormatsService.Exceptions.csproj", "{9712B2DA-6428-4AA2-8C80-E7CBD406E912}"
EndProject
Project("{FAE04EC0-301F-11D3-BF4B-00C04F79EFBC}") = "SourceFormatsService.Interfaces", "SourceFormatsService.Interfaces\SourceFormatsService.Interfaces.csproj", "{C1C2A36C-4C45-4180-87CE-CF0F98C0E2F3}"
EndProject
Project("{FAE04EC0-301F-11D3-BF4B-00C04F79EFBC}") = "SourceFormatsService.Unit.Tests", "SourceFormatsService.Unit.Tests\SourceFormatsService.Unit.Tests.csproj", "{9F5D34DE-ACEB-4747-8F4B-D580896168DA}"
EndProject
Project("{FAE04EC0-301F-11D3-BF4B-00C04F79EFBC}") = "SourceFormatsService.Int.Tests", "SourceFormatsService.Int.Tests\SourceFormatsService.Int.Tests.csproj", "{C931E5E1-5BF3-4171-BAC2-94CD6793A4BB}"
EndProject
Project("{FAE04EC0-301F-11D3-BF4B-00C04F79EFBC}") = "SourceFormatsCacheService", "SourceFormatsCacheService\SourceFormatsCacheService.csproj", "{F246C63B-85CC-429F-A0C1-983D81F9068B}"
EndProject
Project("{FAE04EC0-301F-11D3-BF4B-00C04F79EFBC}") = "SourceFormatsCacheService.Interfaces", "SourceFormatsCacheService.Interfaces\SourceFormatsCacheService.Interfaces.csproj", "{F8B9010C-87AC-4A4F-BD43-698E6132EC39}"
EndProject
Project("{FAE04EC0-301F-11D3-BF4B-00C04F79EFBC}") = "SourceFormatsCacheService.Unit.Tests", "SourceFormatsCacheService.Unit.Tests\SourceFormatsCacheService.Unit.Tests.csproj", "{F988DD51-7102-438A-88DD-A99B292D7257}"
EndProject
Project("{FAE04EC0-301F-11D3-BF4B-00C04F79EFBC}") = "SourceFormatsCacheService.Int.Tests", "SourceFormatsCacheService.Int.Tests\SourceFormatsCacheService.Int.Tests.csproj", "{70185675-CCB2-4A8F-B755-D8FDE40EE137}"
EndProject
Project("{FAE04EC0-301F-11D3-BF4B-00C04F79EFBC}") = "Mappers.Interfaces", "Mappers.Interfaces\Mappers.Interfaces.csproj", "{413670BC-ACF2-49F2-A6A2-E5BE46485587}"
EndProject
Project("{FAE04EC0-301F-11D3-BF4B-00C04F79EFBC}") = "Mappers.Exceptions", "Mappers.Exceptions\Mappers.Exceptions.csproj", "{B4B35D2C-AF38-48EF-8006-46D4A9650BEF}"
EndProject
Project("{FAE04EC0-301F-11D3-BF4B-00C04F79EFBC}") = "Mappers.Unit.Tests", "Mappers.Unit.Tests\Mappers.Unit.Tests.csproj", "{2B05A1C8-DF06-4BCF-96F5-B03CF09147CF}"
EndProject
Project("{2150E333-8FDC-42A3-9474-1A3956D46DE8}") = "Host", "Host", "{93832915-FE03-4814-AE17-A9EF5848A82F}"
EndProject
Project("{FAE04EC0-301F-11D3-BF4B-00C04F79EFBC}") = "Host", "Host\Host\Host.csproj", "{9B4E8F28-F877-4C53-854A-63523D74F9C9}"
EndProject
Project("{FAE04EC0-301F-11D3-BF4B-00C04F79EFBC}") = "Api", "SourceFormats\Api\Api.csproj", "{E5435A2E-9B93-4F3C-80A6-49FCB4D1A1CB}"
EndProject
Project("{FAE04EC0-301F-11D3-BF4B-00C04F79EFBC}") = "SourceFormatsCacheService.Exceptions", "SourceFormats\SourceFormatsCacheService.Exceptions\SourceFormatsCacheService.Exceptions.csproj", "{512B0081-6653-4217-AD3B-536C0A9E86B3}"
EndProject
Project("{FAE04EC0-301F-11D3-BF4B-00C04F79EFBC}") = "Controllers", "SourceFormats\Controllers\Controllers.csproj", "{27063FD5-6C79-4C1E-B3A9-ABDBBFB80018}"
EndProject
Global
	GlobalSection(SolutionConfigurationPlatforms) = preSolution
		Debug|Any CPU = Debug|Any CPU
		Release|Any CPU = Release|Any CPU
	EndGlobalSection
	GlobalSection(ProjectConfigurationPlatforms) = postSolution
		{5ABE9D23-26D7-4FD2-9C0D-09F5CA76FC9D}.Debug|Any CPU.ActiveCfg = Debug|Any CPU
		{5ABE9D23-26D7-4FD2-9C0D-09F5CA76FC9D}.Debug|Any CPU.Build.0 = Debug|Any CPU
		{5ABE9D23-26D7-4FD2-9C0D-09F5CA76FC9D}.Release|Any CPU.ActiveCfg = Release|Any CPU
		{5ABE9D23-26D7-4FD2-9C0D-09F5CA76FC9D}.Release|Any CPU.Build.0 = Release|Any CPU
		{EFDD4B03-DB06-4F17-9AF7-3B8EB81231DC}.Debug|Any CPU.ActiveCfg = Debug|Any CPU
		{EFDD4B03-DB06-4F17-9AF7-3B8EB81231DC}.Debug|Any CPU.Build.0 = Debug|Any CPU
		{EFDD4B03-DB06-4F17-9AF7-3B8EB81231DC}.Release|Any CPU.ActiveCfg = Release|Any CPU
		{EFDD4B03-DB06-4F17-9AF7-3B8EB81231DC}.Release|Any CPU.Build.0 = Release|Any CPU
		{CD42E2E0-EBDA-4986-9336-2CAEB9B6D260}.Debug|Any CPU.ActiveCfg = Debug|Any CPU
		{CD42E2E0-EBDA-4986-9336-2CAEB9B6D260}.Debug|Any CPU.Build.0 = Debug|Any CPU
		{CD42E2E0-EBDA-4986-9336-2CAEB9B6D260}.Release|Any CPU.ActiveCfg = Release|Any CPU
		{CD42E2E0-EBDA-4986-9336-2CAEB9B6D260}.Release|Any CPU.Build.0 = Release|Any CPU
		{02166680-B4B1-4A16-B98E-D247DFA38421}.Debug|Any CPU.ActiveCfg = Debug|Any CPU
		{02166680-B4B1-4A16-B98E-D247DFA38421}.Debug|Any CPU.Build.0 = Debug|Any CPU
		{02166680-B4B1-4A16-B98E-D247DFA38421}.Release|Any CPU.ActiveCfg = Release|Any CPU
		{02166680-B4B1-4A16-B98E-D247DFA38421}.Release|Any CPU.Build.0 = Release|Any CPU
		{9590A3D0-558F-4205-AC3D-FF25BF06A335}.Debug|Any CPU.ActiveCfg = Debug|Any CPU
		{9590A3D0-558F-4205-AC3D-FF25BF06A335}.Debug|Any CPU.Build.0 = Debug|Any CPU
		{9590A3D0-558F-4205-AC3D-FF25BF06A335}.Release|Any CPU.ActiveCfg = Release|Any CPU
		{9590A3D0-558F-4205-AC3D-FF25BF06A335}.Release|Any CPU.Build.0 = Release|Any CPU
		{CB41DD6A-80C3-409D-8052-F2BFE69D26DC}.Debug|Any CPU.ActiveCfg = Debug|Any CPU
		{CB41DD6A-80C3-409D-8052-F2BFE69D26DC}.Debug|Any CPU.Build.0 = Debug|Any CPU
		{CB41DD6A-80C3-409D-8052-F2BFE69D26DC}.Release|Any CPU.ActiveCfg = Release|Any CPU
		{CB41DD6A-80C3-409D-8052-F2BFE69D26DC}.Release|Any CPU.Build.0 = Release|Any CPU
		{EB6BD738-7055-41A4-8572-ACE4C42C1DD0}.Debug|Any CPU.ActiveCfg = Debug|Any CPU
		{EB6BD738-7055-41A4-8572-ACE4C42C1DD0}.Debug|Any CPU.Build.0 = Debug|Any CPU
		{EB6BD738-7055-41A4-8572-ACE4C42C1DD0}.Release|Any CPU.ActiveCfg = Release|Any CPU
		{EB6BD738-7055-41A4-8572-ACE4C42C1DD0}.Release|Any CPU.Build.0 = Release|Any CPU
		{D53DEFE4-23CC-4483-9DA7-4F1D0078A619}.Debug|Any CPU.ActiveCfg = Debug|Any CPU
		{D53DEFE4-23CC-4483-9DA7-4F1D0078A619}.Debug|Any CPU.Build.0 = Debug|Any CPU
		{D53DEFE4-23CC-4483-9DA7-4F1D0078A619}.Release|Any CPU.ActiveCfg = Release|Any CPU
		{D53DEFE4-23CC-4483-9DA7-4F1D0078A619}.Release|Any CPU.Build.0 = Release|Any CPU
		{FDF2EB98-6CC9-4B91-B51B-858BB4609777}.Debug|Any CPU.ActiveCfg = Debug|Any CPU
		{FDF2EB98-6CC9-4B91-B51B-858BB4609777}.Debug|Any CPU.Build.0 = Debug|Any CPU
		{FDF2EB98-6CC9-4B91-B51B-858BB4609777}.Release|Any CPU.ActiveCfg = Release|Any CPU
		{FDF2EB98-6CC9-4B91-B51B-858BB4609777}.Release|Any CPU.Build.0 = Release|Any CPU
		{1F42D2B6-2980-4C92-8CC9-38E8135E9748}.Debug|Any CPU.ActiveCfg = Debug|Any CPU
		{1F42D2B6-2980-4C92-8CC9-38E8135E9748}.Debug|Any CPU.Build.0 = Debug|Any CPU
		{1F42D2B6-2980-4C92-8CC9-38E8135E9748}.Release|Any CPU.ActiveCfg = Release|Any CPU
		{1F42D2B6-2980-4C92-8CC9-38E8135E9748}.Release|Any CPU.Build.0 = Release|Any CPU
		{24456D2A-3543-4F5C-A57A-C279F02FFB85}.Debug|Any CPU.ActiveCfg = Debug|Any CPU
		{24456D2A-3543-4F5C-A57A-C279F02FFB85}.Debug|Any CPU.Build.0 = Debug|Any CPU
		{24456D2A-3543-4F5C-A57A-C279F02FFB85}.Release|Any CPU.ActiveCfg = Release|Any CPU
		{24456D2A-3543-4F5C-A57A-C279F02FFB85}.Release|Any CPU.Build.0 = Release|Any CPU
		{2D9C0013-8E7E-409C-881C-6581C4D24605}.Debug|Any CPU.ActiveCfg = Debug|Any CPU
		{2D9C0013-8E7E-409C-881C-6581C4D24605}.Debug|Any CPU.Build.0 = Debug|Any CPU
		{2D9C0013-8E7E-409C-881C-6581C4D24605}.Release|Any CPU.ActiveCfg = Release|Any CPU
		{2D9C0013-8E7E-409C-881C-6581C4D24605}.Release|Any CPU.Build.0 = Release|Any CPU
		{DC1A18A5-EC00-49E5-9E89-32B26BE642A6}.Debug|Any CPU.ActiveCfg = Debug|Any CPU
		{DC1A18A5-EC00-49E5-9E89-32B26BE642A6}.Debug|Any CPU.Build.0 = Debug|Any CPU
		{DC1A18A5-EC00-49E5-9E89-32B26BE642A6}.Release|Any CPU.ActiveCfg = Release|Any CPU
		{DC1A18A5-EC00-49E5-9E89-32B26BE642A6}.Release|Any CPU.Build.0 = Release|Any CPU
		{3892AA03-4AAF-4281-8130-B78CCB446886}.Debug|Any CPU.ActiveCfg = Debug|Any CPU
		{3892AA03-4AAF-4281-8130-B78CCB446886}.Debug|Any CPU.Build.0 = Debug|Any CPU
		{3892AA03-4AAF-4281-8130-B78CCB446886}.Release|Any CPU.ActiveCfg = Release|Any CPU
		{3892AA03-4AAF-4281-8130-B78CCB446886}.Release|Any CPU.Build.0 = Release|Any CPU
		{9712B2DA-6428-4AA2-8C80-E7CBD406E912}.Debug|Any CPU.ActiveCfg = Debug|Any CPU
		{9712B2DA-6428-4AA2-8C80-E7CBD406E912}.Debug|Any CPU.Build.0 = Debug|Any CPU
		{9712B2DA-6428-4AA2-8C80-E7CBD406E912}.Release|Any CPU.ActiveCfg = Release|Any CPU
		{9712B2DA-6428-4AA2-8C80-E7CBD406E912}.Release|Any CPU.Build.0 = Release|Any CPU
		{C1C2A36C-4C45-4180-87CE-CF0F98C0E2F3}.Debug|Any CPU.ActiveCfg = Debug|Any CPU
		{C1C2A36C-4C45-4180-87CE-CF0F98C0E2F3}.Debug|Any CPU.Build.0 = Debug|Any CPU
		{C1C2A36C-4C45-4180-87CE-CF0F98C0E2F3}.Release|Any CPU.ActiveCfg = Release|Any CPU
		{C1C2A36C-4C45-4180-87CE-CF0F98C0E2F3}.Release|Any CPU.Build.0 = Release|Any CPU
		{9F5D34DE-ACEB-4747-8F4B-D580896168DA}.Debug|Any CPU.ActiveCfg = Debug|Any CPU
		{9F5D34DE-ACEB-4747-8F4B-D580896168DA}.Debug|Any CPU.Build.0 = Debug|Any CPU
		{9F5D34DE-ACEB-4747-8F4B-D580896168DA}.Release|Any CPU.ActiveCfg = Release|Any CPU
		{9F5D34DE-ACEB-4747-8F4B-D580896168DA}.Release|Any CPU.Build.0 = Release|Any CPU
		{C931E5E1-5BF3-4171-BAC2-94CD6793A4BB}.Debug|Any CPU.ActiveCfg = Debug|Any CPU
		{C931E5E1-5BF3-4171-BAC2-94CD6793A4BB}.Debug|Any CPU.Build.0 = Debug|Any CPU
		{C931E5E1-5BF3-4171-BAC2-94CD6793A4BB}.Release|Any CPU.ActiveCfg = Release|Any CPU
		{C931E5E1-5BF3-4171-BAC2-94CD6793A4BB}.Release|Any CPU.Build.0 = Release|Any CPU
		{F246C63B-85CC-429F-A0C1-983D81F9068B}.Debug|Any CPU.ActiveCfg = Debug|Any CPU
		{F246C63B-85CC-429F-A0C1-983D81F9068B}.Debug|Any CPU.Build.0 = Debug|Any CPU
		{F246C63B-85CC-429F-A0C1-983D81F9068B}.Release|Any CPU.ActiveCfg = Release|Any CPU
		{F246C63B-85CC-429F-A0C1-983D81F9068B}.Release|Any CPU.Build.0 = Release|Any CPU
		{F8B9010C-87AC-4A4F-BD43-698E6132EC39}.Debug|Any CPU.ActiveCfg = Debug|Any CPU
		{F8B9010C-87AC-4A4F-BD43-698E6132EC39}.Debug|Any CPU.Build.0 = Debug|Any CPU
		{F8B9010C-87AC-4A4F-BD43-698E6132EC39}.Release|Any CPU.ActiveCfg = Release|Any CPU
		{F8B9010C-87AC-4A4F-BD43-698E6132EC39}.Release|Any CPU.Build.0 = Release|Any CPU
		{F988DD51-7102-438A-88DD-A99B292D7257}.Debug|Any CPU.ActiveCfg = Debug|Any CPU
		{F988DD51-7102-438A-88DD-A99B292D7257}.Debug|Any CPU.Build.0 = Debug|Any CPU
		{F988DD51-7102-438A-88DD-A99B292D7257}.Release|Any CPU.ActiveCfg = Release|Any CPU
		{F988DD51-7102-438A-88DD-A99B292D7257}.Release|Any CPU.Build.0 = Release|Any CPU
		{70185675-CCB2-4A8F-B755-D8FDE40EE137}.Debug|Any CPU.ActiveCfg = Debug|Any CPU
		{70185675-CCB2-4A8F-B755-D8FDE40EE137}.Debug|Any CPU.Build.0 = Debug|Any CPU
		{70185675-CCB2-4A8F-B755-D8FDE40EE137}.Release|Any CPU.ActiveCfg = Release|Any CPU
		{70185675-CCB2-4A8F-B755-D8FDE40EE137}.Release|Any CPU.Build.0 = Release|Any CPU
		{413670BC-ACF2-49F2-A6A2-E5BE46485587}.Debug|Any CPU.ActiveCfg = Debug|Any CPU
		{413670BC-ACF2-49F2-A6A2-E5BE46485587}.Debug|Any CPU.Build.0 = Debug|Any CPU
		{413670BC-ACF2-49F2-A6A2-E5BE46485587}.Release|Any CPU.ActiveCfg = Release|Any CPU
		{413670BC-ACF2-49F2-A6A2-E5BE46485587}.Release|Any CPU.Build.0 = Release|Any CPU
		{B4B35D2C-AF38-48EF-8006-46D4A9650BEF}.Debug|Any CPU.ActiveCfg = Debug|Any CPU
		{B4B35D2C-AF38-48EF-8006-46D4A9650BEF}.Debug|Any CPU.Build.0 = Debug|Any CPU
		{B4B35D2C-AF38-48EF-8006-46D4A9650BEF}.Release|Any CPU.ActiveCfg = Release|Any CPU
		{B4B35D2C-AF38-48EF-8006-46D4A9650BEF}.Release|Any CPU.Build.0 = Release|Any CPU
		{2B05A1C8-DF06-4BCF-96F5-B03CF09147CF}.Debug|Any CPU.ActiveCfg = Debug|Any CPU
		{2B05A1C8-DF06-4BCF-96F5-B03CF09147CF}.Debug|Any CPU.Build.0 = Debug|Any CPU
		{2B05A1C8-DF06-4BCF-96F5-B03CF09147CF}.Release|Any CPU.ActiveCfg = Release|Any CPU
		{2B05A1C8-DF06-4BCF-96F5-B03CF09147CF}.Release|Any CPU.Build.0 = Release|Any CPU
		{9B4E8F28-F877-4C53-854A-63523D74F9C9}.Debug|Any CPU.ActiveCfg = Debug|Any CPU
		{9B4E8F28-F877-4C53-854A-63523D74F9C9}.Debug|Any CPU.Build.0 = Debug|Any CPU
		{9B4E8F28-F877-4C53-854A-63523D74F9C9}.Release|Any CPU.ActiveCfg = Release|Any CPU
		{9B4E8F28-F877-4C53-854A-63523D74F9C9}.Release|Any CPU.Build.0 = Release|Any CPU
		{E5435A2E-9B93-4F3C-80A6-49FCB4D1A1CB}.Debug|Any CPU.ActiveCfg = Debug|Any CPU
		{E5435A2E-9B93-4F3C-80A6-49FCB4D1A1CB}.Debug|Any CPU.Build.0 = Debug|Any CPU
		{E5435A2E-9B93-4F3C-80A6-49FCB4D1A1CB}.Release|Any CPU.ActiveCfg = Release|Any CPU
		{E5435A2E-9B93-4F3C-80A6-49FCB4D1A1CB}.Release|Any CPU.Build.0 = Release|Any CPU
		{512B0081-6653-4217-AD3B-536C0A9E86B3}.Debug|Any CPU.ActiveCfg = Debug|Any CPU
		{512B0081-6653-4217-AD3B-536C0A9E86B3}.Debug|Any CPU.Build.0 = Debug|Any CPU
		{512B0081-6653-4217-AD3B-536C0A9E86B3}.Release|Any CPU.ActiveCfg = Release|Any CPU
		{512B0081-6653-4217-AD3B-536C0A9E86B3}.Release|Any CPU.Build.0 = Release|Any CPU
		{27063FD5-6C79-4C1E-B3A9-ABDBBFB80018}.Debug|Any CPU.ActiveCfg = Debug|Any CPU
		{27063FD5-6C79-4C1E-B3A9-ABDBBFB80018}.Debug|Any CPU.Build.0 = Debug|Any CPU
		{27063FD5-6C79-4C1E-B3A9-ABDBBFB80018}.Release|Any CPU.ActiveCfg = Release|Any CPU
		{27063FD5-6C79-4C1E-B3A9-ABDBBFB80018}.Release|Any CPU.Build.0 = Release|Any CPU
	EndGlobalSection
	GlobalSection(NestedProjects) = preSolution
		{EFDD4B03-DB06-4F17-9AF7-3B8EB81231DC} = {37C84772-74FE-4A8A-8C5A-528040202EBD}
		{02166680-B4B1-4A16-B98E-D247DFA38421} = {37C84772-74FE-4A8A-8C5A-528040202EBD}
		{9590A3D0-558F-4205-AC3D-FF25BF06A335} = {37C84772-74FE-4A8A-8C5A-528040202EBD}
		{CD42E2E0-EBDA-4986-9336-2CAEB9B6D260} = {37C84772-74FE-4A8A-8C5A-528040202EBD}
		{FDF2EB98-6CC9-4B91-B51B-858BB4609777} = {37C84772-74FE-4A8A-8C5A-528040202EBD}
		{D53DEFE4-23CC-4483-9DA7-4F1D0078A619} = {37C84772-74FE-4A8A-8C5A-528040202EBD}
		{CB41DD6A-80C3-409D-8052-F2BFE69D26DC} = {37C84772-74FE-4A8A-8C5A-528040202EBD}
		{EB6BD738-7055-41A4-8572-ACE4C42C1DD0} = {37C84772-74FE-4A8A-8C5A-528040202EBD}
		{5ABE9D23-26D7-4FD2-9C0D-09F5CA76FC9D} = {37C84772-74FE-4A8A-8C5A-528040202EBD}
		{1F42D2B6-2980-4C92-8CC9-38E8135E9748} = {37C84772-74FE-4A8A-8C5A-528040202EBD}
		{24456D2A-3543-4F5C-A57A-C279F02FFB85} = {37C84772-74FE-4A8A-8C5A-528040202EBD}
		{2D9C0013-8E7E-409C-881C-6581C4D24605} = {A68E61C6-5EE5-4D53-ADCA-51B667BFA9F3}
		{DC1A18A5-EC00-49E5-9E89-32B26BE642A6} = {37C84772-74FE-4A8A-8C5A-528040202EBD}
		{3892AA03-4AAF-4281-8130-B78CCB446886} = {37C84772-74FE-4A8A-8C5A-528040202EBD}
		{9712B2DA-6428-4AA2-8C80-E7CBD406E912} = {37C84772-74FE-4A8A-8C5A-528040202EBD}
		{C1C2A36C-4C45-4180-87CE-CF0F98C0E2F3} = {37C84772-74FE-4A8A-8C5A-528040202EBD}
		{9F5D34DE-ACEB-4747-8F4B-D580896168DA} = {37C84772-74FE-4A8A-8C5A-528040202EBD}
		{C931E5E1-5BF3-4171-BAC2-94CD6793A4BB} = {37C84772-74FE-4A8A-8C5A-528040202EBD}
		{F246C63B-85CC-429F-A0C1-983D81F9068B} = {37C84772-74FE-4A8A-8C5A-528040202EBD}
		{F8B9010C-87AC-4A4F-BD43-698E6132EC39} = {37C84772-74FE-4A8A-8C5A-528040202EBD}
		{F988DD51-7102-438A-88DD-A99B292D7257} = {37C84772-74FE-4A8A-8C5A-528040202EBD}
		{70185675-CCB2-4A8F-B755-D8FDE40EE137} = {37C84772-74FE-4A8A-8C5A-528040202EBD}
		{413670BC-ACF2-49F2-A6A2-E5BE46485587} = {37C84772-74FE-4A8A-8C5A-528040202EBD}
		{B4B35D2C-AF38-48EF-8006-46D4A9650BEF} = {37C84772-74FE-4A8A-8C5A-528040202EBD}
		{2B05A1C8-DF06-4BCF-96F5-B03CF09147CF} = {37C84772-74FE-4A8A-8C5A-528040202EBD}
		{9B4E8F28-F877-4C53-854A-63523D74F9C9} = {93832915-FE03-4814-AE17-A9EF5848A82F}
		{E5435A2E-9B93-4F3C-80A6-49FCB4D1A1CB} = {37C84772-74FE-4A8A-8C5A-528040202EBD}
		{512B0081-6653-4217-AD3B-536C0A9E86B3} = {37C84772-74FE-4A8A-8C5A-528040202EBD}
		{27063FD5-6C79-4C1E-B3A9-ABDBBFB80018} = {37C84772-74FE-4A8A-8C5A-528040202EBD}
	EndGlobalSection
EndGlobal
