
Microsoft Visual Studio Solution File, Format Version 12.00
Project("{2150E333-8FDC-42A3-9474-1A3956D46DE8}") = "SolutionItems", "SolutionItems", "{43B5B312-B2BE-42F0-B981-0BDAE6499177}"
	ProjectSection(SolutionItems) = preProject
		.gitignore = .gitignore
		.bumpversion.cfg = .bumpversion.cfg
		CHANGELOG.md = CHANGELOG.md
		.editorconfig = .editorconfig
		.globalconfig = .globalconfig
		README.md = README.md
		.releaserc = .releaserc
		version.txt = version.txt
	EndProjectSection
EndProject
Project("{2150E333-8FDC-42A3-9474-1A3956D46DE8}") = "Document", "Document", "{37C84772-74FE-4A8A-8C5A-528040202EBD}"
EndProject
Project("{2150E333-8FDC-42A3-9474-1A3956D46DE8}") = "Utils", "Utils", "{A68E61C6-5EE5-4D53-ADCA-51B667BFA9F3}"
EndProject
Project("{FAE04EC0-301F-11D3-BF4B-00C04F79EFBC}") = "GuardsService", "Utils\GuardsService\GuardsService.csproj", "{D95496D8-08A2-4AA4-A020-AF9DB150FA6B}"
EndProject
Project("{FAE04EC0-301F-11D3-BF4B-00C04F79EFBC}") = "GuardsService.Exceptions", "Utils\GuardsService.Exceptions\GuardsService.Exceptions.csproj", "{1079F6F8-0CF8-436B-817B-0B32A9318791}"
EndProject
Project("{FAE04EC0-301F-11D3-BF4B-00C04F79EFBC}") = "GuardsService.Interfaces", "Utils\GuardsService.Interfaces\GuardsService.Interfaces.csproj", "{AE39BF10-5007-4E4E-AA87-34697E2C2842}"
EndProject
Project("{2150E333-8FDC-42A3-9474-1A3956D46DE8}") = "Services", "Services", "{F0AAEAB9-3293-43E2-AD50-7EAD0FEDBC60}"
EndProject
Project("{FAE04EC0-301F-11D3-BF4B-00C04F79EFBC}") = "Document.Ctx", "Services\Document\Document.Ctx\Document.Ctx.csproj", "{B8DC7E93-1650-4774-BB53-E5D1CF7E47C7}"
EndProject
Project("{FAE04EC0-301F-11D3-BF4B-00C04F79EFBC}") = "Document.Contracts.Input.Graphql", "Services\Document\Document.Contracts.Input.Graphql\Document.Contracts.Input.Graphql.csproj", "{95BAC05B-6AFD-4D4E-A259-4E94ED3E6D86}"
EndProject
Project("{FAE04EC0-301F-11D3-BF4B-00C04F79EFBC}") = "Document.Contracts.Input.Tests.Unit", "Services\Document\Document.Contracts.Input.Tests.Unit\Document.Contracts.Input.Tests.Unit.csproj", "{039609EF-6706-4A49-8DFB-0683AC9C75E9}"
EndProject
Project("{FAE04EC0-301F-11D3-BF4B-00C04F79EFBC}") = "Document.Entities", "Services\Document\Document.Entities\Document.Entities.csproj", "{64A70BA8-D88C-434F-ACB2-328A19D78E33}"
EndProject
Project("{FAE04EC0-301F-11D3-BF4B-00C04F79EFBC}") = "Document.Entities.Tests.Unit", "Services\Document\Document.Entities.Tests.Unit\Document.Entities.Tests.Unit.csproj", "{C1F409EE-1A95-4466-B347-12D36CBCFCA0}"
EndProject
Project("{FAE04EC0-301F-11D3-BF4B-00C04F79EFBC}") = "Document.Mappers", "Services\Document\Document.Mappers\Document.Mappers.csproj", "{D1497DDE-8AE1-4FC2-BAB0-25BF9C756A9E}"
EndProject
Project("{FAE04EC0-301F-11D3-BF4B-00C04F79EFBC}") = "Document.Mappers.Exceptions", "Services\Document\Document.Mappers.Exceptions\Document.Mappers.Exceptions.csproj", "{8005DEDD-5253-4B56-9173-B22B240CC8F2}"
EndProject
Project("{FAE04EC0-301F-11D3-BF4B-00C04F79EFBC}") = "Document.Mappers.Interfaces", "Services\Document\Document.Mappers.Interfaces\Document.Mappers.Interfaces.csproj", "{57B82E5C-4ADB-4E01-8A18-3B451510B561}"
EndProject
Project("{FAE04EC0-301F-11D3-BF4B-00C04F79EFBC}") = "Document.Mappers.Tests.Unit", "Services\Document\Document.Mappers.Tests.Unit\Document.Mappers.Tests.Unit.csproj", "{04E5C810-9D16-44AF-BBF6-C3D4291DF4EE}"
EndProject
Project("{FAE04EC0-301F-11D3-BF4B-00C04F79EFBC}") = "Document.Reposiory.Exceptions", "Services\Document\Document.Reposiory.Exceptions\Document.Reposiory.Exceptions.csproj", "{53B85F8B-0DB9-4991-9087-9B921BF76BEB}"
EndProject
Project("{FAE04EC0-301F-11D3-BF4B-00C04F79EFBC}") = "Document.Repository", "Services\Document\Document.Repository\Document.Repository.csproj", "{C0D54A3C-C64D-4C54-89FE-C3C9498CD085}"
EndProject
Project("{FAE04EC0-301F-11D3-BF4B-00C04F79EFBC}") = "Document.Repository.Interfaces", "Services\Document\Document.Repository.Interfaces\Document.Repository.Interfaces.csproj", "{9157C865-5F6C-4A7A-B580-A630D4A82747}"
EndProject
Project("{FAE04EC0-301F-11D3-BF4B-00C04F79EFBC}") = "Document.Repository.Tests.Int", "Services\Document\Document.Repository.Tests.Int\Document.Repository.Tests.Int.csproj", "{574EF022-13ED-464D-B9F7-C5DF6F36904F}"
EndProject
Project("{FAE04EC0-301F-11D3-BF4B-00C04F79EFBC}") = "Document.Repository.Tests.Unit", "Services\Document\Document.Repository.Tests.Unit\Document.Repository.Tests.Unit.csproj", "{822279B6-F32D-4EC1-8DE9-8B97979BFC26}"
EndProject
Project("{FAE04EC0-301F-11D3-BF4B-00C04F79EFBC}") = "Document.Service", "Services\Document\Document.Service\Document.Service.csproj", "{0CA84505-3E3F-46F0-AD08-80AA5BF7656D}"
EndProject
Project("{FAE04EC0-301F-11D3-BF4B-00C04F79EFBC}") = "Document.Service.Exceptions", "Services\Document\Document.Service.Exceptions\Document.Service.Exceptions.csproj", "{73EAE1FE-0CE6-4C50-9A8D-2AA0F932C782}"
EndProject
Project("{FAE04EC0-301F-11D3-BF4B-00C04F79EFBC}") = "Document.Service.Interfaces", "Services\Document\Document.Service.Interfaces\Document.Service.Interfaces.csproj", "{E09CA441-6B69-4C5D-B2A2-6FB6CDEB8B1D}"
EndProject
Project("{FAE04EC0-301F-11D3-BF4B-00C04F79EFBC}") = "Document.Service.Tests.Int", "Services\Document\Document.Service.Tests.Int\Document.Service.Tests.Int.csproj", "{377B75A5-B731-4962-8B02-99D383CE6CE6}"
EndProject
Project("{FAE04EC0-301F-11D3-BF4B-00C04F79EFBC}") = "Document.Service.Tests.Unit", "Services\Document\Document.Service.Tests.Unit\Document.Service.Tests.Unit.csproj", "{AEFFC93A-BD01-445A-84EF-6689FC63E6CB}"
EndProject
Project("{FAE04EC0-301F-11D3-BF4B-00C04F79EFBC}") = "Document.Tests.Datasets", "Services\Document\Document.Tests.Datasets\Document.Tests.Datasets.csproj", "{08112000-839D-4287-A9A1-F92F794051CA}"
EndProject
Project("{FAE04EC0-301F-11D3-BF4B-00C04F79EFBC}") = "Document.ValidatorService", "Services\Document\Document.ValidatorService\Document.ValidatorService.csproj", "{378FABB3-5200-402E-A176-8336C115E790}"
EndProject
Project("{2150E333-8FDC-42A3-9474-1A3956D46DE8}") = "IAM", "IAM", "{64582B23-FEE0-4315-B14F-A319A05BDBE5}"
EndProject
Project("{FAE04EC0-301F-11D3-BF4B-00C04F79EFBC}") = "IAM.Api", "Services\IAM\IAM.Api\IAM.Api.csproj", "{897344EC-EA16-4F99-A9D3-44BFD667789A}"
EndProject
Project("{FAE04EC0-301F-11D3-BF4B-00C04F79EFBC}") = "IAM.Repository", "Services\IAM\IAM.Repository\IAM.Repository.csproj", "{C23D4BB1-F3B7-40F7-8048-CEFD7145C947}"
EndProject
Project("{FAE04EC0-301F-11D3-BF4B-00C04F79EFBC}") = "IAM.Service", "Services\IAM\IAM.Service\IAM.Service.csproj", "{A1E7DEE9-8E1D-43AD-8BEA-4AFC9C5D8C8F}"
EndProject
Project("{FAE04EC0-301F-11D3-BF4B-00C04F79EFBC}") = "IAM.ValidationService", "Services\IAM\IAM.ValidationService\IAM.ValidationService.csproj", "{FF5FEB8B-4A63-4DAD-B4F1-A82005DA47AC}"
EndProject
Project("{FAE04EC0-301F-11D3-BF4B-00C04F79EFBC}") = "IAM.MapperService", "Services\IAM\IAM.MapperService\IAM.MapperService.csproj", "{DFD48534-37D8-4334-9C74-2970C35FE205}"
EndProject
Project("{FAE04EC0-301F-11D3-BF4B-00C04F79EFBC}") = "IAM.Entities", "Services\IAM\IAM.Entities\IAM.Entities.csproj", "{106D4CB1-2B63-4C9F-AB0A-38EFEF4AB1F7}"
EndProject
Project("{FAE04EC0-301F-11D3-BF4B-00C04F79EFBC}") = "IAM.Ctx", "Services\IAM\IAM.Ctx\IAM.Ctx.csproj", "{521FEA59-8EB2-4374-A2C9-3625DB10CB42}"
EndProject
Project("{FAE04EC0-301F-11D3-BF4B-00C04F79EFBC}") = "IAM.Dto", "Services\IAM\IAM.Dto\IAM.Dto.csproj", "{3FC54F6A-A5D1-4BD0-AC44-D3B3095AED61}"
EndProject
Project("{FAE04EC0-301F-11D3-BF4B-00C04F79EFBC}") = "IAM.Controller", "Services\IAM\IAM.Controller\IAM.Controller.csproj", "{B7579A2B-0586-4649-8C04-8E67D7987426}"
EndProject
Project("{FAE04EC0-301F-11D3-BF4B-00C04F79EFBC}") = "IAM.Controller.ViewModels", "Services\IAM\IAM.Controller.ViewModels\IAM.Controller.ViewModels.csproj", "{918331D0-C7CF-4B40-B719-0D03040AFB45}"
EndProject
Project("{FAE04EC0-301F-11D3-BF4B-00C04F79EFBC}") = "IAM.Controller.ViewModels.Tests.Unit", "Services\IAM\IAM.Controller.ViewModels.Tests.Unit\IAM.Controller.ViewModels.Tests.Unit.csproj", "{18C82B59-7011-4DE6-AFD4-1F64056A0827}"
EndProject
Project("{FAE04EC0-301F-11D3-BF4B-00C04F79EFBC}") = "IAM.Dto.Tests.Unit", "Services\IAM\IAM.Dto.Tests.Unit\IAM.Dto.Tests.Unit.csproj", "{19797B2F-0AA4-42A9-9747-EC5074AB03BE}"
EndProject
Project("{FAE04EC0-301F-11D3-BF4B-00C04F79EFBC}") = "IAM.Entities.Tests.Unit", "Services\IAM\IAM.Entities.Tests.Unit\IAM.Entities.Tests.Unit.csproj", "{9CAE9E90-EDBA-463E-A210-726917620EAA}"
EndProject
Project("{FAE04EC0-301F-11D3-BF4B-00C04F79EFBC}") = "IAM.MapperService.Interfaces", "Services\IAM\IAM.MapperService.Interfaces\IAM.MapperService.Interfaces.csproj", "{84CE8ABD-B7AD-4EC0-827D-59C876840F8A}"
EndProject
Project("{FAE04EC0-301F-11D3-BF4B-00C04F79EFBC}") = "IAM.MapperService.Exceptions", "Services\IAM\IAM.MapperService.Exceptions\IAM.MapperService.Exceptions.csproj", "{B362C25C-3F61-4C0B-BD77-4E9E742B3253}"
EndProject
Project("{FAE04EC0-301F-11D3-BF4B-00C04F79EFBC}") = "IAM.MapperService.Tests.Unit", "Services\IAM\IAM.MapperService.Tests.Unit\IAM.MapperService.Tests.Unit.csproj", "{E22F3683-B1B0-43C1-BB4C-F5D176C1DB75}"
EndProject
Project("{FAE04EC0-301F-11D3-BF4B-00C04F79EFBC}") = "IAM.MapperService.Tests.Int", "Services\IAM\IAM.MapperService.Tests.Int\IAM.MapperService.Tests.Int.csproj", "{D76CE173-EA1B-4F20-B5CB-9E5F1E8D9420}"
EndProject
Project("{FAE04EC0-301F-11D3-BF4B-00C04F79EFBC}") = "IAM.Repository.Interfaces", "Services\IAM\IAM.Repository.Interfaces\IAM.Repository.Interfaces.csproj", "{4C67BDA1-9FD8-4085-B6E8-B7B913DBBAA1}"
EndProject
Project("{FAE04EC0-301F-11D3-BF4B-00C04F79EFBC}") = "IAM.Repository.Tests.Unit", "Services\IAM\IAM.Repository.Tests.Unit\IAM.Repository.Tests.Unit.csproj", "{1F0011D8-E5FF-43C5-AE5A-D222857747BE}"
EndProject
Project("{FAE04EC0-301F-11D3-BF4B-00C04F79EFBC}") = "IAM.Repository.Tests.Int", "Services\IAM\IAM.Repository.Tests.Int\IAM.Repository.Tests.Int.csproj", "{715C2CD2-1C8C-456E-AF16-6A828EE2CD42}"
EndProject
Project("{FAE04EC0-301F-11D3-BF4B-00C04F79EFBC}") = "IAM.Repository.Exceptions", "Services\IAM\IAM.Repository.Exceptions\IAM.Repository.Exceptions.csproj", "{90027AA3-5AF5-4DB6-AF78-F063D27B40E8}"
EndProject
Project("{FAE04EC0-301F-11D3-BF4B-00C04F79EFBC}") = "IAM.Service.Exceptions", "Services\IAM\IAM.Service.Exceptions\IAM.Service.Exceptions.csproj", "{61CCE99D-C3BC-4174-839A-24D9B14C4B03}"
EndProject
Project("{FAE04EC0-301F-11D3-BF4B-00C04F79EFBC}") = "IAM.Service.Interfaces", "Services\IAM\IAM.Service.Interfaces\IAM.Service.Interfaces.csproj", "{B5E85EDA-6C99-47C6-A55C-54B021D92A84}"
EndProject
Project("{FAE04EC0-301F-11D3-BF4B-00C04F79EFBC}") = "IAM.Service.Tests.Unit", "Services\IAM\IAM.Service.Tests.Unit\IAM.Service.Tests.Unit.csproj", "{E00F4785-F1E1-4A0A-A3D8-C80C31EF2F32}"
EndProject
Project("{FAE04EC0-301F-11D3-BF4B-00C04F79EFBC}") = "IAM.Service.Tests.Int", "Services\IAM\IAM.Service.Tests.Int\IAM.Service.Tests.Int.csproj", "{7D364A92-3F83-4A75-BDAF-354AD5467485}"
EndProject
Project("{FAE04EC0-301F-11D3-BF4B-00C04F79EFBC}") = "IAM.Tests.Datasets", "Services\IAM\IAM.Tests.Datasets\IAM.Tests.Datasets.csproj", "{6A17E587-F2C5-41F1-BEE0-81E84CF704C1}"
EndProject
Project("{FAE04EC0-301F-11D3-BF4B-00C04F79EFBC}") = "IAM.Tests.E2E", "Services\IAM\IAM.Tests.E2E\IAM.Tests.E2E.csproj", "{EB02B7AF-7B08-4187-B638-6DFA5864E80F}"
EndProject
Project("{FAE04EC0-301F-11D3-BF4B-00C04F79EFBC}") = "Document.Graphql.Host", "Services\Document\Document.Graphql.Host\Document.Graphql.Host.csproj", "{D52F815A-F5FF-4C48-9EC9-3D4E8D6278E6}"
EndProject
Project("{FAE04EC0-301F-11D3-BF4B-00C04F79EFBC}") = "Document.Specification.Endpoints.Graphql", "Services\Document\Document.Specification.Endpoints.Graphql\Document.Specification.Endpoints.Graphql.csproj", "{79F22CDE-F85A-43C6-8950-1E1FD62C949E}"
EndProject
Project("{FAE04EC0-301F-11D3-BF4B-00C04F79EFBC}") = "Document.Graphql.Types.RootTypes", "Services\Document\Document.Graphql.Types.RootTypes\Document.Graphql.Types.RootTypes.csproj", "{7AFC8AE2-F630-4A3F-8C5C-0CCC80E3E8F2}"
EndProject
Project("{FAE04EC0-301F-11D3-BF4B-00C04F79EFBC}") = "Document.Graphql.Resolvers", "Services\Document\Document.Graphql.Resolvers\Document.Graphql.Resolvers.csproj", "{AD6D81DE-EDE1-4570-895E-455FA4B73B74}"
EndProject
Project("{FAE04EC0-301F-11D3-BF4B-00C04F79EFBC}") = "Document.Graphql.ErrorFilters", "Services\Document\Document.Graphql.ErrorFilters\Document.Graphql.ErrorFilters.csproj", "{06C6F0B4-C569-4DC9-895E-A6D9EEA55038}"
EndProject
Project("{FAE04EC0-301F-11D3-BF4B-00C04F79EFBC}") = "Document.Graphql.Arguments", "Services\Document\Document.Graphql.Arguments\Document.Graphql.Arguments.csproj", "{577B73B8-0CFA-4766-9D84-8B940FFBC4B7}"
EndProject
Project("{FAE04EC0-301F-11D3-BF4B-00C04F79EFBC}") = "Document.Errors", "Services\Document\Document.Errors\Document.Errors.csproj", "{93339F64-D864-4FA7-8543-2EE89DF34864}"
EndProject
Project("{FAE04EC0-301F-11D3-BF4B-00C04F79EFBC}") = "Document.Contracts.Output.Graphql", "Services\Document\Document.Contracts.Output.Graphql\Document.Contracts.Output.Graphql.csproj", "{B9E19CCB-6F26-44D3-8981-73674A895B17}"
EndProject
Project("{FAE04EC0-301F-11D3-BF4B-00C04F79EFBC}") = "Document.Graphql.Types.Queries", "Services\Document\Document.Graphql.Types.Queries\Document.Graphql.Types.Queries.csproj", "{C0B58985-C5D1-4E90-BB24-982BE3A22270}"
EndProject
Project("{FAE04EC0-301F-11D3-BF4B-00C04F79EFBC}") = "Document.Graphql.Types.Mutations", "Services\Document\Document.Graphql.Types.Mutations\Document.Graphql.Types.Mutations.csproj", "{723C0B9D-CE8F-4034-95A8-6918D3688145}"
EndProject
Project("{FAE04EC0-301F-11D3-BF4B-00C04F79EFBC}") = "Document.Graphql.Types.Input", "Services\Document\Document.Graphql.Types.Input\Document.Graphql.Types.Input.csproj", "{11775D8D-4EB4-4FCE-9D01-B4BD4A82D988}"
EndProject
Project("{FAE04EC0-301F-11D3-BF4B-00C04F79EFBC}") = "Document.Graphql.Types.Output", "Services\Document\Document.Graphql.Types.Output\Document.Graphql.Types.Output.csproj", "{A16BF857-2EB7-4BC5-A00E-17F8DEF9F01F}"
EndProject
Global
	GlobalSection(SolutionConfigurationPlatforms) = preSolution
		Debug|Any CPU = Debug|Any CPU
		Release|Any CPU = Release|Any CPU
	EndGlobalSection
	GlobalSection(ProjectConfigurationPlatforms) = postSolution
		{D95496D8-08A2-4AA4-A020-AF9DB150FA6B}.Debug|Any CPU.ActiveCfg = Debug|Any CPU
		{D95496D8-08A2-4AA4-A020-AF9DB150FA6B}.Debug|Any CPU.Build.0 = Debug|Any CPU
		{D95496D8-08A2-4AA4-A020-AF9DB150FA6B}.Release|Any CPU.ActiveCfg = Release|Any CPU
		{D95496D8-08A2-4AA4-A020-AF9DB150FA6B}.Release|Any CPU.Build.0 = Release|Any CPU
		{1079F6F8-0CF8-436B-817B-0B32A9318791}.Debug|Any CPU.ActiveCfg = Debug|Any CPU
		{1079F6F8-0CF8-436B-817B-0B32A9318791}.Debug|Any CPU.Build.0 = Debug|Any CPU
		{1079F6F8-0CF8-436B-817B-0B32A9318791}.Release|Any CPU.ActiveCfg = Release|Any CPU
		{1079F6F8-0CF8-436B-817B-0B32A9318791}.Release|Any CPU.Build.0 = Release|Any CPU
		{AE39BF10-5007-4E4E-AA87-34697E2C2842}.Debug|Any CPU.ActiveCfg = Debug|Any CPU
		{AE39BF10-5007-4E4E-AA87-34697E2C2842}.Debug|Any CPU.Build.0 = Debug|Any CPU
		{AE39BF10-5007-4E4E-AA87-34697E2C2842}.Release|Any CPU.ActiveCfg = Release|Any CPU
		{AE39BF10-5007-4E4E-AA87-34697E2C2842}.Release|Any CPU.Build.0 = Release|Any CPU
		{B8DC7E93-1650-4774-BB53-E5D1CF7E47C7}.Debug|Any CPU.ActiveCfg = Debug|Any CPU
		{B8DC7E93-1650-4774-BB53-E5D1CF7E47C7}.Debug|Any CPU.Build.0 = Debug|Any CPU
		{B8DC7E93-1650-4774-BB53-E5D1CF7E47C7}.Release|Any CPU.ActiveCfg = Release|Any CPU
		{B8DC7E93-1650-4774-BB53-E5D1CF7E47C7}.Release|Any CPU.Build.0 = Release|Any CPU
		{95BAC05B-6AFD-4D4E-A259-4E94ED3E6D86}.Debug|Any CPU.ActiveCfg = Debug|Any CPU
		{95BAC05B-6AFD-4D4E-A259-4E94ED3E6D86}.Debug|Any CPU.Build.0 = Debug|Any CPU
		{95BAC05B-6AFD-4D4E-A259-4E94ED3E6D86}.Release|Any CPU.ActiveCfg = Release|Any CPU
		{95BAC05B-6AFD-4D4E-A259-4E94ED3E6D86}.Release|Any CPU.Build.0 = Release|Any CPU
		{039609EF-6706-4A49-8DFB-0683AC9C75E9}.Debug|Any CPU.ActiveCfg = Debug|Any CPU
		{039609EF-6706-4A49-8DFB-0683AC9C75E9}.Debug|Any CPU.Build.0 = Debug|Any CPU
		{039609EF-6706-4A49-8DFB-0683AC9C75E9}.Release|Any CPU.ActiveCfg = Release|Any CPU
		{039609EF-6706-4A49-8DFB-0683AC9C75E9}.Release|Any CPU.Build.0 = Release|Any CPU
		{64A70BA8-D88C-434F-ACB2-328A19D78E33}.Debug|Any CPU.ActiveCfg = Debug|Any CPU
		{64A70BA8-D88C-434F-ACB2-328A19D78E33}.Debug|Any CPU.Build.0 = Debug|Any CPU
		{64A70BA8-D88C-434F-ACB2-328A19D78E33}.Release|Any CPU.ActiveCfg = Release|Any CPU
		{64A70BA8-D88C-434F-ACB2-328A19D78E33}.Release|Any CPU.Build.0 = Release|Any CPU
		{C1F409EE-1A95-4466-B347-12D36CBCFCA0}.Debug|Any CPU.ActiveCfg = Debug|Any CPU
		{C1F409EE-1A95-4466-B347-12D36CBCFCA0}.Debug|Any CPU.Build.0 = Debug|Any CPU
		{C1F409EE-1A95-4466-B347-12D36CBCFCA0}.Release|Any CPU.ActiveCfg = Release|Any CPU
		{C1F409EE-1A95-4466-B347-12D36CBCFCA0}.Release|Any CPU.Build.0 = Release|Any CPU
		{D1497DDE-8AE1-4FC2-BAB0-25BF9C756A9E}.Debug|Any CPU.ActiveCfg = Debug|Any CPU
		{D1497DDE-8AE1-4FC2-BAB0-25BF9C756A9E}.Debug|Any CPU.Build.0 = Debug|Any CPU
		{D1497DDE-8AE1-4FC2-BAB0-25BF9C756A9E}.Release|Any CPU.ActiveCfg = Release|Any CPU
		{D1497DDE-8AE1-4FC2-BAB0-25BF9C756A9E}.Release|Any CPU.Build.0 = Release|Any CPU
		{8005DEDD-5253-4B56-9173-B22B240CC8F2}.Debug|Any CPU.ActiveCfg = Debug|Any CPU
		{8005DEDD-5253-4B56-9173-B22B240CC8F2}.Debug|Any CPU.Build.0 = Debug|Any CPU
		{8005DEDD-5253-4B56-9173-B22B240CC8F2}.Release|Any CPU.ActiveCfg = Release|Any CPU
		{8005DEDD-5253-4B56-9173-B22B240CC8F2}.Release|Any CPU.Build.0 = Release|Any CPU
		{57B82E5C-4ADB-4E01-8A18-3B451510B561}.Debug|Any CPU.ActiveCfg = Debug|Any CPU
		{57B82E5C-4ADB-4E01-8A18-3B451510B561}.Debug|Any CPU.Build.0 = Debug|Any CPU
		{57B82E5C-4ADB-4E01-8A18-3B451510B561}.Release|Any CPU.ActiveCfg = Release|Any CPU
		{57B82E5C-4ADB-4E01-8A18-3B451510B561}.Release|Any CPU.Build.0 = Release|Any CPU
		{04E5C810-9D16-44AF-BBF6-C3D4291DF4EE}.Debug|Any CPU.ActiveCfg = Debug|Any CPU
		{04E5C810-9D16-44AF-BBF6-C3D4291DF4EE}.Debug|Any CPU.Build.0 = Debug|Any CPU
		{04E5C810-9D16-44AF-BBF6-C3D4291DF4EE}.Release|Any CPU.ActiveCfg = Release|Any CPU
		{04E5C810-9D16-44AF-BBF6-C3D4291DF4EE}.Release|Any CPU.Build.0 = Release|Any CPU
		{53B85F8B-0DB9-4991-9087-9B921BF76BEB}.Debug|Any CPU.ActiveCfg = Debug|Any CPU
		{53B85F8B-0DB9-4991-9087-9B921BF76BEB}.Debug|Any CPU.Build.0 = Debug|Any CPU
		{53B85F8B-0DB9-4991-9087-9B921BF76BEB}.Release|Any CPU.ActiveCfg = Release|Any CPU
		{53B85F8B-0DB9-4991-9087-9B921BF76BEB}.Release|Any CPU.Build.0 = Release|Any CPU
		{C0D54A3C-C64D-4C54-89FE-C3C9498CD085}.Debug|Any CPU.ActiveCfg = Debug|Any CPU
		{C0D54A3C-C64D-4C54-89FE-C3C9498CD085}.Debug|Any CPU.Build.0 = Debug|Any CPU
		{C0D54A3C-C64D-4C54-89FE-C3C9498CD085}.Release|Any CPU.ActiveCfg = Release|Any CPU
		{C0D54A3C-C64D-4C54-89FE-C3C9498CD085}.Release|Any CPU.Build.0 = Release|Any CPU
		{9157C865-5F6C-4A7A-B580-A630D4A82747}.Debug|Any CPU.ActiveCfg = Debug|Any CPU
		{9157C865-5F6C-4A7A-B580-A630D4A82747}.Debug|Any CPU.Build.0 = Debug|Any CPU
		{9157C865-5F6C-4A7A-B580-A630D4A82747}.Release|Any CPU.ActiveCfg = Release|Any CPU
		{9157C865-5F6C-4A7A-B580-A630D4A82747}.Release|Any CPU.Build.0 = Release|Any CPU
		{574EF022-13ED-464D-B9F7-C5DF6F36904F}.Debug|Any CPU.ActiveCfg = Debug|Any CPU
		{574EF022-13ED-464D-B9F7-C5DF6F36904F}.Debug|Any CPU.Build.0 = Debug|Any CPU
		{574EF022-13ED-464D-B9F7-C5DF6F36904F}.Release|Any CPU.ActiveCfg = Release|Any CPU
		{574EF022-13ED-464D-B9F7-C5DF6F36904F}.Release|Any CPU.Build.0 = Release|Any CPU
		{822279B6-F32D-4EC1-8DE9-8B97979BFC26}.Debug|Any CPU.ActiveCfg = Debug|Any CPU
		{822279B6-F32D-4EC1-8DE9-8B97979BFC26}.Debug|Any CPU.Build.0 = Debug|Any CPU
		{822279B6-F32D-4EC1-8DE9-8B97979BFC26}.Release|Any CPU.ActiveCfg = Release|Any CPU
		{822279B6-F32D-4EC1-8DE9-8B97979BFC26}.Release|Any CPU.Build.0 = Release|Any CPU
		{0CA84505-3E3F-46F0-AD08-80AA5BF7656D}.Debug|Any CPU.ActiveCfg = Debug|Any CPU
		{0CA84505-3E3F-46F0-AD08-80AA5BF7656D}.Debug|Any CPU.Build.0 = Debug|Any CPU
		{0CA84505-3E3F-46F0-AD08-80AA5BF7656D}.Release|Any CPU.ActiveCfg = Release|Any CPU
		{0CA84505-3E3F-46F0-AD08-80AA5BF7656D}.Release|Any CPU.Build.0 = Release|Any CPU
		{73EAE1FE-0CE6-4C50-9A8D-2AA0F932C782}.Debug|Any CPU.ActiveCfg = Debug|Any CPU
		{73EAE1FE-0CE6-4C50-9A8D-2AA0F932C782}.Debug|Any CPU.Build.0 = Debug|Any CPU
		{73EAE1FE-0CE6-4C50-9A8D-2AA0F932C782}.Release|Any CPU.ActiveCfg = Release|Any CPU
		{73EAE1FE-0CE6-4C50-9A8D-2AA0F932C782}.Release|Any CPU.Build.0 = Release|Any CPU
		{E09CA441-6B69-4C5D-B2A2-6FB6CDEB8B1D}.Debug|Any CPU.ActiveCfg = Debug|Any CPU
		{E09CA441-6B69-4C5D-B2A2-6FB6CDEB8B1D}.Debug|Any CPU.Build.0 = Debug|Any CPU
		{E09CA441-6B69-4C5D-B2A2-6FB6CDEB8B1D}.Release|Any CPU.ActiveCfg = Release|Any CPU
		{E09CA441-6B69-4C5D-B2A2-6FB6CDEB8B1D}.Release|Any CPU.Build.0 = Release|Any CPU
		{377B75A5-B731-4962-8B02-99D383CE6CE6}.Debug|Any CPU.ActiveCfg = Debug|Any CPU
		{377B75A5-B731-4962-8B02-99D383CE6CE6}.Debug|Any CPU.Build.0 = Debug|Any CPU
		{377B75A5-B731-4962-8B02-99D383CE6CE6}.Release|Any CPU.ActiveCfg = Release|Any CPU
		{377B75A5-B731-4962-8B02-99D383CE6CE6}.Release|Any CPU.Build.0 = Release|Any CPU
		{AEFFC93A-BD01-445A-84EF-6689FC63E6CB}.Debug|Any CPU.ActiveCfg = Debug|Any CPU
		{AEFFC93A-BD01-445A-84EF-6689FC63E6CB}.Debug|Any CPU.Build.0 = Debug|Any CPU
		{AEFFC93A-BD01-445A-84EF-6689FC63E6CB}.Release|Any CPU.ActiveCfg = Release|Any CPU
		{AEFFC93A-BD01-445A-84EF-6689FC63E6CB}.Release|Any CPU.Build.0 = Release|Any CPU
		{08112000-839D-4287-A9A1-F92F794051CA}.Debug|Any CPU.ActiveCfg = Debug|Any CPU
		{08112000-839D-4287-A9A1-F92F794051CA}.Debug|Any CPU.Build.0 = Debug|Any CPU
		{08112000-839D-4287-A9A1-F92F794051CA}.Release|Any CPU.ActiveCfg = Release|Any CPU
		{08112000-839D-4287-A9A1-F92F794051CA}.Release|Any CPU.Build.0 = Release|Any CPU
		{378FABB3-5200-402E-A176-8336C115E790}.Debug|Any CPU.ActiveCfg = Debug|Any CPU
		{378FABB3-5200-402E-A176-8336C115E790}.Debug|Any CPU.Build.0 = Debug|Any CPU
		{378FABB3-5200-402E-A176-8336C115E790}.Release|Any CPU.ActiveCfg = Release|Any CPU
		{378FABB3-5200-402E-A176-8336C115E790}.Release|Any CPU.Build.0 = Release|Any CPU
		{897344EC-EA16-4F99-A9D3-44BFD667789A}.Debug|Any CPU.ActiveCfg = Debug|Any CPU
		{897344EC-EA16-4F99-A9D3-44BFD667789A}.Debug|Any CPU.Build.0 = Debug|Any CPU
		{897344EC-EA16-4F99-A9D3-44BFD667789A}.Release|Any CPU.ActiveCfg = Release|Any CPU
		{897344EC-EA16-4F99-A9D3-44BFD667789A}.Release|Any CPU.Build.0 = Release|Any CPU
		{C23D4BB1-F3B7-40F7-8048-CEFD7145C947}.Debug|Any CPU.ActiveCfg = Debug|Any CPU
		{C23D4BB1-F3B7-40F7-8048-CEFD7145C947}.Debug|Any CPU.Build.0 = Debug|Any CPU
		{C23D4BB1-F3B7-40F7-8048-CEFD7145C947}.Release|Any CPU.ActiveCfg = Release|Any CPU
		{C23D4BB1-F3B7-40F7-8048-CEFD7145C947}.Release|Any CPU.Build.0 = Release|Any CPU
		{A1E7DEE9-8E1D-43AD-8BEA-4AFC9C5D8C8F}.Debug|Any CPU.ActiveCfg = Debug|Any CPU
		{A1E7DEE9-8E1D-43AD-8BEA-4AFC9C5D8C8F}.Debug|Any CPU.Build.0 = Debug|Any CPU
		{A1E7DEE9-8E1D-43AD-8BEA-4AFC9C5D8C8F}.Release|Any CPU.ActiveCfg = Release|Any CPU
		{A1E7DEE9-8E1D-43AD-8BEA-4AFC9C5D8C8F}.Release|Any CPU.Build.0 = Release|Any CPU
		{FF5FEB8B-4A63-4DAD-B4F1-A82005DA47AC}.Debug|Any CPU.ActiveCfg = Debug|Any CPU
		{FF5FEB8B-4A63-4DAD-B4F1-A82005DA47AC}.Debug|Any CPU.Build.0 = Debug|Any CPU
		{FF5FEB8B-4A63-4DAD-B4F1-A82005DA47AC}.Release|Any CPU.ActiveCfg = Release|Any CPU
		{FF5FEB8B-4A63-4DAD-B4F1-A82005DA47AC}.Release|Any CPU.Build.0 = Release|Any CPU
		{DFD48534-37D8-4334-9C74-2970C35FE205}.Debug|Any CPU.ActiveCfg = Debug|Any CPU
		{DFD48534-37D8-4334-9C74-2970C35FE205}.Debug|Any CPU.Build.0 = Debug|Any CPU
		{DFD48534-37D8-4334-9C74-2970C35FE205}.Release|Any CPU.ActiveCfg = Release|Any CPU
		{DFD48534-37D8-4334-9C74-2970C35FE205}.Release|Any CPU.Build.0 = Release|Any CPU
		{106D4CB1-2B63-4C9F-AB0A-38EFEF4AB1F7}.Debug|Any CPU.ActiveCfg = Debug|Any CPU
		{106D4CB1-2B63-4C9F-AB0A-38EFEF4AB1F7}.Debug|Any CPU.Build.0 = Debug|Any CPU
		{106D4CB1-2B63-4C9F-AB0A-38EFEF4AB1F7}.Release|Any CPU.ActiveCfg = Release|Any CPU
		{106D4CB1-2B63-4C9F-AB0A-38EFEF4AB1F7}.Release|Any CPU.Build.0 = Release|Any CPU
		{521FEA59-8EB2-4374-A2C9-3625DB10CB42}.Debug|Any CPU.ActiveCfg = Debug|Any CPU
		{521FEA59-8EB2-4374-A2C9-3625DB10CB42}.Debug|Any CPU.Build.0 = Debug|Any CPU
		{521FEA59-8EB2-4374-A2C9-3625DB10CB42}.Release|Any CPU.ActiveCfg = Release|Any CPU
		{521FEA59-8EB2-4374-A2C9-3625DB10CB42}.Release|Any CPU.Build.0 = Release|Any CPU
		{3FC54F6A-A5D1-4BD0-AC44-D3B3095AED61}.Debug|Any CPU.ActiveCfg = Debug|Any CPU
		{3FC54F6A-A5D1-4BD0-AC44-D3B3095AED61}.Debug|Any CPU.Build.0 = Debug|Any CPU
		{3FC54F6A-A5D1-4BD0-AC44-D3B3095AED61}.Release|Any CPU.ActiveCfg = Release|Any CPU
		{3FC54F6A-A5D1-4BD0-AC44-D3B3095AED61}.Release|Any CPU.Build.0 = Release|Any CPU
		{B7579A2B-0586-4649-8C04-8E67D7987426}.Debug|Any CPU.ActiveCfg = Debug|Any CPU
		{B7579A2B-0586-4649-8C04-8E67D7987426}.Debug|Any CPU.Build.0 = Debug|Any CPU
		{B7579A2B-0586-4649-8C04-8E67D7987426}.Release|Any CPU.ActiveCfg = Release|Any CPU
		{B7579A2B-0586-4649-8C04-8E67D7987426}.Release|Any CPU.Build.0 = Release|Any CPU
		{918331D0-C7CF-4B40-B719-0D03040AFB45}.Debug|Any CPU.ActiveCfg = Debug|Any CPU
		{918331D0-C7CF-4B40-B719-0D03040AFB45}.Debug|Any CPU.Build.0 = Debug|Any CPU
		{918331D0-C7CF-4B40-B719-0D03040AFB45}.Release|Any CPU.ActiveCfg = Release|Any CPU
		{918331D0-C7CF-4B40-B719-0D03040AFB45}.Release|Any CPU.Build.0 = Release|Any CPU
		{18C82B59-7011-4DE6-AFD4-1F64056A0827}.Debug|Any CPU.ActiveCfg = Debug|Any CPU
		{18C82B59-7011-4DE6-AFD4-1F64056A0827}.Debug|Any CPU.Build.0 = Debug|Any CPU
		{18C82B59-7011-4DE6-AFD4-1F64056A0827}.Release|Any CPU.ActiveCfg = Release|Any CPU
		{18C82B59-7011-4DE6-AFD4-1F64056A0827}.Release|Any CPU.Build.0 = Release|Any CPU
		{19797B2F-0AA4-42A9-9747-EC5074AB03BE}.Debug|Any CPU.ActiveCfg = Debug|Any CPU
		{19797B2F-0AA4-42A9-9747-EC5074AB03BE}.Debug|Any CPU.Build.0 = Debug|Any CPU
		{19797B2F-0AA4-42A9-9747-EC5074AB03BE}.Release|Any CPU.ActiveCfg = Release|Any CPU
		{19797B2F-0AA4-42A9-9747-EC5074AB03BE}.Release|Any CPU.Build.0 = Release|Any CPU
		{9CAE9E90-EDBA-463E-A210-726917620EAA}.Debug|Any CPU.ActiveCfg = Debug|Any CPU
		{9CAE9E90-EDBA-463E-A210-726917620EAA}.Debug|Any CPU.Build.0 = Debug|Any CPU
		{9CAE9E90-EDBA-463E-A210-726917620EAA}.Release|Any CPU.ActiveCfg = Release|Any CPU
		{9CAE9E90-EDBA-463E-A210-726917620EAA}.Release|Any CPU.Build.0 = Release|Any CPU
		{84CE8ABD-B7AD-4EC0-827D-59C876840F8A}.Debug|Any CPU.ActiveCfg = Debug|Any CPU
		{84CE8ABD-B7AD-4EC0-827D-59C876840F8A}.Debug|Any CPU.Build.0 = Debug|Any CPU
		{84CE8ABD-B7AD-4EC0-827D-59C876840F8A}.Release|Any CPU.ActiveCfg = Release|Any CPU
		{84CE8ABD-B7AD-4EC0-827D-59C876840F8A}.Release|Any CPU.Build.0 = Release|Any CPU
		{B362C25C-3F61-4C0B-BD77-4E9E742B3253}.Debug|Any CPU.ActiveCfg = Debug|Any CPU
		{B362C25C-3F61-4C0B-BD77-4E9E742B3253}.Debug|Any CPU.Build.0 = Debug|Any CPU
		{B362C25C-3F61-4C0B-BD77-4E9E742B3253}.Release|Any CPU.ActiveCfg = Release|Any CPU
		{B362C25C-3F61-4C0B-BD77-4E9E742B3253}.Release|Any CPU.Build.0 = Release|Any CPU
		{E22F3683-B1B0-43C1-BB4C-F5D176C1DB75}.Debug|Any CPU.ActiveCfg = Debug|Any CPU
		{E22F3683-B1B0-43C1-BB4C-F5D176C1DB75}.Debug|Any CPU.Build.0 = Debug|Any CPU
		{E22F3683-B1B0-43C1-BB4C-F5D176C1DB75}.Release|Any CPU.ActiveCfg = Release|Any CPU
		{E22F3683-B1B0-43C1-BB4C-F5D176C1DB75}.Release|Any CPU.Build.0 = Release|Any CPU
		{D76CE173-EA1B-4F20-B5CB-9E5F1E8D9420}.Debug|Any CPU.ActiveCfg = Debug|Any CPU
		{D76CE173-EA1B-4F20-B5CB-9E5F1E8D9420}.Debug|Any CPU.Build.0 = Debug|Any CPU
		{D76CE173-EA1B-4F20-B5CB-9E5F1E8D9420}.Release|Any CPU.ActiveCfg = Release|Any CPU
		{D76CE173-EA1B-4F20-B5CB-9E5F1E8D9420}.Release|Any CPU.Build.0 = Release|Any CPU
		{4C67BDA1-9FD8-4085-B6E8-B7B913DBBAA1}.Debug|Any CPU.ActiveCfg = Debug|Any CPU
		{4C67BDA1-9FD8-4085-B6E8-B7B913DBBAA1}.Debug|Any CPU.Build.0 = Debug|Any CPU
		{4C67BDA1-9FD8-4085-B6E8-B7B913DBBAA1}.Release|Any CPU.ActiveCfg = Release|Any CPU
		{4C67BDA1-9FD8-4085-B6E8-B7B913DBBAA1}.Release|Any CPU.Build.0 = Release|Any CPU
		{1F0011D8-E5FF-43C5-AE5A-D222857747BE}.Debug|Any CPU.ActiveCfg = Debug|Any CPU
		{1F0011D8-E5FF-43C5-AE5A-D222857747BE}.Debug|Any CPU.Build.0 = Debug|Any CPU
		{1F0011D8-E5FF-43C5-AE5A-D222857747BE}.Release|Any CPU.ActiveCfg = Release|Any CPU
		{1F0011D8-E5FF-43C5-AE5A-D222857747BE}.Release|Any CPU.Build.0 = Release|Any CPU
		{715C2CD2-1C8C-456E-AF16-6A828EE2CD42}.Debug|Any CPU.ActiveCfg = Debug|Any CPU
		{715C2CD2-1C8C-456E-AF16-6A828EE2CD42}.Debug|Any CPU.Build.0 = Debug|Any CPU
		{715C2CD2-1C8C-456E-AF16-6A828EE2CD42}.Release|Any CPU.ActiveCfg = Release|Any CPU
		{715C2CD2-1C8C-456E-AF16-6A828EE2CD42}.Release|Any CPU.Build.0 = Release|Any CPU
		{90027AA3-5AF5-4DB6-AF78-F063D27B40E8}.Debug|Any CPU.ActiveCfg = Debug|Any CPU
		{90027AA3-5AF5-4DB6-AF78-F063D27B40E8}.Debug|Any CPU.Build.0 = Debug|Any CPU
		{90027AA3-5AF5-4DB6-AF78-F063D27B40E8}.Release|Any CPU.ActiveCfg = Release|Any CPU
		{90027AA3-5AF5-4DB6-AF78-F063D27B40E8}.Release|Any CPU.Build.0 = Release|Any CPU
		{61CCE99D-C3BC-4174-839A-24D9B14C4B03}.Debug|Any CPU.ActiveCfg = Debug|Any CPU
		{61CCE99D-C3BC-4174-839A-24D9B14C4B03}.Debug|Any CPU.Build.0 = Debug|Any CPU
		{61CCE99D-C3BC-4174-839A-24D9B14C4B03}.Release|Any CPU.ActiveCfg = Release|Any CPU
		{61CCE99D-C3BC-4174-839A-24D9B14C4B03}.Release|Any CPU.Build.0 = Release|Any CPU
		{B5E85EDA-6C99-47C6-A55C-54B021D92A84}.Debug|Any CPU.ActiveCfg = Debug|Any CPU
		{B5E85EDA-6C99-47C6-A55C-54B021D92A84}.Debug|Any CPU.Build.0 = Debug|Any CPU
		{B5E85EDA-6C99-47C6-A55C-54B021D92A84}.Release|Any CPU.ActiveCfg = Release|Any CPU
		{B5E85EDA-6C99-47C6-A55C-54B021D92A84}.Release|Any CPU.Build.0 = Release|Any CPU
		{E00F4785-F1E1-4A0A-A3D8-C80C31EF2F32}.Debug|Any CPU.ActiveCfg = Debug|Any CPU
		{E00F4785-F1E1-4A0A-A3D8-C80C31EF2F32}.Debug|Any CPU.Build.0 = Debug|Any CPU
		{E00F4785-F1E1-4A0A-A3D8-C80C31EF2F32}.Release|Any CPU.ActiveCfg = Release|Any CPU
		{E00F4785-F1E1-4A0A-A3D8-C80C31EF2F32}.Release|Any CPU.Build.0 = Release|Any CPU
		{7D364A92-3F83-4A75-BDAF-354AD5467485}.Debug|Any CPU.ActiveCfg = Debug|Any CPU
		{7D364A92-3F83-4A75-BDAF-354AD5467485}.Debug|Any CPU.Build.0 = Debug|Any CPU
		{7D364A92-3F83-4A75-BDAF-354AD5467485}.Release|Any CPU.ActiveCfg = Release|Any CPU
		{7D364A92-3F83-4A75-BDAF-354AD5467485}.Release|Any CPU.Build.0 = Release|Any CPU
		{6A17E587-F2C5-41F1-BEE0-81E84CF704C1}.Debug|Any CPU.ActiveCfg = Debug|Any CPU
		{6A17E587-F2C5-41F1-BEE0-81E84CF704C1}.Debug|Any CPU.Build.0 = Debug|Any CPU
		{6A17E587-F2C5-41F1-BEE0-81E84CF704C1}.Release|Any CPU.ActiveCfg = Release|Any CPU
		{6A17E587-F2C5-41F1-BEE0-81E84CF704C1}.Release|Any CPU.Build.0 = Release|Any CPU
		{EB02B7AF-7B08-4187-B638-6DFA5864E80F}.Debug|Any CPU.ActiveCfg = Debug|Any CPU
		{EB02B7AF-7B08-4187-B638-6DFA5864E80F}.Debug|Any CPU.Build.0 = Debug|Any CPU
		{EB02B7AF-7B08-4187-B638-6DFA5864E80F}.Release|Any CPU.ActiveCfg = Release|Any CPU
		{EB02B7AF-7B08-4187-B638-6DFA5864E80F}.Release|Any CPU.Build.0 = Release|Any CPU
		{D52F815A-F5FF-4C48-9EC9-3D4E8D6278E6}.Debug|Any CPU.ActiveCfg = Debug|Any CPU
		{D52F815A-F5FF-4C48-9EC9-3D4E8D6278E6}.Debug|Any CPU.Build.0 = Debug|Any CPU
		{D52F815A-F5FF-4C48-9EC9-3D4E8D6278E6}.Release|Any CPU.ActiveCfg = Release|Any CPU
		{D52F815A-F5FF-4C48-9EC9-3D4E8D6278E6}.Release|Any CPU.Build.0 = Release|Any CPU
		{79F22CDE-F85A-43C6-8950-1E1FD62C949E}.Debug|Any CPU.ActiveCfg = Debug|Any CPU
		{79F22CDE-F85A-43C6-8950-1E1FD62C949E}.Debug|Any CPU.Build.0 = Debug|Any CPU
		{79F22CDE-F85A-43C6-8950-1E1FD62C949E}.Release|Any CPU.ActiveCfg = Release|Any CPU
		{79F22CDE-F85A-43C6-8950-1E1FD62C949E}.Release|Any CPU.Build.0 = Release|Any CPU
		{7AFC8AE2-F630-4A3F-8C5C-0CCC80E3E8F2}.Debug|Any CPU.ActiveCfg = Debug|Any CPU
		{7AFC8AE2-F630-4A3F-8C5C-0CCC80E3E8F2}.Debug|Any CPU.Build.0 = Debug|Any CPU
		{7AFC8AE2-F630-4A3F-8C5C-0CCC80E3E8F2}.Release|Any CPU.ActiveCfg = Release|Any CPU
		{7AFC8AE2-F630-4A3F-8C5C-0CCC80E3E8F2}.Release|Any CPU.Build.0 = Release|Any CPU
		{AD6D81DE-EDE1-4570-895E-455FA4B73B74}.Debug|Any CPU.ActiveCfg = Debug|Any CPU
		{AD6D81DE-EDE1-4570-895E-455FA4B73B74}.Debug|Any CPU.Build.0 = Debug|Any CPU
		{AD6D81DE-EDE1-4570-895E-455FA4B73B74}.Release|Any CPU.ActiveCfg = Release|Any CPU
		{AD6D81DE-EDE1-4570-895E-455FA4B73B74}.Release|Any CPU.Build.0 = Release|Any CPU
		{06C6F0B4-C569-4DC9-895E-A6D9EEA55038}.Debug|Any CPU.ActiveCfg = Debug|Any CPU
		{06C6F0B4-C569-4DC9-895E-A6D9EEA55038}.Debug|Any CPU.Build.0 = Debug|Any CPU
		{06C6F0B4-C569-4DC9-895E-A6D9EEA55038}.Release|Any CPU.ActiveCfg = Release|Any CPU
		{06C6F0B4-C569-4DC9-895E-A6D9EEA55038}.Release|Any CPU.Build.0 = Release|Any CPU
		{577B73B8-0CFA-4766-9D84-8B940FFBC4B7}.Debug|Any CPU.ActiveCfg = Debug|Any CPU
		{577B73B8-0CFA-4766-9D84-8B940FFBC4B7}.Debug|Any CPU.Build.0 = Debug|Any CPU
		{577B73B8-0CFA-4766-9D84-8B940FFBC4B7}.Release|Any CPU.ActiveCfg = Release|Any CPU
		{577B73B8-0CFA-4766-9D84-8B940FFBC4B7}.Release|Any CPU.Build.0 = Release|Any CPU
		{93339F64-D864-4FA7-8543-2EE89DF34864}.Debug|Any CPU.ActiveCfg = Debug|Any CPU
		{93339F64-D864-4FA7-8543-2EE89DF34864}.Debug|Any CPU.Build.0 = Debug|Any CPU
		{93339F64-D864-4FA7-8543-2EE89DF34864}.Release|Any CPU.ActiveCfg = Release|Any CPU
		{93339F64-D864-4FA7-8543-2EE89DF34864}.Release|Any CPU.Build.0 = Release|Any CPU
		{B9E19CCB-6F26-44D3-8981-73674A895B17}.Debug|Any CPU.ActiveCfg = Debug|Any CPU
		{B9E19CCB-6F26-44D3-8981-73674A895B17}.Debug|Any CPU.Build.0 = Debug|Any CPU
		{B9E19CCB-6F26-44D3-8981-73674A895B17}.Release|Any CPU.ActiveCfg = Release|Any CPU
		{B9E19CCB-6F26-44D3-8981-73674A895B17}.Release|Any CPU.Build.0 = Release|Any CPU
		{C0B58985-C5D1-4E90-BB24-982BE3A22270}.Debug|Any CPU.ActiveCfg = Debug|Any CPU
		{C0B58985-C5D1-4E90-BB24-982BE3A22270}.Debug|Any CPU.Build.0 = Debug|Any CPU
		{C0B58985-C5D1-4E90-BB24-982BE3A22270}.Release|Any CPU.ActiveCfg = Release|Any CPU
		{C0B58985-C5D1-4E90-BB24-982BE3A22270}.Release|Any CPU.Build.0 = Release|Any CPU
		{723C0B9D-CE8F-4034-95A8-6918D3688145}.Debug|Any CPU.ActiveCfg = Debug|Any CPU
		{723C0B9D-CE8F-4034-95A8-6918D3688145}.Debug|Any CPU.Build.0 = Debug|Any CPU
		{723C0B9D-CE8F-4034-95A8-6918D3688145}.Release|Any CPU.ActiveCfg = Release|Any CPU
		{723C0B9D-CE8F-4034-95A8-6918D3688145}.Release|Any CPU.Build.0 = Release|Any CPU
		{11775D8D-4EB4-4FCE-9D01-B4BD4A82D988}.Debug|Any CPU.ActiveCfg = Debug|Any CPU
		{11775D8D-4EB4-4FCE-9D01-B4BD4A82D988}.Debug|Any CPU.Build.0 = Debug|Any CPU
		{11775D8D-4EB4-4FCE-9D01-B4BD4A82D988}.Release|Any CPU.ActiveCfg = Release|Any CPU
		{11775D8D-4EB4-4FCE-9D01-B4BD4A82D988}.Release|Any CPU.Build.0 = Release|Any CPU
		{A16BF857-2EB7-4BC5-A00E-17F8DEF9F01F}.Debug|Any CPU.ActiveCfg = Debug|Any CPU
		{A16BF857-2EB7-4BC5-A00E-17F8DEF9F01F}.Debug|Any CPU.Build.0 = Debug|Any CPU
		{A16BF857-2EB7-4BC5-A00E-17F8DEF9F01F}.Release|Any CPU.ActiveCfg = Release|Any CPU
		{A16BF857-2EB7-4BC5-A00E-17F8DEF9F01F}.Release|Any CPU.Build.0 = Release|Any CPU
	EndGlobalSection
	GlobalSection(NestedProjects) = preSolution
		{D95496D8-08A2-4AA4-A020-AF9DB150FA6B} = {A68E61C6-5EE5-4D53-ADCA-51B667BFA9F3}
		{1079F6F8-0CF8-436B-817B-0B32A9318791} = {A68E61C6-5EE5-4D53-ADCA-51B667BFA9F3}
		{AE39BF10-5007-4E4E-AA87-34697E2C2842} = {A68E61C6-5EE5-4D53-ADCA-51B667BFA9F3}
		{37C84772-74FE-4A8A-8C5A-528040202EBD} = {F0AAEAB9-3293-43E2-AD50-7EAD0FEDBC60}
		{B8DC7E93-1650-4774-BB53-E5D1CF7E47C7} = {37C84772-74FE-4A8A-8C5A-528040202EBD}
		{95BAC05B-6AFD-4D4E-A259-4E94ED3E6D86} = {37C84772-74FE-4A8A-8C5A-528040202EBD}
		{039609EF-6706-4A49-8DFB-0683AC9C75E9} = {37C84772-74FE-4A8A-8C5A-528040202EBD}
		{64A70BA8-D88C-434F-ACB2-328A19D78E33} = {37C84772-74FE-4A8A-8C5A-528040202EBD}
		{C1F409EE-1A95-4466-B347-12D36CBCFCA0} = {37C84772-74FE-4A8A-8C5A-528040202EBD}
		{D1497DDE-8AE1-4FC2-BAB0-25BF9C756A9E} = {37C84772-74FE-4A8A-8C5A-528040202EBD}
		{8005DEDD-5253-4B56-9173-B22B240CC8F2} = {37C84772-74FE-4A8A-8C5A-528040202EBD}
		{57B82E5C-4ADB-4E01-8A18-3B451510B561} = {37C84772-74FE-4A8A-8C5A-528040202EBD}
		{04E5C810-9D16-44AF-BBF6-C3D4291DF4EE} = {37C84772-74FE-4A8A-8C5A-528040202EBD}
		{53B85F8B-0DB9-4991-9087-9B921BF76BEB} = {37C84772-74FE-4A8A-8C5A-528040202EBD}
		{C0D54A3C-C64D-4C54-89FE-C3C9498CD085} = {37C84772-74FE-4A8A-8C5A-528040202EBD}
		{9157C865-5F6C-4A7A-B580-A630D4A82747} = {37C84772-74FE-4A8A-8C5A-528040202EBD}
		{574EF022-13ED-464D-B9F7-C5DF6F36904F} = {37C84772-74FE-4A8A-8C5A-528040202EBD}
		{822279B6-F32D-4EC1-8DE9-8B97979BFC26} = {37C84772-74FE-4A8A-8C5A-528040202EBD}
		{0CA84505-3E3F-46F0-AD08-80AA5BF7656D} = {37C84772-74FE-4A8A-8C5A-528040202EBD}
		{73EAE1FE-0CE6-4C50-9A8D-2AA0F932C782} = {37C84772-74FE-4A8A-8C5A-528040202EBD}
		{E09CA441-6B69-4C5D-B2A2-6FB6CDEB8B1D} = {37C84772-74FE-4A8A-8C5A-528040202EBD}
		{377B75A5-B731-4962-8B02-99D383CE6CE6} = {37C84772-74FE-4A8A-8C5A-528040202EBD}
		{AEFFC93A-BD01-445A-84EF-6689FC63E6CB} = {37C84772-74FE-4A8A-8C5A-528040202EBD}
		{08112000-839D-4287-A9A1-F92F794051CA} = {37C84772-74FE-4A8A-8C5A-528040202EBD}
		{378FABB3-5200-402E-A176-8336C115E790} = {37C84772-74FE-4A8A-8C5A-528040202EBD}
		{64582B23-FEE0-4315-B14F-A319A05BDBE5} = {F0AAEAB9-3293-43E2-AD50-7EAD0FEDBC60}
		{897344EC-EA16-4F99-A9D3-44BFD667789A} = {64582B23-FEE0-4315-B14F-A319A05BDBE5}
		{C23D4BB1-F3B7-40F7-8048-CEFD7145C947} = {64582B23-FEE0-4315-B14F-A319A05BDBE5}
		{A1E7DEE9-8E1D-43AD-8BEA-4AFC9C5D8C8F} = {64582B23-FEE0-4315-B14F-A319A05BDBE5}
		{FF5FEB8B-4A63-4DAD-B4F1-A82005DA47AC} = {64582B23-FEE0-4315-B14F-A319A05BDBE5}
		{DFD48534-37D8-4334-9C74-2970C35FE205} = {64582B23-FEE0-4315-B14F-A319A05BDBE5}
		{106D4CB1-2B63-4C9F-AB0A-38EFEF4AB1F7} = {64582B23-FEE0-4315-B14F-A319A05BDBE5}
		{521FEA59-8EB2-4374-A2C9-3625DB10CB42} = {64582B23-FEE0-4315-B14F-A319A05BDBE5}
		{3FC54F6A-A5D1-4BD0-AC44-D3B3095AED61} = {64582B23-FEE0-4315-B14F-A319A05BDBE5}
		{B7579A2B-0586-4649-8C04-8E67D7987426} = {64582B23-FEE0-4315-B14F-A319A05BDBE5}
		{918331D0-C7CF-4B40-B719-0D03040AFB45} = {64582B23-FEE0-4315-B14F-A319A05BDBE5}
		{18C82B59-7011-4DE6-AFD4-1F64056A0827} = {64582B23-FEE0-4315-B14F-A319A05BDBE5}
		{19797B2F-0AA4-42A9-9747-EC5074AB03BE} = {64582B23-FEE0-4315-B14F-A319A05BDBE5}
		{9CAE9E90-EDBA-463E-A210-726917620EAA} = {64582B23-FEE0-4315-B14F-A319A05BDBE5}
		{84CE8ABD-B7AD-4EC0-827D-59C876840F8A} = {64582B23-FEE0-4315-B14F-A319A05BDBE5}
		{B362C25C-3F61-4C0B-BD77-4E9E742B3253} = {64582B23-FEE0-4315-B14F-A319A05BDBE5}
		{E22F3683-B1B0-43C1-BB4C-F5D176C1DB75} = {64582B23-FEE0-4315-B14F-A319A05BDBE5}
		{D76CE173-EA1B-4F20-B5CB-9E5F1E8D9420} = {64582B23-FEE0-4315-B14F-A319A05BDBE5}
		{4C67BDA1-9FD8-4085-B6E8-B7B913DBBAA1} = {64582B23-FEE0-4315-B14F-A319A05BDBE5}
		{1F0011D8-E5FF-43C5-AE5A-D222857747BE} = {64582B23-FEE0-4315-B14F-A319A05BDBE5}
		{715C2CD2-1C8C-456E-AF16-6A828EE2CD42} = {64582B23-FEE0-4315-B14F-A319A05BDBE5}
		{90027AA3-5AF5-4DB6-AF78-F063D27B40E8} = {64582B23-FEE0-4315-B14F-A319A05BDBE5}
		{61CCE99D-C3BC-4174-839A-24D9B14C4B03} = {64582B23-FEE0-4315-B14F-A319A05BDBE5}
		{B5E85EDA-6C99-47C6-A55C-54B021D92A84} = {64582B23-FEE0-4315-B14F-A319A05BDBE5}
		{E00F4785-F1E1-4A0A-A3D8-C80C31EF2F32} = {64582B23-FEE0-4315-B14F-A319A05BDBE5}
		{7D364A92-3F83-4A75-BDAF-354AD5467485} = {64582B23-FEE0-4315-B14F-A319A05BDBE5}
		{6A17E587-F2C5-41F1-BEE0-81E84CF704C1} = {64582B23-FEE0-4315-B14F-A319A05BDBE5}
		{EB02B7AF-7B08-4187-B638-6DFA5864E80F} = {64582B23-FEE0-4315-B14F-A319A05BDBE5}
		{D52F815A-F5FF-4C48-9EC9-3D4E8D6278E6} = {37C84772-74FE-4A8A-8C5A-528040202EBD}
		{79F22CDE-F85A-43C6-8950-1E1FD62C949E} = {37C84772-74FE-4A8A-8C5A-528040202EBD}
		{7AFC8AE2-F630-4A3F-8C5C-0CCC80E3E8F2} = {37C84772-74FE-4A8A-8C5A-528040202EBD}
		{AD6D81DE-EDE1-4570-895E-455FA4B73B74} = {37C84772-74FE-4A8A-8C5A-528040202EBD}
		{06C6F0B4-C569-4DC9-895E-A6D9EEA55038} = {37C84772-74FE-4A8A-8C5A-528040202EBD}
		{577B73B8-0CFA-4766-9D84-8B940FFBC4B7} = {37C84772-74FE-4A8A-8C5A-528040202EBD}
		{93339F64-D864-4FA7-8543-2EE89DF34864} = {37C84772-74FE-4A8A-8C5A-528040202EBD}
		{B9E19CCB-6F26-44D3-8981-73674A895B17} = {37C84772-74FE-4A8A-8C5A-528040202EBD}
		{C0B58985-C5D1-4E90-BB24-982BE3A22270} = {37C84772-74FE-4A8A-8C5A-528040202EBD}
		{723C0B9D-CE8F-4034-95A8-6918D3688145} = {37C84772-74FE-4A8A-8C5A-528040202EBD}
		{11775D8D-4EB4-4FCE-9D01-B4BD4A82D988} = {37C84772-74FE-4A8A-8C5A-528040202EBD}
		{A16BF857-2EB7-4BC5-A00E-17F8DEF9F01F} = {37C84772-74FE-4A8A-8C5A-528040202EBD}
	EndGlobalSection
EndGlobal
