
Microsoft Visual Studio Solution File, Format Version 12.00
Project("{2150E333-8FDC-42A3-9474-1A3956D46DE8}") = "SolutionItems", "SolutionItems", "{43B5B312-B2BE-42F0-B981-0BDAE6499177}"
	ProjectSection(SolutionItems) = preProject
		.gitignore = .gitignore
		.bumpversion.cfg = .bumpversion.cfg
		CHANGELOG.md = CHANGELOG.md
		.editorconfig = .editorconfig
		.globalconfig = .globalconfig
		README.md = README.md
		.releaserc = .releaserc
		version.txt = version.txt
	EndProjectSection
EndProject
Project("{FAE04EC0-301F-11D3-BF4B-00C04F79EFBC}") = "BusinessLogic", "BusinessLogic\BusinessLogic.csproj", "{45E01870-F9CE-4565-A7B3-EE5E7A0D124C}"
EndProject
Project("{FAE04EC0-301F-11D3-BF4B-00C04F79EFBC}") = "Infrastructure.Graphql", "Infrastructure.Graphql\Infrastructure.Graphql.csproj", "{9E858D3D-4F6E-4E4B-9DE6-9AA3F512E837}"
EndProject
Project("{FAE04EC0-301F-11D3-BF4B-00C04F79EFBC}") = "Tools", "Tools\Tools.csproj", "{2199B246-CDA2-4871-85FF-0DBF3910D96F}"
EndProject
Project("{FAE04EC0-301F-11D3-BF4B-00C04F79EFBC}") = "Infrastructure.Graphql.Host", "Infrastructure.Graphql.Host\Infrastructure.Graphql.Host.csproj", "{1BE1EEF3-7E8C-4DD2-828D-BA94DDC7CB90}"
EndProject
Project("{FAE04EC0-301F-11D3-BF4B-00C04F79EFBC}") = "UI", "UI\UI.csproj", "{1BDB650E-F205-48FF-B8CE-EEFB90694FEE}"
EndProject
Project("{FAE04EC0-301F-11D3-BF4B-00C04F79EFBC}") = "BusinessLogic.Contracts", "BusinessLogic.Contracts\BusinessLogic.Contracts.csproj", "{12B4F20D-99F0-4A89-BF99-0010AA486DAF}"
EndProject
Global
	GlobalSection(SolutionConfigurationPlatforms) = preSolution
		Debug|Any CPU = Debug|Any CPU
		Release|Any CPU = Release|Any CPU
	EndGlobalSection
	GlobalSection(ProjectConfigurationPlatforms) = postSolution
		{45E01870-F9CE-4565-A7B3-EE5E7A0D124C}.Debug|Any CPU.ActiveCfg = Debug|Any CPU
		{45E01870-F9CE-4565-A7B3-EE5E7A0D124C}.Debug|Any CPU.Build.0 = Debug|Any CPU
		{45E01870-F9CE-4565-A7B3-EE5E7A0D124C}.Release|Any CPU.ActiveCfg = Release|Any CPU
		{45E01870-F9CE-4565-A7B3-EE5E7A0D124C}.Release|Any CPU.Build.0 = Release|Any CPU
		{9E858D3D-4F6E-4E4B-9DE6-9AA3F512E837}.Debug|Any CPU.ActiveCfg = Debug|Any CPU
		{9E858D3D-4F6E-4E4B-9DE6-9AA3F512E837}.Debug|Any CPU.Build.0 = Debug|Any CPU
		{9E858D3D-4F6E-4E4B-9DE6-9AA3F512E837}.Release|Any CPU.ActiveCfg = Release|Any CPU
		{9E858D3D-4F6E-4E4B-9DE6-9AA3F512E837}.Release|Any CPU.Build.0 = Release|Any CPU
		{2199B246-CDA2-4871-85FF-0DBF3910D96F}.Debug|Any CPU.ActiveCfg = Debug|Any CPU
		{2199B246-CDA2-4871-85FF-0DBF3910D96F}.Debug|Any CPU.Build.0 = Debug|Any CPU
		{2199B246-CDA2-4871-85FF-0DBF3910D96F}.Release|Any CPU.ActiveCfg = Release|Any CPU
		{2199B246-CDA2-4871-85FF-0DBF3910D96F}.Release|Any CPU.Build.0 = Release|Any CPU
		{1BE1EEF3-7E8C-4DD2-828D-BA94DDC7CB90}.Debug|Any CPU.ActiveCfg = Debug|Any CPU
		{1BE1EEF3-7E8C-4DD2-828D-BA94DDC7CB90}.Debug|Any CPU.Build.0 = Debug|Any CPU
		{1BE1EEF3-7E8C-4DD2-828D-BA94DDC7CB90}.Release|Any CPU.ActiveCfg = Release|Any CPU
		{1BE1EEF3-7E8C-4DD2-828D-BA94DDC7CB90}.Release|Any CPU.Build.0 = Release|Any CPU
		{1BDB650E-F205-48FF-B8CE-EEFB90694FEE}.Debug|Any CPU.ActiveCfg = Debug|Any CPU
		{1BDB650E-F205-48FF-B8CE-EEFB90694FEE}.Debug|Any CPU.Build.0 = Debug|Any CPU
		{1BDB650E-F205-48FF-B8CE-EEFB90694FEE}.Release|Any CPU.ActiveCfg = Release|Any CPU
		{1BDB650E-F205-48FF-B8CE-EEFB90694FEE}.Release|Any CPU.Build.0 = Release|Any CPU
		{12B4F20D-99F0-4A89-BF99-0010AA486DAF}.Debug|Any CPU.ActiveCfg = Debug|Any CPU
		{12B4F20D-99F0-4A89-BF99-0010AA486DAF}.Debug|Any CPU.Build.0 = Debug|Any CPU
		{12B4F20D-99F0-4A89-BF99-0010AA486DAF}.Release|Any CPU.ActiveCfg = Release|Any CPU
		{12B4F20D-99F0-4A89-BF99-0010AA486DAF}.Release|Any CPU.Build.0 = Release|Any CPU
	EndGlobalSection
	GlobalSection(NestedProjects) = preSolution
	EndGlobalSection
EndGlobal
