
Microsoft Visual Studio Solution File, Format Version 12.00
Project("{FAE04EC0-301F-11D3-BF4B-00C04F79EFBC}") = "BusinessLogic", "BusinessLogic\BusinessLogic.csproj", "{B9812E85-00F4-4B77-9B45-8885180F874B}"
EndProject
Project("{FAE04EC0-301F-11D3-BF4B-00C04F79EFBC}") = "Infrastructure.Graphql", "Infrastructure.Graphql\Infrastructure.Graphql.csproj", "{5BC11086-6160-4AC1-9B9E-C6E0CD50E8D9}"
EndProject
Project("{FAE04EC0-301F-11D3-BF4B-00C04F79EFBC}") = "Infrastructure.Graphql.Host", "Infrastructure.Graphql.Host\Infrastructure.Graphql.Host.csproj", "{383DCFE3-AAF4-41FD-9B7F-F0DD34E6B5AA}"
EndProject
Project("{FAE04EC0-301F-11D3-BF4B-00C04F79EFBC}") = "Tools", "Tools\Tools.csproj", "{623AECC5-1E96-42D7-A7B1-A499C5DAF1EE}"
EndProject
Global
	GlobalSection(SolutionConfigurationPlatforms) = preSolution
		Debug|Any CPU = Debug|Any CPU
		Release|Any CPU = Release|Any CPU
	EndGlobalSection
	GlobalSection(ProjectConfigurationPlatforms) = postSolution
		{B9812E85-00F4-4B77-9B45-8885180F874B}.Debug|Any CPU.ActiveCfg = Debug|Any CPU
		{B9812E85-00F4-4B77-9B45-8885180F874B}.Debug|Any CPU.Build.0 = Debug|Any CPU
		{B9812E85-00F4-4B77-9B45-8885180F874B}.Release|Any CPU.ActiveCfg = Release|Any CPU
		{B9812E85-00F4-4B77-9B45-8885180F874B}.Release|Any CPU.Build.0 = Release|Any CPU
		{5BC11086-6160-4AC1-9B9E-C6E0CD50E8D9}.Debug|Any CPU.ActiveCfg = Debug|Any CPU
		{5BC11086-6160-4AC1-9B9E-C6E0CD50E8D9}.Debug|Any CPU.Build.0 = Debug|Any CPU
		{5BC11086-6160-4AC1-9B9E-C6E0CD50E8D9}.Release|Any CPU.ActiveCfg = Release|Any CPU
		{5BC11086-6160-4AC1-9B9E-C6E0CD50E8D9}.Release|Any CPU.Build.0 = Release|Any CPU
		{383DCFE3-AAF4-41FD-9B7F-F0DD34E6B5AA}.Debug|Any CPU.ActiveCfg = Debug|Any CPU
		{383DCFE3-AAF4-41FD-9B7F-F0DD34E6B5AA}.Debug|Any CPU.Build.0 = Debug|Any CPU
		{383DCFE3-AAF4-41FD-9B7F-F0DD34E6B5AA}.Release|Any CPU.ActiveCfg = Release|Any CPU
		{383DCFE3-AAF4-41FD-9B7F-F0DD34E6B5AA}.Release|Any CPU.Build.0 = Release|Any CPU
		{623AECC5-1E96-42D7-A7B1-A499C5DAF1EE}.Debug|Any CPU.ActiveCfg = Debug|Any CPU
		{623AECC5-1E96-42D7-A7B1-A499C5DAF1EE}.Debug|Any CPU.Build.0 = Debug|Any CPU
		{623AECC5-1E96-42D7-A7B1-A499C5DAF1EE}.Release|Any CPU.ActiveCfg = Release|Any CPU
		{623AECC5-1E96-42D7-A7B1-A499C5DAF1EE}.Release|Any CPU.Build.0 = Release|Any CPU
	EndGlobalSection
EndGlobal
